
Microsoft Visual Studio Solution File, Format Version 12.00
# Visual Studio 15
VisualStudioVersion = 15.0.35714.111
MinimumVisualStudioVersion = 12.0.30501.0
Project("{8BC9CEB8-8B4A-11D0-8D11-00A0C91BC942}") = "libavcodec", "libavcodec.vcxproj", "{B4824EFF-C340-425D-A4A8-E2E02A71A7AE}"
	ProjectSection(ProjectDependencies) = postProject
		{CE6C44DD-6E38-4293-8AB3-04EE28CCA972} = {CE6C44DD-6E38-4293-8AB3-04EE28CCA972}
		{3CE4A9EF-98B6-4454-B76E-3AD9C03A2114} = {3CE4A9EF-98B6-4454-B76E-3AD9C03A2114}
	EndProjectSection
EndProject
Project("{8BC9CEB8-8B4A-11D0-8D11-00A0C91BC942}") = "libavcodec_winrt", "libavcodec_winrt.vcxproj", "{B4824EFF-C340-425D-A4A8-E2E02A71A7AF}"
	ProjectSection(ProjectDependencies) = postProject
		{CE6C44DD-6E38-4293-8AB3-04EE28CCA97F} = {CE6C44DD-6E38-4293-8AB3-04EE28CCA97F}
		{3CE4A9EF-98B6-4454-B76E-3AD9C03A211F} = {3CE4A9EF-98B6-4454-B76E-3AD9C03A211F}
	EndProjectSection
EndProject
Project("{8BC9CEB8-8B4A-11D0-8D11-00A0C91BC942}") = "libavdevice", "libavdevice.vcxproj", "{6E165FA4-44EB-4330-8394-9F0D76D8E03E}"
	ProjectSection(ProjectDependencies) = postProject
		{30A96E9B-8061-4F19-BD71-FDE7EA8F7929} = {30A96E9B-8061-4F19-BD71-FDE7EA8F7929}
		{B4824EFF-C340-425D-A4A8-E2E02A71A7AE} = {B4824EFF-C340-425D-A4A8-E2E02A71A7AE}
		{CE6C44DD-6E38-4293-8AB3-04EE28CCA972} = {CE6C44DD-6E38-4293-8AB3-04EE28CCA972}
		{BC2E1028-66CD-41A0-AF90-EEBD8CC52787} = {BC2E1028-66CD-41A0-AF90-EEBD8CC52787}
	EndProjectSection
EndProject
Project("{8BC9CEB8-8B4A-11D0-8D11-00A0C91BC942}") = "libavdevice_winrt", "libavdevice_winrt.vcxproj", "{6E165FA4-44EB-4330-8394-9F0D76D8E03F}"
	ProjectSection(ProjectDependencies) = postProject
		{30A96E9B-8061-4F19-BD71-FDE7EA8F792F} = {30A96E9B-8061-4F19-BD71-FDE7EA8F792F}
		{B4824EFF-C340-425D-A4A8-E2E02A71A7AF} = {B4824EFF-C340-425D-A4A8-E2E02A71A7AF}
		{CE6C44DD-6E38-4293-8AB3-04EE28CCA97F} = {CE6C44DD-6E38-4293-8AB3-04EE28CCA97F}
		{BC2E1028-66CD-41A0-AF90-EEBD8CC5278F} = {BC2E1028-66CD-41A0-AF90-EEBD8CC5278F}
	EndProjectSection
EndProject
Project("{8BC9CEB8-8B4A-11D0-8D11-00A0C91BC942}") = "libavfilter", "libavfilter.vcxproj", "{BC2E1028-66CD-41A0-AF90-EEBD8CC52787}"
	ProjectSection(ProjectDependencies) = postProject
		{CE6C44DD-6E38-4293-8AB3-04EE28CCA972} = {CE6C44DD-6E38-4293-8AB3-04EE28CCA972}
		{30A96E9B-8061-4F19-BD71-FDE7EA8F7929} = {30A96E9B-8061-4F19-BD71-FDE7EA8F7929}
		{B4824EFF-C340-425D-A4A8-E2E02A71A7AE} = {B4824EFF-C340-425D-A4A8-E2E02A71A7AE}
		{3CE4A9EF-98B6-4454-B76E-3AD9C03A2114} = {3CE4A9EF-98B6-4454-B76E-3AD9C03A2114}
		{6D8A6330-8EBE-49FD-9281-0A396F9F28F2} = {6D8A6330-8EBE-49FD-9281-0A396F9F28F2}
	EndProjectSection
EndProject
Project("{8BC9CEB8-8B4A-11D0-8D11-00A0C91BC942}") = "libavfilter_winrt", "libavfilter_winrt.vcxproj", "{BC2E1028-66CD-41A0-AF90-EEBD8CC5278F}"
	ProjectSection(ProjectDependencies) = postProject
		{CE6C44DD-6E38-4293-8AB3-04EE28CCA97F} = {CE6C44DD-6E38-4293-8AB3-04EE28CCA97F}
		{30A96E9B-8061-4F19-BD71-FDE7EA8F792F} = {30A96E9B-8061-4F19-BD71-FDE7EA8F792F}
		{B4824EFF-C340-425D-A4A8-E2E02A71A7AF} = {B4824EFF-C340-425D-A4A8-E2E02A71A7AF}
		{3CE4A9EF-98B6-4454-B76E-3AD9C03A211F} = {3CE4A9EF-98B6-4454-B76E-3AD9C03A211F}
		{6D8A6330-8EBE-49FD-9281-0A396F9F28FF} = {6D8A6330-8EBE-49FD-9281-0A396F9F28FF}
	EndProjectSection
EndProject
Project("{8BC9CEB8-8B4A-11D0-8D11-00A0C91BC942}") = "libavformat", "libavformat.vcxproj", "{30A96E9B-8061-4F19-BD71-FDE7EA8F7929}"
	ProjectSection(ProjectDependencies) = postProject
		{B4824EFF-C340-425D-A4A8-E2E02A71A7AE} = {B4824EFF-C340-425D-A4A8-E2E02A71A7AE}
		{CE6C44DD-6E38-4293-8AB3-04EE28CCA972} = {CE6C44DD-6E38-4293-8AB3-04EE28CCA972}
	EndProjectSection
EndProject
Project("{8BC9CEB8-8B4A-11D0-8D11-00A0C91BC942}") = "libavformat_winrt", "libavformat_winrt.vcxproj", "{30A96E9B-8061-4F19-BD71-FDE7EA8F792F}"
	ProjectSection(ProjectDependencies) = postProject
		{B4824EFF-C340-425D-A4A8-E2E02A71A7AF} = {B4824EFF-C340-425D-A4A8-E2E02A71A7AF}
		{CE6C44DD-6E38-4293-8AB3-04EE28CCA97F} = {CE6C44DD-6E38-4293-8AB3-04EE28CCA97F}
	EndProjectSection
EndProject
Project("{8BC9CEB8-8B4A-11D0-8D11-00A0C91BC942}") = "libavutil", "libavutil.vcxproj", "{CE6C44DD-6E38-4293-8AB3-04EE28CCA972}"
EndProject
Project("{8BC9CEB8-8B4A-11D0-8D11-00A0C91BC942}") = "libavutil_winrt", "libavutil_winrt.vcxproj", "{CE6C44DD-6E38-4293-8AB3-04EE28CCA97F}"
EndProject
Project("{8BC9CEB8-8B4A-11D0-8D11-00A0C91BC942}") = "libpostproc", "libpostproc.vcxproj", "{4D9C457D-9ADA-4A12-9D06-42D80124C5AB}"
	ProjectSection(ProjectDependencies) = postProject
		{CE6C44DD-6E38-4293-8AB3-04EE28CCA972} = {CE6C44DD-6E38-4293-8AB3-04EE28CCA972}
	EndProjectSection
EndProject
Project("{8BC9CEB8-8B4A-11D0-8D11-00A0C91BC942}") = "libpostproc_winrt", "libpostproc_winrt.vcxproj", "{4D9C457D-9ADA-4A12-9D06-42D80124C5AF}"
	ProjectSection(ProjectDependencies) = postProject
		{CE6C44DD-6E38-4293-8AB3-04EE28CCA97F} = {CE6C44DD-6E38-4293-8AB3-04EE28CCA97F}
	EndProjectSection
EndProject
Project("{8BC9CEB8-8B4A-11D0-8D11-00A0C91BC942}") = "libswresample", "libswresample.vcxproj", "{3CE4A9EF-98B6-4454-B76E-3AD9C03A2114}"
	ProjectSection(ProjectDependencies) = postProject
		{CE6C44DD-6E38-4293-8AB3-04EE28CCA972} = {CE6C44DD-6E38-4293-8AB3-04EE28CCA972}
	EndProjectSection
EndProject
Project("{8BC9CEB8-8B4A-11D0-8D11-00A0C91BC942}") = "libswresample_winrt", "libswresample_winrt.vcxproj", "{3CE4A9EF-98B6-4454-B76E-3AD9C03A211F}"
	ProjectSection(ProjectDependencies) = postProject
		{CE6C44DD-6E38-4293-8AB3-04EE28CCA97F} = {CE6C44DD-6E38-4293-8AB3-04EE28CCA97F}
	EndProjectSection
EndProject
Project("{8BC9CEB8-8B4A-11D0-8D11-00A0C91BC942}") = "libswscale", "libswscale.vcxproj", "{6D8A6330-8EBE-49FD-9281-0A396F9F28F2}"
	ProjectSection(ProjectDependencies) = postProject
		{CE6C44DD-6E38-4293-8AB3-04EE28CCA972} = {CE6C44DD-6E38-4293-8AB3-04EE28CCA972}
	EndProjectSection
EndProject
Project("{8BC9CEB8-8B4A-11D0-8D11-00A0C91BC942}") = "libswscale_winrt", "libswscale_winrt.vcxproj", "{6D8A6330-8EBE-49FD-9281-0A396F9F28FF}"
	ProjectSection(ProjectDependencies) = postProject
		{CE6C44DD-6E38-4293-8AB3-04EE28CCA97F} = {CE6C44DD-6E38-4293-8AB3-04EE28CCA97F}
	EndProjectSection
EndProject
Project("{8BC9CEB8-8B4A-11D0-8D11-00A0C91BC942}") = "ffmpeg", "ffmpeg.vcxproj", "{4081C77E-F1F7-49FA-9BD8-A4D267C83716}"
	ProjectSection(ProjectDependencies) = postProject
		{6E165FA4-44EB-4330-8394-9F0D76D8E03E} = {6E165FA4-44EB-4330-8394-9F0D76D8E03E}
		{BC2E1028-66CD-41A0-AF90-EEBD8CC52787} = {BC2E1028-66CD-41A0-AF90-EEBD8CC52787}
		{30A96E9B-8061-4F19-BD71-FDE7EA8F7929} = {30A96E9B-8061-4F19-BD71-FDE7EA8F7929}
		{B4824EFF-C340-425D-A4A8-E2E02A71A7AE} = {B4824EFF-C340-425D-A4A8-E2E02A71A7AE}
		{4D9C457D-9ADA-4A12-9D06-42D80124C5AB} = {4D9C457D-9ADA-4A12-9D06-42D80124C5AB}
		{3CE4A9EF-98B6-4454-B76E-3AD9C03A2114} = {3CE4A9EF-98B6-4454-B76E-3AD9C03A2114}
		{6D8A6330-8EBE-49FD-9281-0A396F9F28F2} = {6D8A6330-8EBE-49FD-9281-0A396F9F28F2}
		{CE6C44DD-6E38-4293-8AB3-04EE28CCA972} = {CE6C44DD-6E38-4293-8AB3-04EE28CCA972}
	EndProjectSection
EndProject
Project("{8BC9CEB8-8B4A-11D0-8D11-00A0C91BC942}") = "ffprobe", "ffprobe.vcxproj", "{147A422A-FA63-4724-A5D9-08B1CAFDAB59}"
	ProjectSection(ProjectDependencies) = postProject
		{6E165FA4-44EB-4330-8394-9F0D76D8E03E} = {6E165FA4-44EB-4330-8394-9F0D76D8E03E}
		{BC2E1028-66CD-41A0-AF90-EEBD8CC52787} = {BC2E1028-66CD-41A0-AF90-EEBD8CC52787}
		{30A96E9B-8061-4F19-BD71-FDE7EA8F7929} = {30A96E9B-8061-4F19-BD71-FDE7EA8F7929}
		{B4824EFF-C340-425D-A4A8-E2E02A71A7AE} = {B4824EFF-C340-425D-A4A8-E2E02A71A7AE}
		{4D9C457D-9ADA-4A12-9D06-42D80124C5AB} = {4D9C457D-9ADA-4A12-9D06-42D80124C5AB}
		{3CE4A9EF-98B6-4454-B76E-3AD9C03A2114} = {3CE4A9EF-98B6-4454-B76E-3AD9C03A2114}
		{6D8A6330-8EBE-49FD-9281-0A396F9F28F2} = {6D8A6330-8EBE-49FD-9281-0A396F9F28F2}
		{CE6C44DD-6E38-4293-8AB3-04EE28CCA972} = {CE6C44DD-6E38-4293-8AB3-04EE28CCA972}
	EndProjectSection
EndProject
Project("{2150E333-8FDC-42A3-9474-1A3956D46DE8}") = "Programs", "Programs", "{8A736DDA-6840-4E65-9DA4-BF65A2A70428}"
EndProject
Project("{2150E333-8FDC-42A3-9474-1A3956D46DE8}") = "Solution Items", "Solution Items", "{33ACD422-DFB7-46FF-8734-7031CCFF9247}"
	ProjectSection(SolutionItems) = preProject
		readme.txt = readme.txt
	EndProjectSection
EndProject
Global
	GlobalSection(SolutionConfigurationPlatforms) = preSolution
		Debug|Win32 = Debug|Win32
		Debug|x64 = Debug|x64
		DebugDLL|Win32 = DebugDLL|Win32
		DebugDLL|x64 = DebugDLL|x64
		DebugDLLWinRT|Win32 = DebugDLLWinRT|Win32
		DebugDLLWinRT|x64 = DebugDLLWinRT|x64
		DebugWinRT|Win32 = DebugWinRT|Win32
		DebugWinRT|x64 = DebugWinRT|x64
		Release|Win32 = Release|Win32
		Release|x64 = Release|x64
		ReleaseDLL|Win32 = ReleaseDLL|Win32
		ReleaseDLL|x64 = ReleaseDLL|x64
		ReleaseDLLStaticDeps|Win32 = ReleaseDLLStaticDeps|Win32
		ReleaseDLLStaticDeps|x64 = ReleaseDLLStaticDeps|x64
		ReleaseDLLWinRT|Win32 = ReleaseDLLWinRT|Win32
		ReleaseDLLWinRT|x64 = ReleaseDLLWinRT|x64
		ReleaseDLLWinRTStaticDeps|Win32 = ReleaseDLLWinRTStaticDeps|Win32
		ReleaseDLLWinRTStaticDeps|x64 = ReleaseDLLWinRTStaticDeps|x64
		ReleaseWinRT|Win32 = ReleaseWinRT|Win32
		ReleaseWinRT|x64 = ReleaseWinRT|x64
	EndGlobalSection
	GlobalSection(ProjectConfigurationPlatforms) = postSolution
		{B4824EFF-C340-425D-A4A8-E2E02A71A7AE}.Debug|Win32.ActiveCfg = Debug|Win32
		{B4824EFF-C340-425D-A4A8-E2E02A71A7AE}.Debug|Win32.Build.0 = Debug|Win32
		{B4824EFF-C340-425D-A4A8-E2E02A71A7AE}.Debug|x64.ActiveCfg = Debug|x64
		{B4824EFF-C340-425D-A4A8-E2E02A71A7AE}.Debug|x64.Build.0 = Debug|x64
		{B4824EFF-C340-425D-A4A8-E2E02A71A7AE}.DebugDLL|Win32.ActiveCfg = DebugDLL|Win32
		{B4824EFF-C340-425D-A4A8-E2E02A71A7AE}.DebugDLL|Win32.Build.0 = DebugDLL|Win32
		{B4824EFF-C340-425D-A4A8-E2E02A71A7AE}.DebugDLL|x64.ActiveCfg = DebugDLL|x64
		{B4824EFF-C340-425D-A4A8-E2E02A71A7AE}.DebugDLL|x64.Build.0 = DebugDLL|x64
		{B4824EFF-C340-425D-A4A8-E2E02A71A7AE}.DebugDLLWinRT|Win32.ActiveCfg = DebugDLL|Win32
		{B4824EFF-C340-425D-A4A8-E2E02A71A7AE}.DebugDLLWinRT|x64.ActiveCfg = DebugDLL|x64
		{B4824EFF-C340-425D-A4A8-E2E02A71A7AE}.DebugWinRT|Win32.ActiveCfg = Debug|Win32
		{B4824EFF-C340-425D-A4A8-E2E02A71A7AE}.DebugWinRT|x64.ActiveCfg = Debug|x64
		{B4824EFF-C340-425D-A4A8-E2E02A71A7AE}.Release|Win32.ActiveCfg = Release|Win32
		{B4824EFF-C340-425D-A4A8-E2E02A71A7AE}.Release|Win32.Build.0 = Release|Win32
		{B4824EFF-C340-425D-A4A8-E2E02A71A7AE}.Release|x64.ActiveCfg = Release|x64
		{B4824EFF-C340-425D-A4A8-E2E02A71A7AE}.Release|x64.Build.0 = Release|x64
		{B4824EFF-C340-425D-A4A8-E2E02A71A7AE}.ReleaseDLL|Win32.ActiveCfg = ReleaseDLL|Win32
		{B4824EFF-C340-425D-A4A8-E2E02A71A7AE}.ReleaseDLL|Win32.Build.0 = ReleaseDLL|Win32
		{B4824EFF-C340-425D-A4A8-E2E02A71A7AE}.ReleaseDLL|x64.ActiveCfg = ReleaseDLL|x64
		{B4824EFF-C340-425D-A4A8-E2E02A71A7AE}.ReleaseDLL|x64.Build.0 = ReleaseDLL|x64
		{B4824EFF-C340-425D-A4A8-E2E02A71A7AE}.ReleaseDLLStaticDeps|Win32.ActiveCfg = ReleaseDLLStaticDeps|Win32
		{B4824EFF-C340-425D-A4A8-E2E02A71A7AE}.ReleaseDLLStaticDeps|Win32.Build.0 = ReleaseDLLStaticDeps|Win32
		{B4824EFF-C340-425D-A4A8-E2E02A71A7AE}.ReleaseDLLStaticDeps|x64.ActiveCfg = ReleaseDLLStaticDeps|x64
		{B4824EFF-C340-425D-A4A8-E2E02A71A7AE}.ReleaseDLLStaticDeps|x64.Build.0 = ReleaseDLLStaticDeps|x64
		{B4824EFF-C340-425D-A4A8-E2E02A71A7AE}.ReleaseDLLWinRT|Win32.ActiveCfg = ReleaseDLL|Win32
		{B4824EFF-C340-425D-A4A8-E2E02A71A7AE}.ReleaseDLLWinRT|x64.ActiveCfg = ReleaseDLL|x64
		{B4824EFF-C340-425D-A4A8-E2E02A71A7AE}.ReleaseDLLWinRTStaticDeps|Win32.ActiveCfg = ReleaseDLLStaticDeps|Win32
		{B4824EFF-C340-425D-A4A8-E2E02A71A7AE}.ReleaseDLLWinRTStaticDeps|x64.ActiveCfg = ReleaseDLLStaticDeps|x64
		{B4824EFF-C340-425D-A4A8-E2E02A71A7AE}.ReleaseWinRT|Win32.ActiveCfg = Release|Win32
		{B4824EFF-C340-425D-A4A8-E2E02A71A7AE}.ReleaseWinRT|x64.ActiveCfg = Release|x64
		{B4824EFF-C340-425D-A4A8-E2E02A71A7AF}.Debug|Win32.ActiveCfg = DebugWinRT|Win32
		{B4824EFF-C340-425D-A4A8-E2E02A71A7AF}.Debug|x64.ActiveCfg = DebugWinRT|x64
		{B4824EFF-C340-425D-A4A8-E2E02A71A7AF}.DebugDLL|Win32.ActiveCfg = DebugDLLWinRT|Win32
		{B4824EFF-C340-425D-A4A8-E2E02A71A7AF}.DebugDLL|x64.ActiveCfg = DebugDLLWinRT|x64
		{B4824EFF-C340-425D-A4A8-E2E02A71A7AF}.DebugDLLWinRT|Win32.ActiveCfg = DebugDLLWinRT|Win32
		{B4824EFF-C340-425D-A4A8-E2E02A71A7AF}.DebugDLLWinRT|Win32.Build.0 = DebugDLLWinRT|Win32
		{B4824EFF-C340-425D-A4A8-E2E02A71A7AF}.DebugDLLWinRT|x64.ActiveCfg = DebugDLLWinRT|x64
		{B4824EFF-C340-425D-A4A8-E2E02A71A7AF}.DebugDLLWinRT|x64.Build.0 = DebugDLLWinRT|x64
		{B4824EFF-C340-425D-A4A8-E2E02A71A7AF}.DebugWinRT|Win32.ActiveCfg = DebugWinRT|Win32
		{B4824EFF-C340-425D-A4A8-E2E02A71A7AF}.DebugWinRT|Win32.Build.0 = DebugWinRT|Win32
		{B4824EFF-C340-425D-A4A8-E2E02A71A7AF}.DebugWinRT|x64.ActiveCfg = DebugWinRT|x64
		{B4824EFF-C340-425D-A4A8-E2E02A71A7AF}.DebugWinRT|x64.Build.0 = DebugWinRT|x64
		{B4824EFF-C340-425D-A4A8-E2E02A71A7AF}.Release|Win32.ActiveCfg = ReleaseWinRT|Win32
		{B4824EFF-C340-425D-A4A8-E2E02A71A7AF}.Release|x64.ActiveCfg = ReleaseWinRT|x64
		{B4824EFF-C340-425D-A4A8-E2E02A71A7AF}.ReleaseDLL|Win32.ActiveCfg = ReleaseDLLWinRT|Win32
		{B4824EFF-C340-425D-A4A8-E2E02A71A7AF}.ReleaseDLL|x64.ActiveCfg = ReleaseDLLWinRT|x64
		{B4824EFF-C340-425D-A4A8-E2E02A71A7AF}.ReleaseDLLStaticDeps|Win32.ActiveCfg = ReleaseDLLWinRTStaticDeps|Win32
		{B4824EFF-C340-425D-A4A8-E2E02A71A7AF}.ReleaseDLLStaticDeps|x64.ActiveCfg = ReleaseDLLWinRTStaticDeps|x64
		{B4824EFF-C340-425D-A4A8-E2E02A71A7AF}.ReleaseDLLWinRT|Win32.ActiveCfg = ReleaseDLLWinRT|Win32
		{B4824EFF-C340-425D-A4A8-E2E02A71A7AF}.ReleaseDLLWinRT|Win32.Build.0 = ReleaseDLLWinRT|Win32
		{B4824EFF-C340-425D-A4A8-E2E02A71A7AF}.ReleaseDLLWinRT|x64.ActiveCfg = ReleaseDLLWinRT|x64
		{B4824EFF-C340-425D-A4A8-E2E02A71A7AF}.ReleaseDLLWinRT|x64.Build.0 = ReleaseDLLWinRT|x64
		{B4824EFF-C340-425D-A4A8-E2E02A71A7AF}.ReleaseDLLWinRTStaticDeps|Win32.ActiveCfg = ReleaseDLLWinRTStaticDeps|Win32
		{B4824EFF-C340-425D-A4A8-E2E02A71A7AF}.ReleaseDLLWinRTStaticDeps|Win32.Build.0 = ReleaseDLLWinRTStaticDeps|Win32
		{B4824EFF-C340-425D-A4A8-E2E02A71A7AF}.ReleaseDLLWinRTStaticDeps|x64.ActiveCfg = ReleaseDLLWinRTStaticDeps|x64
		{B4824EFF-C340-425D-A4A8-E2E02A71A7AF}.ReleaseDLLWinRTStaticDeps|x64.Build.0 = ReleaseDLLWinRTStaticDeps|x64
		{B4824EFF-C340-425D-A4A8-E2E02A71A7AF}.ReleaseWinRT|Win32.ActiveCfg = ReleaseWinRT|Win32
		{B4824EFF-C340-425D-A4A8-E2E02A71A7AF}.ReleaseWinRT|Win32.Build.0 = ReleaseWinRT|Win32
		{B4824EFF-C340-425D-A4A8-E2E02A71A7AF}.ReleaseWinRT|x64.ActiveCfg = ReleaseWinRT|x64
		{B4824EFF-C340-425D-A4A8-E2E02A71A7AF}.ReleaseWinRT|x64.Build.0 = ReleaseWinRT|x64
		{6E165FA4-44EB-4330-8394-9F0D76D8E03E}.Debug|Win32.ActiveCfg = Debug|Win32
		{6E165FA4-44EB-4330-8394-9F0D76D8E03E}.Debug|Win32.Build.0 = Debug|Win32
		{6E165FA4-44EB-4330-8394-9F0D76D8E03E}.Debug|x64.ActiveCfg = Debug|x64
		{6E165FA4-44EB-4330-8394-9F0D76D8E03E}.Debug|x64.Build.0 = Debug|x64
		{6E165FA4-44EB-4330-8394-9F0D76D8E03E}.DebugDLL|Win32.ActiveCfg = DebugDLL|Win32
		{6E165FA4-44EB-4330-8394-9F0D76D8E03E}.DebugDLL|Win32.Build.0 = DebugDLL|Win32
		{6E165FA4-44EB-4330-8394-9F0D76D8E03E}.DebugDLL|x64.ActiveCfg = DebugDLL|x64
		{6E165FA4-44EB-4330-8394-9F0D76D8E03E}.DebugDLL|x64.Build.0 = DebugDLL|x64
		{6E165FA4-44EB-4330-8394-9F0D76D8E03E}.DebugDLLWinRT|Win32.ActiveCfg = DebugDLL|Win32
		{6E165FA4-44EB-4330-8394-9F0D76D8E03E}.DebugDLLWinRT|x64.ActiveCfg = DebugDLL|x64
		{6E165FA4-44EB-4330-8394-9F0D76D8E03E}.DebugWinRT|Win32.ActiveCfg = Debug|Win32
		{6E165FA4-44EB-4330-8394-9F0D76D8E03E}.DebugWinRT|x64.ActiveCfg = Debug|x64
		{6E165FA4-44EB-4330-8394-9F0D76D8E03E}.Release|Win32.ActiveCfg = Release|Win32
		{6E165FA4-44EB-4330-8394-9F0D76D8E03E}.Release|Win32.Build.0 = Release|Win32
		{6E165FA4-44EB-4330-8394-9F0D76D8E03E}.Release|x64.ActiveCfg = Release|x64
		{6E165FA4-44EB-4330-8394-9F0D76D8E03E}.Release|x64.Build.0 = Release|x64
		{6E165FA4-44EB-4330-8394-9F0D76D8E03E}.ReleaseDLL|Win32.ActiveCfg = ReleaseDLL|Win32
		{6E165FA4-44EB-4330-8394-9F0D76D8E03E}.ReleaseDLL|Win32.Build.0 = ReleaseDLL|Win32
		{6E165FA4-44EB-4330-8394-9F0D76D8E03E}.ReleaseDLL|x64.ActiveCfg = ReleaseDLL|x64
		{6E165FA4-44EB-4330-8394-9F0D76D8E03E}.ReleaseDLL|x64.Build.0 = ReleaseDLL|x64
		{6E165FA4-44EB-4330-8394-9F0D76D8E03E}.ReleaseDLLStaticDeps|Win32.ActiveCfg = ReleaseDLLStaticDeps|Win32
		{6E165FA4-44EB-4330-8394-9F0D76D8E03E}.ReleaseDLLStaticDeps|Win32.Build.0 = ReleaseDLLStaticDeps|Win32
		{6E165FA4-44EB-4330-8394-9F0D76D8E03E}.ReleaseDLLStaticDeps|x64.ActiveCfg = ReleaseDLLStaticDeps|x64
		{6E165FA4-44EB-4330-8394-9F0D76D8E03E}.ReleaseDLLStaticDeps|x64.Build.0 = ReleaseDLLStaticDeps|x64
		{6E165FA4-44EB-4330-8394-9F0D76D8E03E}.ReleaseDLLWinRT|Win32.ActiveCfg = ReleaseDLL|Win32
		{6E165FA4-44EB-4330-8394-9F0D76D8E03E}.ReleaseDLLWinRT|x64.ActiveCfg = ReleaseDLL|x64
		{6E165FA4-44EB-4330-8394-9F0D76D8E03E}.ReleaseDLLWinRTStaticDeps|Win32.ActiveCfg = ReleaseDLLStaticDeps|Win32
		{6E165FA4-44EB-4330-8394-9F0D76D8E03E}.ReleaseDLLWinRTStaticDeps|x64.ActiveCfg = ReleaseDLLStaticDeps|x64
		{6E165FA4-44EB-4330-8394-9F0D76D8E03E}.ReleaseWinRT|Win32.ActiveCfg = Release|Win32
		{6E165FA4-44EB-4330-8394-9F0D76D8E03E}.ReleaseWinRT|x64.ActiveCfg = Release|x64
		{6E165FA4-44EB-4330-8394-9F0D76D8E03F}.Debug|Win32.ActiveCfg = DebugWinRT|Win32
		{6E165FA4-44EB-4330-8394-9F0D76D8E03F}.Debug|x64.ActiveCfg = DebugWinRT|x64
		{6E165FA4-44EB-4330-8394-9F0D76D8E03F}.DebugDLL|Win32.ActiveCfg = DebugDLLWinRT|Win32
		{6E165FA4-44EB-4330-8394-9F0D76D8E03F}.DebugDLL|x64.ActiveCfg = DebugDLLWinRT|x64
		{6E165FA4-44EB-4330-8394-9F0D76D8E03F}.DebugDLLWinRT|Win32.ActiveCfg = DebugDLLWinRT|Win32
		{6E165FA4-44EB-4330-8394-9F0D76D8E03F}.DebugDLLWinRT|Win32.Build.0 = DebugDLLWinRT|Win32
		{6E165FA4-44EB-4330-8394-9F0D76D8E03F}.DebugDLLWinRT|x64.ActiveCfg = DebugDLLWinRT|x64
		{6E165FA4-44EB-4330-8394-9F0D76D8E03F}.DebugDLLWinRT|x64.Build.0 = DebugDLLWinRT|x64
		{6E165FA4-44EB-4330-8394-9F0D76D8E03F}.DebugWinRT|Win32.ActiveCfg = DebugWinRT|Win32
		{6E165FA4-44EB-4330-8394-9F0D76D8E03F}.DebugWinRT|Win32.Build.0 = DebugWinRT|Win32
		{6E165FA4-44EB-4330-8394-9F0D76D8E03F}.DebugWinRT|x64.ActiveCfg = DebugWinRT|x64
		{6E165FA4-44EB-4330-8394-9F0D76D8E03F}.DebugWinRT|x64.Build.0 = DebugWinRT|x64
		{6E165FA4-44EB-4330-8394-9F0D76D8E03F}.Release|Win32.ActiveCfg = ReleaseWinRT|Win32
		{6E165FA4-44EB-4330-8394-9F0D76D8E03F}.Release|x64.ActiveCfg = ReleaseWinRT|x64
		{6E165FA4-44EB-4330-8394-9F0D76D8E03F}.ReleaseDLL|Win32.ActiveCfg = ReleaseDLLWinRT|Win32
		{6E165FA4-44EB-4330-8394-9F0D76D8E03F}.ReleaseDLL|x64.ActiveCfg = ReleaseDLLWinRT|x64
		{6E165FA4-44EB-4330-8394-9F0D76D8E03F}.ReleaseDLLStaticDeps|Win32.ActiveCfg = ReleaseDLLWinRTStaticDeps|Win32
		{6E165FA4-44EB-4330-8394-9F0D76D8E03F}.ReleaseDLLStaticDeps|x64.ActiveCfg = ReleaseDLLWinRTStaticDeps|x64
		{6E165FA4-44EB-4330-8394-9F0D76D8E03F}.ReleaseDLLWinRT|Win32.ActiveCfg = ReleaseDLLWinRT|Win32
		{6E165FA4-44EB-4330-8394-9F0D76D8E03F}.ReleaseDLLWinRT|Win32.Build.0 = ReleaseDLLWinRT|Win32
		{6E165FA4-44EB-4330-8394-9F0D76D8E03F}.ReleaseDLLWinRT|x64.ActiveCfg = ReleaseDLLWinRT|x64
		{6E165FA4-44EB-4330-8394-9F0D76D8E03F}.ReleaseDLLWinRT|x64.Build.0 = ReleaseDLLWinRT|x64
		{6E165FA4-44EB-4330-8394-9F0D76D8E03F}.ReleaseDLLWinRTStaticDeps|Win32.ActiveCfg = ReleaseDLLWinRTStaticDeps|Win32
		{6E165FA4-44EB-4330-8394-9F0D76D8E03F}.ReleaseDLLWinRTStaticDeps|Win32.Build.0 = ReleaseDLLWinRTStaticDeps|Win32
		{6E165FA4-44EB-4330-8394-9F0D76D8E03F}.ReleaseDLLWinRTStaticDeps|x64.ActiveCfg = ReleaseDLLWinRTStaticDeps|x64
		{6E165FA4-44EB-4330-8394-9F0D76D8E03F}.ReleaseDLLWinRTStaticDeps|x64.Build.0 = ReleaseDLLWinRTStaticDeps|x64
		{6E165FA4-44EB-4330-8394-9F0D76D8E03F}.ReleaseWinRT|Win32.ActiveCfg = ReleaseWinRT|Win32
		{6E165FA4-44EB-4330-8394-9F0D76D8E03F}.ReleaseWinRT|Win32.Build.0 = ReleaseWinRT|Win32
		{6E165FA4-44EB-4330-8394-9F0D76D8E03F}.ReleaseWinRT|x64.ActiveCfg = ReleaseWinRT|x64
		{6E165FA4-44EB-4330-8394-9F0D76D8E03F}.ReleaseWinRT|x64.Build.0 = ReleaseWinRT|x64
		{BC2E1028-66CD-41A0-AF90-EEBD8CC52787}.Debug|Win32.ActiveCfg = Debug|Win32
		{BC2E1028-66CD-41A0-AF90-EEBD8CC52787}.Debug|Win32.Build.0 = Debug|Win32
		{BC2E1028-66CD-41A0-AF90-EEBD8CC52787}.Debug|x64.ActiveCfg = Debug|x64
		{BC2E1028-66CD-41A0-AF90-EEBD8CC52787}.Debug|x64.Build.0 = Debug|x64
		{BC2E1028-66CD-41A0-AF90-EEBD8CC52787}.DebugDLL|Win32.ActiveCfg = DebugDLL|Win32
		{BC2E1028-66CD-41A0-AF90-EEBD8CC52787}.DebugDLL|Win32.Build.0 = DebugDLL|Win32
		{BC2E1028-66CD-41A0-AF90-EEBD8CC52787}.DebugDLL|x64.ActiveCfg = DebugDLL|x64
		{BC2E1028-66CD-41A0-AF90-EEBD8CC52787}.DebugDLL|x64.Build.0 = DebugDLL|x64
		{BC2E1028-66CD-41A0-AF90-EEBD8CC52787}.DebugDLLWinRT|Win32.ActiveCfg = DebugDLL|Win32
		{BC2E1028-66CD-41A0-AF90-EEBD8CC52787}.DebugDLLWinRT|x64.ActiveCfg = DebugDLL|x64
		{BC2E1028-66CD-41A0-AF90-EEBD8CC52787}.DebugWinRT|Win32.ActiveCfg = Debug|Win32
		{BC2E1028-66CD-41A0-AF90-EEBD8CC52787}.DebugWinRT|x64.ActiveCfg = Debug|x64
		{BC2E1028-66CD-41A0-AF90-EEBD8CC52787}.Release|Win32.ActiveCfg = Release|Win32
		{BC2E1028-66CD-41A0-AF90-EEBD8CC52787}.Release|Win32.Build.0 = Release|Win32
		{BC2E1028-66CD-41A0-AF90-EEBD8CC52787}.Release|x64.ActiveCfg = Release|x64
		{BC2E1028-66CD-41A0-AF90-EEBD8CC52787}.Release|x64.Build.0 = Release|x64
		{BC2E1028-66CD-41A0-AF90-EEBD8CC52787}.ReleaseDLL|Win32.ActiveCfg = ReleaseDLL|Win32
		{BC2E1028-66CD-41A0-AF90-EEBD8CC52787}.ReleaseDLL|Win32.Build.0 = ReleaseDLL|Win32
		{BC2E1028-66CD-41A0-AF90-EEBD8CC52787}.ReleaseDLL|x64.ActiveCfg = ReleaseDLL|x64
		{BC2E1028-66CD-41A0-AF90-EEBD8CC52787}.ReleaseDLL|x64.Build.0 = ReleaseDLL|x64
		{BC2E1028-66CD-41A0-AF90-EEBD8CC52787}.ReleaseDLLStaticDeps|Win32.ActiveCfg = ReleaseDLLStaticDeps|Win32
		{BC2E1028-66CD-41A0-AF90-EEBD8CC52787}.ReleaseDLLStaticDeps|Win32.Build.0 = ReleaseDLLStaticDeps|Win32
		{BC2E1028-66CD-41A0-AF90-EEBD8CC52787}.ReleaseDLLStaticDeps|x64.ActiveCfg = ReleaseDLLStaticDeps|x64
		{BC2E1028-66CD-41A0-AF90-EEBD8CC52787}.ReleaseDLLStaticDeps|x64.Build.0 = ReleaseDLLStaticDeps|x64
		{BC2E1028-66CD-41A0-AF90-EEBD8CC52787}.ReleaseDLLWinRT|Win32.ActiveCfg = ReleaseDLL|Win32
		{BC2E1028-66CD-41A0-AF90-EEBD8CC52787}.ReleaseDLLWinRT|x64.ActiveCfg = ReleaseDLL|x64
		{BC2E1028-66CD-41A0-AF90-EEBD8CC52787}.ReleaseDLLWinRTStaticDeps|Win32.ActiveCfg = ReleaseDLLStaticDeps|Win32
		{BC2E1028-66CD-41A0-AF90-EEBD8CC52787}.ReleaseDLLWinRTStaticDeps|x64.ActiveCfg = ReleaseDLLStaticDeps|x64
		{BC2E1028-66CD-41A0-AF90-EEBD8CC52787}.ReleaseWinRT|Win32.ActiveCfg = Release|Win32
		{BC2E1028-66CD-41A0-AF90-EEBD8CC52787}.ReleaseWinRT|x64.ActiveCfg = Release|x64
		{BC2E1028-66CD-41A0-AF90-EEBD8CC5278F}.Debug|Win32.ActiveCfg = DebugWinRT|Win32
		{BC2E1028-66CD-41A0-AF90-EEBD8CC5278F}.Debug|x64.ActiveCfg = DebugWinRT|x64
		{BC2E1028-66CD-41A0-AF90-EEBD8CC5278F}.DebugDLL|Win32.ActiveCfg = DebugDLLWinRT|Win32
		{BC2E1028-66CD-41A0-AF90-EEBD8CC5278F}.DebugDLL|x64.ActiveCfg = DebugDLLWinRT|x64
		{BC2E1028-66CD-41A0-AF90-EEBD8CC5278F}.DebugDLLWinRT|Win32.ActiveCfg = DebugDLLWinRT|Win32
		{BC2E1028-66CD-41A0-AF90-EEBD8CC5278F}.DebugDLLWinRT|Win32.Build.0 = DebugDLLWinRT|Win32
		{BC2E1028-66CD-41A0-AF90-EEBD8CC5278F}.DebugDLLWinRT|x64.ActiveCfg = DebugDLLWinRT|x64
		{BC2E1028-66CD-41A0-AF90-EEBD8CC5278F}.DebugDLLWinRT|x64.Build.0 = DebugDLLWinRT|x64
		{BC2E1028-66CD-41A0-AF90-EEBD8CC5278F}.DebugWinRT|Win32.ActiveCfg = DebugWinRT|Win32
		{BC2E1028-66CD-41A0-AF90-EEBD8CC5278F}.DebugWinRT|Win32.Build.0 = DebugWinRT|Win32
		{BC2E1028-66CD-41A0-AF90-EEBD8CC5278F}.DebugWinRT|x64.ActiveCfg = DebugWinRT|x64
		{BC2E1028-66CD-41A0-AF90-EEBD8CC5278F}.DebugWinRT|x64.Build.0 = DebugWinRT|x64
		{BC2E1028-66CD-41A0-AF90-EEBD8CC5278F}.Release|Win32.ActiveCfg = ReleaseWinRT|Win32
		{BC2E1028-66CD-41A0-AF90-EEBD8CC5278F}.Release|x64.ActiveCfg = ReleaseWinRT|x64
		{BC2E1028-66CD-41A0-AF90-EEBD8CC5278F}.ReleaseDLL|Win32.ActiveCfg = ReleaseDLLWinRT|Win32
		{BC2E1028-66CD-41A0-AF90-EEBD8CC5278F}.ReleaseDLL|x64.ActiveCfg = ReleaseDLLWinRT|x64
		{BC2E1028-66CD-41A0-AF90-EEBD8CC5278F}.ReleaseDLLStaticDeps|Win32.ActiveCfg = ReleaseDLLWinRTStaticDeps|Win32
		{BC2E1028-66CD-41A0-AF90-EEBD8CC5278F}.ReleaseDLLStaticDeps|x64.ActiveCfg = ReleaseDLLWinRTStaticDeps|x64
		{BC2E1028-66CD-41A0-AF90-EEBD8CC5278F}.ReleaseDLLWinRT|Win32.ActiveCfg = ReleaseDLLWinRT|Win32
		{BC2E1028-66CD-41A0-AF90-EEBD8CC5278F}.ReleaseDLLWinRT|Win32.Build.0 = ReleaseDLLWinRT|Win32
		{BC2E1028-66CD-41A0-AF90-EEBD8CC5278F}.ReleaseDLLWinRT|x64.ActiveCfg = ReleaseDLLWinRT|x64
		{BC2E1028-66CD-41A0-AF90-EEBD8CC5278F}.ReleaseDLLWinRT|x64.Build.0 = ReleaseDLLWinRT|x64
		{BC2E1028-66CD-41A0-AF90-EEBD8CC5278F}.ReleaseDLLWinRTStaticDeps|Win32.ActiveCfg = ReleaseDLLWinRTStaticDeps|Win32
		{BC2E1028-66CD-41A0-AF90-EEBD8CC5278F}.ReleaseDLLWinRTStaticDeps|Win32.Build.0 = ReleaseDLLWinRTStaticDeps|Win32
		{BC2E1028-66CD-41A0-AF90-EEBD8CC5278F}.ReleaseDLLWinRTStaticDeps|x64.ActiveCfg = ReleaseDLLWinRTStaticDeps|x64
		{BC2E1028-66CD-41A0-AF90-EEBD8CC5278F}.ReleaseDLLWinRTStaticDeps|x64.Build.0 = ReleaseDLLWinRTStaticDeps|x64
		{BC2E1028-66CD-41A0-AF90-EEBD8CC5278F}.ReleaseWinRT|Win32.ActiveCfg = ReleaseWinRT|Win32
		{BC2E1028-66CD-41A0-AF90-EEBD8CC5278F}.ReleaseWinRT|Win32.Build.0 = ReleaseWinRT|Win32
		{BC2E1028-66CD-41A0-AF90-EEBD8CC5278F}.ReleaseWinRT|x64.ActiveCfg = ReleaseWinRT|x64
		{BC2E1028-66CD-41A0-AF90-EEBD8CC5278F}.ReleaseWinRT|x64.Build.0 = ReleaseWinRT|x64
		{30A96E9B-8061-4F19-BD71-FDE7EA8F7929}.Debug|Win32.ActiveCfg = Debug|Win32
		{30A96E9B-8061-4F19-BD71-FDE7EA8F7929}.Debug|Win32.Build.0 = Debug|Win32
		{30A96E9B-8061-4F19-BD71-FDE7EA8F7929}.Debug|x64.ActiveCfg = Debug|x64
		{30A96E9B-8061-4F19-BD71-FDE7EA8F7929}.Debug|x64.Build.0 = Debug|x64
		{30A96E9B-8061-4F19-BD71-FDE7EA8F7929}.DebugDLL|Win32.ActiveCfg = DebugDLL|Win32
		{30A96E9B-8061-4F19-BD71-FDE7EA8F7929}.DebugDLL|Win32.Build.0 = DebugDLL|Win32
		{30A96E9B-8061-4F19-BD71-FDE7EA8F7929}.DebugDLL|x64.ActiveCfg = DebugDLL|x64
		{30A96E9B-8061-4F19-BD71-FDE7EA8F7929}.DebugDLL|x64.Build.0 = DebugDLL|x64
		{30A96E9B-8061-4F19-BD71-FDE7EA8F7929}.DebugDLLWinRT|Win32.ActiveCfg = DebugDLL|Win32
		{30A96E9B-8061-4F19-BD71-FDE7EA8F7929}.DebugDLLWinRT|x64.ActiveCfg = DebugDLL|x64
		{30A96E9B-8061-4F19-BD71-FDE7EA8F7929}.DebugWinRT|Win32.ActiveCfg = Debug|Win32
		{30A96E9B-8061-4F19-BD71-FDE7EA8F7929}.DebugWinRT|x64.ActiveCfg = Debug|x64
		{30A96E9B-8061-4F19-BD71-FDE7EA8F7929}.Release|Win32.ActiveCfg = Release|Win32
		{30A96E9B-8061-4F19-BD71-FDE7EA8F7929}.Release|Win32.Build.0 = Release|Win32
		{30A96E9B-8061-4F19-BD71-FDE7EA8F7929}.Release|x64.ActiveCfg = Release|x64
		{30A96E9B-8061-4F19-BD71-FDE7EA8F7929}.Release|x64.Build.0 = Release|x64
		{30A96E9B-8061-4F19-BD71-FDE7EA8F7929}.ReleaseDLL|Win32.ActiveCfg = ReleaseDLL|Win32
		{30A96E9B-8061-4F19-BD71-FDE7EA8F7929}.ReleaseDLL|Win32.Build.0 = ReleaseDLL|Win32
		{30A96E9B-8061-4F19-BD71-FDE7EA8F7929}.ReleaseDLL|x64.ActiveCfg = ReleaseDLL|x64
		{30A96E9B-8061-4F19-BD71-FDE7EA8F7929}.ReleaseDLL|x64.Build.0 = ReleaseDLL|x64
		{30A96E9B-8061-4F19-BD71-FDE7EA8F7929}.ReleaseDLLStaticDeps|Win32.ActiveCfg = ReleaseDLLStaticDeps|Win32
		{30A96E9B-8061-4F19-BD71-FDE7EA8F7929}.ReleaseDLLStaticDeps|Win32.Build.0 = ReleaseDLLStaticDeps|Win32
		{30A96E9B-8061-4F19-BD71-FDE7EA8F7929}.ReleaseDLLStaticDeps|x64.ActiveCfg = ReleaseDLLStaticDeps|x64
		{30A96E9B-8061-4F19-BD71-FDE7EA8F7929}.ReleaseDLLStaticDeps|x64.Build.0 = ReleaseDLLStaticDeps|x64
		{30A96E9B-8061-4F19-BD71-FDE7EA8F7929}.ReleaseDLLWinRT|Win32.ActiveCfg = ReleaseDLL|Win32
		{30A96E9B-8061-4F19-BD71-FDE7EA8F7929}.ReleaseDLLWinRT|x64.ActiveCfg = ReleaseDLL|x64
		{30A96E9B-8061-4F19-BD71-FDE7EA8F7929}.ReleaseDLLWinRTStaticDeps|Win32.ActiveCfg = ReleaseDLLStaticDeps|Win32
		{30A96E9B-8061-4F19-BD71-FDE7EA8F7929}.ReleaseDLLWinRTStaticDeps|x64.ActiveCfg = ReleaseDLLStaticDeps|x64
		{30A96E9B-8061-4F19-BD71-FDE7EA8F7929}.ReleaseWinRT|Win32.ActiveCfg = Release|Win32
		{30A96E9B-8061-4F19-BD71-FDE7EA8F7929}.ReleaseWinRT|x64.ActiveCfg = Release|x64
		{30A96E9B-8061-4F19-BD71-FDE7EA8F792F}.Debug|Win32.ActiveCfg = DebugWinRT|Win32
		{30A96E9B-8061-4F19-BD71-FDE7EA8F792F}.Debug|x64.ActiveCfg = DebugWinRT|x64
		{30A96E9B-8061-4F19-BD71-FDE7EA8F792F}.DebugDLL|Win32.ActiveCfg = DebugDLLWinRT|Win32
		{30A96E9B-8061-4F19-BD71-FDE7EA8F792F}.DebugDLL|x64.ActiveCfg = DebugDLLWinRT|x64
		{30A96E9B-8061-4F19-BD71-FDE7EA8F792F}.DebugDLLWinRT|Win32.ActiveCfg = DebugDLLWinRT|Win32
		{30A96E9B-8061-4F19-BD71-FDE7EA8F792F}.DebugDLLWinRT|Win32.Build.0 = DebugDLLWinRT|Win32
		{30A96E9B-8061-4F19-BD71-FDE7EA8F792F}.DebugDLLWinRT|x64.ActiveCfg = DebugDLLWinRT|x64
		{30A96E9B-8061-4F19-BD71-FDE7EA8F792F}.DebugDLLWinRT|x64.Build.0 = DebugDLLWinRT|x64
		{30A96E9B-8061-4F19-BD71-FDE7EA8F792F}.DebugWinRT|Win32.ActiveCfg = DebugWinRT|Win32
		{30A96E9B-8061-4F19-BD71-FDE7EA8F792F}.DebugWinRT|Win32.Build.0 = DebugWinRT|Win32
		{30A96E9B-8061-4F19-BD71-FDE7EA8F792F}.DebugWinRT|x64.ActiveCfg = DebugWinRT|x64
		{30A96E9B-8061-4F19-BD71-FDE7EA8F792F}.DebugWinRT|x64.Build.0 = DebugWinRT|x64
		{30A96E9B-8061-4F19-BD71-FDE7EA8F792F}.Release|Win32.ActiveCfg = ReleaseWinRT|Win32
		{30A96E9B-8061-4F19-BD71-FDE7EA8F792F}.Release|x64.ActiveCfg = ReleaseWinRT|x64
		{30A96E9B-8061-4F19-BD71-FDE7EA8F792F}.ReleaseDLL|Win32.ActiveCfg = ReleaseDLLWinRT|Win32
		{30A96E9B-8061-4F19-BD71-FDE7EA8F792F}.ReleaseDLL|x64.ActiveCfg = ReleaseDLLWinRT|x64
		{30A96E9B-8061-4F19-BD71-FDE7EA8F792F}.ReleaseDLLStaticDeps|Win32.ActiveCfg = ReleaseDLLWinRTStaticDeps|Win32
		{30A96E9B-8061-4F19-BD71-FDE7EA8F792F}.ReleaseDLLStaticDeps|x64.ActiveCfg = ReleaseDLLWinRTStaticDeps|x64
		{30A96E9B-8061-4F19-BD71-FDE7EA8F792F}.ReleaseDLLWinRT|Win32.ActiveCfg = ReleaseDLLWinRT|Win32
		{30A96E9B-8061-4F19-BD71-FDE7EA8F792F}.ReleaseDLLWinRT|Win32.Build.0 = ReleaseDLLWinRT|Win32
		{30A96E9B-8061-4F19-BD71-FDE7EA8F792F}.ReleaseDLLWinRT|x64.ActiveCfg = ReleaseDLLWinRT|x64
		{30A96E9B-8061-4F19-BD71-FDE7EA8F792F}.ReleaseDLLWinRT|x64.Build.0 = ReleaseDLLWinRT|x64
		{30A96E9B-8061-4F19-BD71-FDE7EA8F792F}.ReleaseDLLWinRTStaticDeps|Win32.ActiveCfg = ReleaseDLLWinRTStaticDeps|Win32
		{30A96E9B-8061-4F19-BD71-FDE7EA8F792F}.ReleaseDLLWinRTStaticDeps|Win32.Build.0 = ReleaseDLLWinRTStaticDeps|Win32
		{30A96E9B-8061-4F19-BD71-FDE7EA8F792F}.ReleaseDLLWinRTStaticDeps|x64.ActiveCfg = ReleaseDLLWinRTStaticDeps|x64
		{30A96E9B-8061-4F19-BD71-FDE7EA8F792F}.ReleaseDLLWinRTStaticDeps|x64.Build.0 = ReleaseDLLWinRTStaticDeps|x64
		{30A96E9B-8061-4F19-BD71-FDE7EA8F792F}.ReleaseWinRT|Win32.ActiveCfg = ReleaseWinRT|Win32
		{30A96E9B-8061-4F19-BD71-FDE7EA8F792F}.ReleaseWinRT|Win32.Build.0 = ReleaseWinRT|Win32
		{30A96E9B-8061-4F19-BD71-FDE7EA8F792F}.ReleaseWinRT|x64.ActiveCfg = ReleaseWinRT|x64
		{30A96E9B-8061-4F19-BD71-FDE7EA8F792F}.ReleaseWinRT|x64.Build.0 = ReleaseWinRT|x64
		{CE6C44DD-6E38-4293-8AB3-04EE28CCA972}.Debug|Win32.ActiveCfg = Debug|Win32
		{CE6C44DD-6E38-4293-8AB3-04EE28CCA972}.Debug|Win32.Build.0 = Debug|Win32
		{CE6C44DD-6E38-4293-8AB3-04EE28CCA972}.Debug|x64.ActiveCfg = Debug|x64
		{CE6C44DD-6E38-4293-8AB3-04EE28CCA972}.Debug|x64.Build.0 = Debug|x64
		{CE6C44DD-6E38-4293-8AB3-04EE28CCA972}.DebugDLL|Win32.ActiveCfg = DebugDLL|Win32
		{CE6C44DD-6E38-4293-8AB3-04EE28CCA972}.DebugDLL|Win32.Build.0 = DebugDLL|Win32
		{CE6C44DD-6E38-4293-8AB3-04EE28CCA972}.DebugDLL|x64.ActiveCfg = DebugDLL|x64
		{CE6C44DD-6E38-4293-8AB3-04EE28CCA972}.DebugDLL|x64.Build.0 = DebugDLL|x64
		{CE6C44DD-6E38-4293-8AB3-04EE28CCA972}.DebugDLLWinRT|Win32.ActiveCfg = DebugDLL|Win32
		{CE6C44DD-6E38-4293-8AB3-04EE28CCA972}.DebugDLLWinRT|x64.ActiveCfg = DebugDLL|x64
		{CE6C44DD-6E38-4293-8AB3-04EE28CCA972}.DebugWinRT|Win32.ActiveCfg = Debug|Win32
		{CE6C44DD-6E38-4293-8AB3-04EE28CCA972}.DebugWinRT|x64.ActiveCfg = Debug|x64
		{CE6C44DD-6E38-4293-8AB3-04EE28CCA972}.Release|Win32.ActiveCfg = Release|Win32
		{CE6C44DD-6E38-4293-8AB3-04EE28CCA972}.Release|Win32.Build.0 = Release|Win32
		{CE6C44DD-6E38-4293-8AB3-04EE28CCA972}.Release|x64.ActiveCfg = Release|x64
		{CE6C44DD-6E38-4293-8AB3-04EE28CCA972}.Release|x64.Build.0 = Release|x64
		{CE6C44DD-6E38-4293-8AB3-04EE28CCA972}.ReleaseDLL|Win32.ActiveCfg = ReleaseDLL|Win32
		{CE6C44DD-6E38-4293-8AB3-04EE28CCA972}.ReleaseDLL|Win32.Build.0 = ReleaseDLL|Win32
		{CE6C44DD-6E38-4293-8AB3-04EE28CCA972}.ReleaseDLL|x64.ActiveCfg = ReleaseDLL|x64
		{CE6C44DD-6E38-4293-8AB3-04EE28CCA972}.ReleaseDLL|x64.Build.0 = ReleaseDLL|x64
		{CE6C44DD-6E38-4293-8AB3-04EE28CCA972}.ReleaseDLLStaticDeps|Win32.ActiveCfg = ReleaseDLLStaticDeps|Win32
		{CE6C44DD-6E38-4293-8AB3-04EE28CCA972}.ReleaseDLLStaticDeps|Win32.Build.0 = ReleaseDLLStaticDeps|Win32
		{CE6C44DD-6E38-4293-8AB3-04EE28CCA972}.ReleaseDLLStaticDeps|x64.ActiveCfg = ReleaseDLLStaticDeps|x64
		{CE6C44DD-6E38-4293-8AB3-04EE28CCA972}.ReleaseDLLStaticDeps|x64.Build.0 = ReleaseDLLStaticDeps|x64
		{CE6C44DD-6E38-4293-8AB3-04EE28CCA972}.ReleaseDLLWinRT|Win32.ActiveCfg = ReleaseDLL|Win32
		{CE6C44DD-6E38-4293-8AB3-04EE28CCA972}.ReleaseDLLWinRT|x64.ActiveCfg = ReleaseDLL|x64
		{CE6C44DD-6E38-4293-8AB3-04EE28CCA972}.ReleaseDLLWinRTStaticDeps|Win32.ActiveCfg = ReleaseDLLStaticDeps|Win32
		{CE6C44DD-6E38-4293-8AB3-04EE28CCA972}.ReleaseDLLWinRTStaticDeps|x64.ActiveCfg = ReleaseDLLStaticDeps|x64
		{CE6C44DD-6E38-4293-8AB3-04EE28CCA972}.ReleaseWinRT|Win32.ActiveCfg = Release|Win32
		{CE6C44DD-6E38-4293-8AB3-04EE28CCA972}.ReleaseWinRT|x64.ActiveCfg = Release|x64
		{CE6C44DD-6E38-4293-8AB3-04EE28CCA97F}.Debug|Win32.ActiveCfg = DebugWinRT|Win32
		{CE6C44DD-6E38-4293-8AB3-04EE28CCA97F}.Debug|x64.ActiveCfg = DebugWinRT|x64
		{CE6C44DD-6E38-4293-8AB3-04EE28CCA97F}.DebugDLL|Win32.ActiveCfg = DebugDLLWinRT|Win32
		{CE6C44DD-6E38-4293-8AB3-04EE28CCA97F}.DebugDLL|x64.ActiveCfg = DebugDLLWinRT|x64
		{CE6C44DD-6E38-4293-8AB3-04EE28CCA97F}.DebugDLLWinRT|Win32.ActiveCfg = DebugDLLWinRT|Win32
		{CE6C44DD-6E38-4293-8AB3-04EE28CCA97F}.DebugDLLWinRT|Win32.Build.0 = DebugDLLWinRT|Win32
		{CE6C44DD-6E38-4293-8AB3-04EE28CCA97F}.DebugDLLWinRT|x64.ActiveCfg = DebugDLLWinRT|x64
		{CE6C44DD-6E38-4293-8AB3-04EE28CCA97F}.DebugDLLWinRT|x64.Build.0 = DebugDLLWinRT|x64
		{CE6C44DD-6E38-4293-8AB3-04EE28CCA97F}.DebugWinRT|Win32.ActiveCfg = DebugWinRT|Win32
		{CE6C44DD-6E38-4293-8AB3-04EE28CCA97F}.DebugWinRT|Win32.Build.0 = DebugWinRT|Win32
		{CE6C44DD-6E38-4293-8AB3-04EE28CCA97F}.DebugWinRT|x64.ActiveCfg = DebugWinRT|x64
		{CE6C44DD-6E38-4293-8AB3-04EE28CCA97F}.DebugWinRT|x64.Build.0 = DebugWinRT|x64
		{CE6C44DD-6E38-4293-8AB3-04EE28CCA97F}.Release|Win32.ActiveCfg = ReleaseWinRT|Win32
		{CE6C44DD-6E38-4293-8AB3-04EE28CCA97F}.Release|x64.ActiveCfg = ReleaseWinRT|x64
		{CE6C44DD-6E38-4293-8AB3-04EE28CCA97F}.ReleaseDLL|Win32.ActiveCfg = ReleaseDLLWinRT|Win32
		{CE6C44DD-6E38-4293-8AB3-04EE28CCA97F}.ReleaseDLL|x64.ActiveCfg = ReleaseDLLWinRT|x64
		{CE6C44DD-6E38-4293-8AB3-04EE28CCA97F}.ReleaseDLLStaticDeps|Win32.ActiveCfg = ReleaseDLLWinRTStaticDeps|Win32
		{CE6C44DD-6E38-4293-8AB3-04EE28CCA97F}.ReleaseDLLStaticDeps|x64.ActiveCfg = ReleaseDLLWinRTStaticDeps|x64
		{CE6C44DD-6E38-4293-8AB3-04EE28CCA97F}.ReleaseDLLWinRT|Win32.ActiveCfg = ReleaseDLLWinRT|Win32
		{CE6C44DD-6E38-4293-8AB3-04EE28CCA97F}.ReleaseDLLWinRT|Win32.Build.0 = ReleaseDLLWinRT|Win32
		{CE6C44DD-6E38-4293-8AB3-04EE28CCA97F}.ReleaseDLLWinRT|x64.ActiveCfg = ReleaseDLLWinRT|x64
		{CE6C44DD-6E38-4293-8AB3-04EE28CCA97F}.ReleaseDLLWinRT|x64.Build.0 = ReleaseDLLWinRT|x64
		{CE6C44DD-6E38-4293-8AB3-04EE28CCA97F}.ReleaseDLLWinRTStaticDeps|Win32.ActiveCfg = ReleaseDLLWinRTStaticDeps|Win32
		{CE6C44DD-6E38-4293-8AB3-04EE28CCA97F}.ReleaseDLLWinRTStaticDeps|Win32.Build.0 = ReleaseDLLWinRTStaticDeps|Win32
		{CE6C44DD-6E38-4293-8AB3-04EE28CCA97F}.ReleaseDLLWinRTStaticDeps|x64.ActiveCfg = ReleaseDLLWinRTStaticDeps|x64
		{CE6C44DD-6E38-4293-8AB3-04EE28CCA97F}.ReleaseDLLWinRTStaticDeps|x64.Build.0 = ReleaseDLLWinRTStaticDeps|x64
		{CE6C44DD-6E38-4293-8AB3-04EE28CCA97F}.ReleaseWinRT|Win32.ActiveCfg = ReleaseWinRT|Win32
		{CE6C44DD-6E38-4293-8AB3-04EE28CCA97F}.ReleaseWinRT|Win32.Build.0 = ReleaseWinRT|Win32
		{CE6C44DD-6E38-4293-8AB3-04EE28CCA97F}.ReleaseWinRT|x64.ActiveCfg = ReleaseWinRT|x64
		{CE6C44DD-6E38-4293-8AB3-04EE28CCA97F}.ReleaseWinRT|x64.Build.0 = ReleaseWinRT|x64
		{4D9C457D-9ADA-4A12-9D06-42D80124C5AB}.Debug|Win32.ActiveCfg = Debug|Win32
		{4D9C457D-9ADA-4A12-9D06-42D80124C5AB}.Debug|Win32.Build.0 = Debug|Win32
		{4D9C457D-9ADA-4A12-9D06-42D80124C5AB}.Debug|x64.ActiveCfg = Debug|x64
		{4D9C457D-9ADA-4A12-9D06-42D80124C5AB}.Debug|x64.Build.0 = Debug|x64
		{4D9C457D-9ADA-4A12-9D06-42D80124C5AB}.DebugDLL|Win32.ActiveCfg = DebugDLL|Win32
		{4D9C457D-9ADA-4A12-9D06-42D80124C5AB}.DebugDLL|Win32.Build.0 = DebugDLL|Win32
		{4D9C457D-9ADA-4A12-9D06-42D80124C5AB}.DebugDLL|x64.ActiveCfg = DebugDLL|x64
		{4D9C457D-9ADA-4A12-9D06-42D80124C5AB}.DebugDLL|x64.Build.0 = DebugDLL|x64
		{4D9C457D-9ADA-4A12-9D06-42D80124C5AB}.DebugDLLWinRT|Win32.ActiveCfg = DebugDLL|Win32
		{4D9C457D-9ADA-4A12-9D06-42D80124C5AB}.DebugDLLWinRT|x64.ActiveCfg = DebugDLL|x64
		{4D9C457D-9ADA-4A12-9D06-42D80124C5AB}.DebugWinRT|Win32.ActiveCfg = Debug|Win32
		{4D9C457D-9ADA-4A12-9D06-42D80124C5AB}.DebugWinRT|x64.ActiveCfg = Debug|x64
		{4D9C457D-9ADA-4A12-9D06-42D80124C5AB}.Release|Win32.ActiveCfg = Release|Win32
		{4D9C457D-9ADA-4A12-9D06-42D80124C5AB}.Release|Win32.Build.0 = Release|Win32
		{4D9C457D-9ADA-4A12-9D06-42D80124C5AB}.Release|x64.ActiveCfg = Release|x64
		{4D9C457D-9ADA-4A12-9D06-42D80124C5AB}.Release|x64.Build.0 = Release|x64
		{4D9C457D-9ADA-4A12-9D06-42D80124C5AB}.ReleaseDLL|Win32.ActiveCfg = ReleaseDLL|Win32
		{4D9C457D-9ADA-4A12-9D06-42D80124C5AB}.ReleaseDLL|Win32.Build.0 = ReleaseDLL|Win32
		{4D9C457D-9ADA-4A12-9D06-42D80124C5AB}.ReleaseDLL|x64.ActiveCfg = ReleaseDLL|x64
		{4D9C457D-9ADA-4A12-9D06-42D80124C5AB}.ReleaseDLL|x64.Build.0 = ReleaseDLL|x64
		{4D9C457D-9ADA-4A12-9D06-42D80124C5AB}.ReleaseDLLStaticDeps|Win32.ActiveCfg = ReleaseDLLStaticDeps|Win32
		{4D9C457D-9ADA-4A12-9D06-42D80124C5AB}.ReleaseDLLStaticDeps|Win32.Build.0 = ReleaseDLLStaticDeps|Win32
		{4D9C457D-9ADA-4A12-9D06-42D80124C5AB}.ReleaseDLLStaticDeps|x64.ActiveCfg = ReleaseDLLStaticDeps|x64
		{4D9C457D-9ADA-4A12-9D06-42D80124C5AB}.ReleaseDLLStaticDeps|x64.Build.0 = ReleaseDLLStaticDeps|x64
		{4D9C457D-9ADA-4A12-9D06-42D80124C5AB}.ReleaseDLLWinRT|Win32.ActiveCfg = ReleaseDLL|Win32
		{4D9C457D-9ADA-4A12-9D06-42D80124C5AB}.ReleaseDLLWinRT|x64.ActiveCfg = ReleaseDLL|x64
		{4D9C457D-9ADA-4A12-9D06-42D80124C5AB}.ReleaseDLLWinRTStaticDeps|Win32.ActiveCfg = ReleaseDLLStaticDeps|Win32
		{4D9C457D-9ADA-4A12-9D06-42D80124C5AB}.ReleaseDLLWinRTStaticDeps|x64.ActiveCfg = ReleaseDLLStaticDeps|x64
		{4D9C457D-9ADA-4A12-9D06-42D80124C5AB}.ReleaseWinRT|Win32.ActiveCfg = Release|Win32
		{4D9C457D-9ADA-4A12-9D06-42D80124C5AB}.ReleaseWinRT|x64.ActiveCfg = Release|x64
		{4D9C457D-9ADA-4A12-9D06-42D80124C5AF}.Debug|Win32.ActiveCfg = DebugWinRT|Win32
		{4D9C457D-9ADA-4A12-9D06-42D80124C5AF}.Debug|x64.ActiveCfg = DebugWinRT|x64
		{4D9C457D-9ADA-4A12-9D06-42D80124C5AF}.DebugDLL|Win32.ActiveCfg = DebugDLLWinRT|Win32
		{4D9C457D-9ADA-4A12-9D06-42D80124C5AF}.DebugDLL|x64.ActiveCfg = DebugDLLWinRT|x64
		{4D9C457D-9ADA-4A12-9D06-42D80124C5AF}.DebugDLLWinRT|Win32.ActiveCfg = DebugDLLWinRT|Win32
		{4D9C457D-9ADA-4A12-9D06-42D80124C5AF}.DebugDLLWinRT|Win32.Build.0 = DebugDLLWinRT|Win32
		{4D9C457D-9ADA-4A12-9D06-42D80124C5AF}.DebugDLLWinRT|x64.ActiveCfg = DebugDLLWinRT|x64
		{4D9C457D-9ADA-4A12-9D06-42D80124C5AF}.DebugDLLWinRT|x64.Build.0 = DebugDLLWinRT|x64
		{4D9C457D-9ADA-4A12-9D06-42D80124C5AF}.DebugWinRT|Win32.ActiveCfg = DebugWinRT|Win32
		{4D9C457D-9ADA-4A12-9D06-42D80124C5AF}.DebugWinRT|Win32.Build.0 = DebugWinRT|Win32
		{4D9C457D-9ADA-4A12-9D06-42D80124C5AF}.DebugWinRT|x64.ActiveCfg = DebugWinRT|x64
		{4D9C457D-9ADA-4A12-9D06-42D80124C5AF}.DebugWinRT|x64.Build.0 = DebugWinRT|x64
		{4D9C457D-9ADA-4A12-9D06-42D80124C5AF}.Release|Win32.ActiveCfg = ReleaseWinRT|Win32
		{4D9C457D-9ADA-4A12-9D06-42D80124C5AF}.Release|x64.ActiveCfg = ReleaseWinRT|x64
		{4D9C457D-9ADA-4A12-9D06-42D80124C5AF}.ReleaseDLL|Win32.ActiveCfg = ReleaseDLLWinRT|Win32
		{4D9C457D-9ADA-4A12-9D06-42D80124C5AF}.ReleaseDLL|x64.ActiveCfg = ReleaseDLLWinRT|x64
		{4D9C457D-9ADA-4A12-9D06-42D80124C5AF}.ReleaseDLLStaticDeps|Win32.ActiveCfg = ReleaseDLLWinRTStaticDeps|Win32
		{4D9C457D-9ADA-4A12-9D06-42D80124C5AF}.ReleaseDLLStaticDeps|x64.ActiveCfg = ReleaseDLLWinRTStaticDeps|x64
		{4D9C457D-9ADA-4A12-9D06-42D80124C5AF}.ReleaseDLLWinRT|Win32.ActiveCfg = ReleaseDLLWinRT|Win32
		{4D9C457D-9ADA-4A12-9D06-42D80124C5AF}.ReleaseDLLWinRT|Win32.Build.0 = ReleaseDLLWinRT|Win32
		{4D9C457D-9ADA-4A12-9D06-42D80124C5AF}.ReleaseDLLWinRT|x64.ActiveCfg = ReleaseDLLWinRT|x64
		{4D9C457D-9ADA-4A12-9D06-42D80124C5AF}.ReleaseDLLWinRT|x64.Build.0 = ReleaseDLLWinRT|x64
		{4D9C457D-9ADA-4A12-9D06-42D80124C5AF}.ReleaseDLLWinRTStaticDeps|Win32.ActiveCfg = ReleaseDLLWinRTStaticDeps|Win32
		{4D9C457D-9ADA-4A12-9D06-42D80124C5AF}.ReleaseDLLWinRTStaticDeps|Win32.Build.0 = ReleaseDLLWinRTStaticDeps|Win32
		{4D9C457D-9ADA-4A12-9D06-42D80124C5AF}.ReleaseDLLWinRTStaticDeps|x64.ActiveCfg = ReleaseDLLWinRTStaticDeps|x64
		{4D9C457D-9ADA-4A12-9D06-42D80124C5AF}.ReleaseDLLWinRTStaticDeps|x64.Build.0 = ReleaseDLLWinRTStaticDeps|x64
		{4D9C457D-9ADA-4A12-9D06-42D80124C5AF}.ReleaseWinRT|Win32.ActiveCfg = ReleaseWinRT|Win32
		{4D9C457D-9ADA-4A12-9D06-42D80124C5AF}.ReleaseWinRT|Win32.Build.0 = ReleaseWinRT|Win32
		{4D9C457D-9ADA-4A12-9D06-42D80124C5AF}.ReleaseWinRT|x64.ActiveCfg = ReleaseWinRT|x64
		{4D9C457D-9ADA-4A12-9D06-42D80124C5AF}.ReleaseWinRT|x64.Build.0 = ReleaseWinRT|x64
		{3CE4A9EF-98B6-4454-B76E-3AD9C03A2114}.Debug|Win32.ActiveCfg = Debug|Win32
		{3CE4A9EF-98B6-4454-B76E-3AD9C03A2114}.Debug|Win32.Build.0 = Debug|Win32
		{3CE4A9EF-98B6-4454-B76E-3AD9C03A2114}.Debug|x64.ActiveCfg = Debug|x64
		{3CE4A9EF-98B6-4454-B76E-3AD9C03A2114}.Debug|x64.Build.0 = Debug|x64
		{3CE4A9EF-98B6-4454-B76E-3AD9C03A2114}.DebugDLL|Win32.ActiveCfg = DebugDLL|Win32
		{3CE4A9EF-98B6-4454-B76E-3AD9C03A2114}.DebugDLL|Win32.Build.0 = DebugDLL|Win32
		{3CE4A9EF-98B6-4454-B76E-3AD9C03A2114}.DebugDLL|x64.ActiveCfg = DebugDLL|x64
		{3CE4A9EF-98B6-4454-B76E-3AD9C03A2114}.DebugDLL|x64.Build.0 = DebugDLL|x64
		{3CE4A9EF-98B6-4454-B76E-3AD9C03A2114}.DebugDLLWinRT|Win32.ActiveCfg = DebugDLL|Win32
		{3CE4A9EF-98B6-4454-B76E-3AD9C03A2114}.DebugDLLWinRT|x64.ActiveCfg = DebugDLL|x64
		{3CE4A9EF-98B6-4454-B76E-3AD9C03A2114}.DebugWinRT|Win32.ActiveCfg = Debug|Win32
		{3CE4A9EF-98B6-4454-B76E-3AD9C03A2114}.DebugWinRT|x64.ActiveCfg = Debug|x64
		{3CE4A9EF-98B6-4454-B76E-3AD9C03A2114}.Release|Win32.ActiveCfg = Release|Win32
		{3CE4A9EF-98B6-4454-B76E-3AD9C03A2114}.Release|Win32.Build.0 = Release|Win32
		{3CE4A9EF-98B6-4454-B76E-3AD9C03A2114}.Release|x64.ActiveCfg = Release|x64
		{3CE4A9EF-98B6-4454-B76E-3AD9C03A2114}.Release|x64.Build.0 = Release|x64
		{3CE4A9EF-98B6-4454-B76E-3AD9C03A2114}.ReleaseDLL|Win32.ActiveCfg = ReleaseDLL|Win32
		{3CE4A9EF-98B6-4454-B76E-3AD9C03A2114}.ReleaseDLL|Win32.Build.0 = ReleaseDLL|Win32
		{3CE4A9EF-98B6-4454-B76E-3AD9C03A2114}.ReleaseDLL|x64.ActiveCfg = ReleaseDLL|x64
		{3CE4A9EF-98B6-4454-B76E-3AD9C03A2114}.ReleaseDLL|x64.Build.0 = ReleaseDLL|x64
		{3CE4A9EF-98B6-4454-B76E-3AD9C03A2114}.ReleaseDLLStaticDeps|Win32.ActiveCfg = ReleaseDLLStaticDeps|Win32
		{3CE4A9EF-98B6-4454-B76E-3AD9C03A2114}.ReleaseDLLStaticDeps|Win32.Build.0 = ReleaseDLLStaticDeps|Win32
		{3CE4A9EF-98B6-4454-B76E-3AD9C03A2114}.ReleaseDLLStaticDeps|x64.ActiveCfg = ReleaseDLLStaticDeps|x64
		{3CE4A9EF-98B6-4454-B76E-3AD9C03A2114}.ReleaseDLLStaticDeps|x64.Build.0 = ReleaseDLLStaticDeps|x64
		{3CE4A9EF-98B6-4454-B76E-3AD9C03A2114}.ReleaseDLLWinRT|Win32.ActiveCfg = ReleaseDLL|Win32
		{3CE4A9EF-98B6-4454-B76E-3AD9C03A2114}.ReleaseDLLWinRT|x64.ActiveCfg = ReleaseDLL|x64
		{3CE4A9EF-98B6-4454-B76E-3AD9C03A2114}.ReleaseDLLWinRTStaticDeps|Win32.ActiveCfg = ReleaseDLLStaticDeps|Win32
		{3CE4A9EF-98B6-4454-B76E-3AD9C03A2114}.ReleaseDLLWinRTStaticDeps|x64.ActiveCfg = ReleaseDLLStaticDeps|x64
		{3CE4A9EF-98B6-4454-B76E-3AD9C03A2114}.ReleaseWinRT|Win32.ActiveCfg = Release|Win32
		{3CE4A9EF-98B6-4454-B76E-3AD9C03A2114}.ReleaseWinRT|x64.ActiveCfg = Release|x64
		{3CE4A9EF-98B6-4454-B76E-3AD9C03A211F}.Debug|Win32.ActiveCfg = DebugWinRT|Win32
		{3CE4A9EF-98B6-4454-B76E-3AD9C03A211F}.Debug|x64.ActiveCfg = DebugWinRT|x64
		{3CE4A9EF-98B6-4454-B76E-3AD9C03A211F}.DebugDLL|Win32.ActiveCfg = DebugDLLWinRT|Win32
		{3CE4A9EF-98B6-4454-B76E-3AD9C03A211F}.DebugDLL|x64.ActiveCfg = DebugDLLWinRT|x64
		{3CE4A9EF-98B6-4454-B76E-3AD9C03A211F}.DebugDLLWinRT|Win32.ActiveCfg = DebugDLLWinRT|Win32
		{3CE4A9EF-98B6-4454-B76E-3AD9C03A211F}.DebugDLLWinRT|Win32.Build.0 = DebugDLLWinRT|Win32
		{3CE4A9EF-98B6-4454-B76E-3AD9C03A211F}.DebugDLLWinRT|x64.ActiveCfg = DebugDLLWinRT|x64
		{3CE4A9EF-98B6-4454-B76E-3AD9C03A211F}.DebugDLLWinRT|x64.Build.0 = DebugDLLWinRT|x64
		{3CE4A9EF-98B6-4454-B76E-3AD9C03A211F}.DebugWinRT|Win32.ActiveCfg = DebugWinRT|Win32
		{3CE4A9EF-98B6-4454-B76E-3AD9C03A211F}.DebugWinRT|Win32.Build.0 = DebugWinRT|Win32
		{3CE4A9EF-98B6-4454-B76E-3AD9C03A211F}.DebugWinRT|x64.ActiveCfg = DebugWinRT|x64
		{3CE4A9EF-98B6-4454-B76E-3AD9C03A211F}.DebugWinRT|x64.Build.0 = DebugWinRT|x64
		{3CE4A9EF-98B6-4454-B76E-3AD9C03A211F}.Release|Win32.ActiveCfg = ReleaseWinRT|Win32
		{3CE4A9EF-98B6-4454-B76E-3AD9C03A211F}.Release|x64.ActiveCfg = ReleaseWinRT|x64
		{3CE4A9EF-98B6-4454-B76E-3AD9C03A211F}.ReleaseDLL|Win32.ActiveCfg = ReleaseDLLWinRT|Win32
		{3CE4A9EF-98B6-4454-B76E-3AD9C03A211F}.ReleaseDLL|x64.ActiveCfg = ReleaseDLLWinRT|x64
		{3CE4A9EF-98B6-4454-B76E-3AD9C03A211F}.ReleaseDLLStaticDeps|Win32.ActiveCfg = ReleaseDLLWinRTStaticDeps|Win32
		{3CE4A9EF-98B6-4454-B76E-3AD9C03A211F}.ReleaseDLLStaticDeps|x64.ActiveCfg = ReleaseDLLWinRTStaticDeps|x64
		{3CE4A9EF-98B6-4454-B76E-3AD9C03A211F}.ReleaseDLLWinRT|Win32.ActiveCfg = ReleaseDLLWinRT|Win32
		{3CE4A9EF-98B6-4454-B76E-3AD9C03A211F}.ReleaseDLLWinRT|Win32.Build.0 = ReleaseDLLWinRT|Win32
		{3CE4A9EF-98B6-4454-B76E-3AD9C03A211F}.ReleaseDLLWinRT|x64.ActiveCfg = ReleaseDLLWinRT|x64
		{3CE4A9EF-98B6-4454-B76E-3AD9C03A211F}.ReleaseDLLWinRT|x64.Build.0 = ReleaseDLLWinRT|x64
		{3CE4A9EF-98B6-4454-B76E-3AD9C03A211F}.ReleaseDLLWinRTStaticDeps|Win32.ActiveCfg = ReleaseDLLWinRTStaticDeps|Win32
		{3CE4A9EF-98B6-4454-B76E-3AD9C03A211F}.ReleaseDLLWinRTStaticDeps|Win32.Build.0 = ReleaseDLLWinRTStaticDeps|Win32
		{3CE4A9EF-98B6-4454-B76E-3AD9C03A211F}.ReleaseDLLWinRTStaticDeps|x64.ActiveCfg = ReleaseDLLWinRTStaticDeps|x64
		{3CE4A9EF-98B6-4454-B76E-3AD9C03A211F}.ReleaseDLLWinRTStaticDeps|x64.Build.0 = ReleaseDLLWinRTStaticDeps|x64
		{3CE4A9EF-98B6-4454-B76E-3AD9C03A211F}.ReleaseWinRT|Win32.ActiveCfg = ReleaseWinRT|Win32
		{3CE4A9EF-98B6-4454-B76E-3AD9C03A211F}.ReleaseWinRT|Win32.Build.0 = ReleaseWinRT|Win32
		{3CE4A9EF-98B6-4454-B76E-3AD9C03A211F}.ReleaseWinRT|x64.ActiveCfg = ReleaseWinRT|x64
		{3CE4A9EF-98B6-4454-B76E-3AD9C03A211F}.ReleaseWinRT|x64.Build.0 = ReleaseWinRT|x64
		{6D8A6330-8EBE-49FD-9281-0A396F9F28F2}.Debug|Win32.ActiveCfg = Debug|Win32
		{6D8A6330-8EBE-49FD-9281-0A396F9F28F2}.Debug|Win32.Build.0 = Debug|Win32
		{6D8A6330-8EBE-49FD-9281-0A396F9F28F2}.Debug|x64.ActiveCfg = Debug|x64
		{6D8A6330-8EBE-49FD-9281-0A396F9F28F2}.Debug|x64.Build.0 = Debug|x64
		{6D8A6330-8EBE-49FD-9281-0A396F9F28F2}.DebugDLL|Win32.ActiveCfg = DebugDLL|Win32
		{6D8A6330-8EBE-49FD-9281-0A396F9F28F2}.DebugDLL|Win32.Build.0 = DebugDLL|Win32
		{6D8A6330-8EBE-49FD-9281-0A396F9F28F2}.DebugDLL|x64.ActiveCfg = DebugDLL|x64
		{6D8A6330-8EBE-49FD-9281-0A396F9F28F2}.DebugDLL|x64.Build.0 = DebugDLL|x64
		{6D8A6330-8EBE-49FD-9281-0A396F9F28F2}.DebugDLLWinRT|Win32.ActiveCfg = DebugDLL|Win32
		{6D8A6330-8EBE-49FD-9281-0A396F9F28F2}.DebugDLLWinRT|x64.ActiveCfg = DebugDLL|x64
		{6D8A6330-8EBE-49FD-9281-0A396F9F28F2}.DebugWinRT|Win32.ActiveCfg = Debug|Win32
		{6D8A6330-8EBE-49FD-9281-0A396F9F28F2}.DebugWinRT|x64.ActiveCfg = Debug|x64
		{6D8A6330-8EBE-49FD-9281-0A396F9F28F2}.Release|Win32.ActiveCfg = Release|Win32
		{6D8A6330-8EBE-49FD-9281-0A396F9F28F2}.Release|Win32.Build.0 = Release|Win32
		{6D8A6330-8EBE-49FD-9281-0A396F9F28F2}.Release|x64.ActiveCfg = Release|x64
		{6D8A6330-8EBE-49FD-9281-0A396F9F28F2}.Release|x64.Build.0 = Release|x64
		{6D8A6330-8EBE-49FD-9281-0A396F9F28F2}.ReleaseDLL|Win32.ActiveCfg = ReleaseDLL|Win32
		{6D8A6330-8EBE-49FD-9281-0A396F9F28F2}.ReleaseDLL|Win32.Build.0 = ReleaseDLL|Win32
		{6D8A6330-8EBE-49FD-9281-0A396F9F28F2}.ReleaseDLL|x64.ActiveCfg = ReleaseDLL|x64
		{6D8A6330-8EBE-49FD-9281-0A396F9F28F2}.ReleaseDLL|x64.Build.0 = ReleaseDLL|x64
		{6D8A6330-8EBE-49FD-9281-0A396F9F28F2}.ReleaseDLLStaticDeps|Win32.ActiveCfg = ReleaseDLLStaticDeps|Win32
		{6D8A6330-8EBE-49FD-9281-0A396F9F28F2}.ReleaseDLLStaticDeps|Win32.Build.0 = ReleaseDLLStaticDeps|Win32
		{6D8A6330-8EBE-49FD-9281-0A396F9F28F2}.ReleaseDLLStaticDeps|x64.ActiveCfg = ReleaseDLLStaticDeps|x64
		{6D8A6330-8EBE-49FD-9281-0A396F9F28F2}.ReleaseDLLStaticDeps|x64.Build.0 = ReleaseDLLStaticDeps|x64
		{6D8A6330-8EBE-49FD-9281-0A396F9F28F2}.ReleaseDLLWinRT|Win32.ActiveCfg = ReleaseDLL|Win32
		{6D8A6330-8EBE-49FD-9281-0A396F9F28F2}.ReleaseDLLWinRT|x64.ActiveCfg = ReleaseDLL|x64
		{6D8A6330-8EBE-49FD-9281-0A396F9F28F2}.ReleaseDLLWinRTStaticDeps|Win32.ActiveCfg = ReleaseDLLStaticDeps|Win32
		{6D8A6330-8EBE-49FD-9281-0A396F9F28F2}.ReleaseDLLWinRTStaticDeps|x64.ActiveCfg = ReleaseDLLStaticDeps|x64
		{6D8A6330-8EBE-49FD-9281-0A396F9F28F2}.ReleaseWinRT|Win32.ActiveCfg = Release|Win32
		{6D8A6330-8EBE-49FD-9281-0A396F9F28F2}.ReleaseWinRT|x64.ActiveCfg = Release|x64
		{6D8A6330-8EBE-49FD-9281-0A396F9F28FF}.Debug|Win32.ActiveCfg = DebugWinRT|Win32
		{6D8A6330-8EBE-49FD-9281-0A396F9F28FF}.Debug|x64.ActiveCfg = DebugWinRT|x64
		{6D8A6330-8EBE-49FD-9281-0A396F9F28FF}.DebugDLL|Win32.ActiveCfg = DebugDLLWinRT|Win32
		{6D8A6330-8EBE-49FD-9281-0A396F9F28FF}.DebugDLL|x64.ActiveCfg = DebugDLLWinRT|x64
		{6D8A6330-8EBE-49FD-9281-0A396F9F28FF}.DebugDLLWinRT|Win32.ActiveCfg = DebugDLLWinRT|Win32
		{6D8A6330-8EBE-49FD-9281-0A396F9F28FF}.DebugDLLWinRT|Win32.Build.0 = DebugDLLWinRT|Win32
		{6D8A6330-8EBE-49FD-9281-0A396F9F28FF}.DebugDLLWinRT|x64.ActiveCfg = DebugDLLWinRT|x64
		{6D8A6330-8EBE-49FD-9281-0A396F9F28FF}.DebugDLLWinRT|x64.Build.0 = DebugDLLWinRT|x64
		{6D8A6330-8EBE-49FD-9281-0A396F9F28FF}.DebugWinRT|Win32.ActiveCfg = DebugWinRT|Win32
		{6D8A6330-8EBE-49FD-9281-0A396F9F28FF}.DebugWinRT|Win32.Build.0 = DebugWinRT|Win32
		{6D8A6330-8EBE-49FD-9281-0A396F9F28FF}.DebugWinRT|x64.ActiveCfg = DebugWinRT|x64
		{6D8A6330-8EBE-49FD-9281-0A396F9F28FF}.DebugWinRT|x64.Build.0 = DebugWinRT|x64
		{6D8A6330-8EBE-49FD-9281-0A396F9F28FF}.Release|Win32.ActiveCfg = ReleaseWinRT|Win32
		{6D8A6330-8EBE-49FD-9281-0A396F9F28FF}.Release|x64.ActiveCfg = ReleaseWinRT|x64
		{6D8A6330-8EBE-49FD-9281-0A396F9F28FF}.ReleaseDLL|Win32.ActiveCfg = ReleaseDLLWinRT|Win32
		{6D8A6330-8EBE-49FD-9281-0A396F9F28FF}.ReleaseDLL|x64.ActiveCfg = ReleaseDLLWinRT|x64
		{6D8A6330-8EBE-49FD-9281-0A396F9F28FF}.ReleaseDLLStaticDeps|Win32.ActiveCfg = ReleaseDLLWinRTStaticDeps|Win32
		{6D8A6330-8EBE-49FD-9281-0A396F9F28FF}.ReleaseDLLStaticDeps|x64.ActiveCfg = ReleaseDLLWinRTStaticDeps|x64
		{6D8A6330-8EBE-49FD-9281-0A396F9F28FF}.ReleaseDLLWinRT|Win32.ActiveCfg = ReleaseDLLWinRT|Win32
		{6D8A6330-8EBE-49FD-9281-0A396F9F28FF}.ReleaseDLLWinRT|Win32.Build.0 = ReleaseDLLWinRT|Win32
		{6D8A6330-8EBE-49FD-9281-0A396F9F28FF}.ReleaseDLLWinRT|x64.ActiveCfg = ReleaseDLLWinRT|x64
		{6D8A6330-8EBE-49FD-9281-0A396F9F28FF}.ReleaseDLLWinRT|x64.Build.0 = ReleaseDLLWinRT|x64
		{6D8A6330-8EBE-49FD-9281-0A396F9F28FF}.ReleaseDLLWinRTStaticDeps|Win32.ActiveCfg = ReleaseDLLWinRTStaticDeps|Win32
		{6D8A6330-8EBE-49FD-9281-0A396F9F28FF}.ReleaseDLLWinRTStaticDeps|Win32.Build.0 = ReleaseDLLWinRTStaticDeps|Win32
		{6D8A6330-8EBE-49FD-9281-0A396F9F28FF}.ReleaseDLLWinRTStaticDeps|x64.ActiveCfg = ReleaseDLLWinRTStaticDeps|x64
		{6D8A6330-8EBE-49FD-9281-0A396F9F28FF}.ReleaseDLLWinRTStaticDeps|x64.Build.0 = ReleaseDLLWinRTStaticDeps|x64
		{6D8A6330-8EBE-49FD-9281-0A396F9F28FF}.ReleaseWinRT|Win32.ActiveCfg = ReleaseWinRT|Win32
		{6D8A6330-8EBE-49FD-9281-0A396F9F28FF}.ReleaseWinRT|Win32.Build.0 = ReleaseWinRT|Win32
		{6D8A6330-8EBE-49FD-9281-0A396F9F28FF}.ReleaseWinRT|x64.ActiveCfg = ReleaseWinRT|x64
		{6D8A6330-8EBE-49FD-9281-0A396F9F28FF}.ReleaseWinRT|x64.Build.0 = ReleaseWinRT|x64
		{4081C77E-F1F7-49FA-9BD8-A4D267C83716}.Debug|Win32.ActiveCfg = Debug|Win32
		{4081C77E-F1F7-49FA-9BD8-A4D267C83716}.Debug|Win32.Build.0 = Debug|Win32
		{4081C77E-F1F7-49FA-9BD8-A4D267C83716}.Debug|x64.ActiveCfg = Debug|x64
		{4081C77E-F1F7-49FA-9BD8-A4D267C83716}.Debug|x64.Build.0 = Debug|x64
		{4081C77E-F1F7-49FA-9BD8-A4D267C83716}.DebugDLL|Win32.ActiveCfg = DebugDLL|Win32
		{4081C77E-F1F7-49FA-9BD8-A4D267C83716}.DebugDLL|x64.ActiveCfg = DebugDLL|x64
		{4081C77E-F1F7-49FA-9BD8-A4D267C83716}.DebugDLLWinRT|Win32.ActiveCfg = DebugDLL|Win32
		{4081C77E-F1F7-49FA-9BD8-A4D267C83716}.DebugDLLWinRT|x64.ActiveCfg = DebugDLL|x64
		{4081C77E-F1F7-49FA-9BD8-A4D267C83716}.DebugWinRT|Win32.ActiveCfg = Debug|Win32
		{4081C77E-F1F7-49FA-9BD8-A4D267C83716}.DebugWinRT|x64.ActiveCfg = Debug|x64
		{4081C77E-F1F7-49FA-9BD8-A4D267C83716}.Release|Win32.ActiveCfg = Release|Win32
		{4081C77E-F1F7-49FA-9BD8-A4D267C83716}.Release|Win32.Build.0 = Release|Win32
		{4081C77E-F1F7-49FA-9BD8-A4D267C83716}.Release|x64.ActiveCfg = Release|x64
		{4081C77E-F1F7-49FA-9BD8-A4D267C83716}.Release|x64.Build.0 = Release|x64
		{4081C77E-F1F7-49FA-9BD8-A4D267C83716}.ReleaseDLL|Win32.ActiveCfg = ReleaseDLL|Win32
		{4081C77E-F1F7-49FA-9BD8-A4D267C83716}.ReleaseDLL|x64.ActiveCfg = ReleaseDLL|x64
		{4081C77E-F1F7-49FA-9BD8-A4D267C83716}.ReleaseDLLStaticDeps|Win32.ActiveCfg = ReleaseDLL|Win32
		{4081C77E-F1F7-49FA-9BD8-A4D267C83716}.ReleaseDLLStaticDeps|x64.ActiveCfg = ReleaseDLL|x64
		{4081C77E-F1F7-49FA-9BD8-A4D267C83716}.ReleaseDLLWinRT|Win32.ActiveCfg = ReleaseDLL|Win32
		{4081C77E-F1F7-49FA-9BD8-A4D267C83716}.ReleaseDLLWinRT|x64.ActiveCfg = ReleaseDLL|x64
		{4081C77E-F1F7-49FA-9BD8-A4D267C83716}.ReleaseDLLWinRTStaticDeps|Win32.ActiveCfg = ReleaseDLL|Win32
		{4081C77E-F1F7-49FA-9BD8-A4D267C83716}.ReleaseDLLWinRTStaticDeps|x64.ActiveCfg = ReleaseDLL|x64
		{4081C77E-F1F7-49FA-9BD8-A4D267C83716}.ReleaseWinRT|Win32.ActiveCfg = Release|Win32
		{4081C77E-F1F7-49FA-9BD8-A4D267C83716}.ReleaseWinRT|x64.ActiveCfg = Release|x64
		{147A422A-FA63-4724-A5D9-08B1CAFDAB59}.Debug|Win32.ActiveCfg = Debug|Win32
		{147A422A-FA63-4724-A5D9-08B1CAFDAB59}.Debug|Win32.Build.0 = Debug|Win32
		{147A422A-FA63-4724-A5D9-08B1CAFDAB59}.Debug|x64.ActiveCfg = Debug|x64
		{147A422A-FA63-4724-A5D9-08B1CAFDAB59}.Debug|x64.Build.0 = Debug|x64
		{147A422A-FA63-4724-A5D9-08B1CAFDAB59}.DebugDLL|Win32.ActiveCfg = DebugDLL|Win32
		{147A422A-FA63-4724-A5D9-08B1CAFDAB59}.DebugDLL|x64.ActiveCfg = DebugDLL|x64
		{147A422A-FA63-4724-A5D9-08B1CAFDAB59}.DebugDLLWinRT|Win32.ActiveCfg = DebugDLL|Win32
		{147A422A-FA63-4724-A5D9-08B1CAFDAB59}.DebugDLLWinRT|x64.ActiveCfg = DebugDLL|x64
		{147A422A-FA63-4724-A5D9-08B1CAFDAB59}.DebugWinRT|Win32.ActiveCfg = Debug|Win32
		{147A422A-FA63-4724-A5D9-08B1CAFDAB59}.DebugWinRT|x64.ActiveCfg = Debug|x64
		{147A422A-FA63-4724-A5D9-08B1CAFDAB59}.Release|Win32.ActiveCfg = Release|Win32
		{147A422A-FA63-4724-A5D9-08B1CAFDAB59}.Release|Win32.Build.0 = Release|Win32
		{147A422A-FA63-4724-A5D9-08B1CAFDAB59}.Release|x64.ActiveCfg = Release|x64
		{147A422A-FA63-4724-A5D9-08B1CAFDAB59}.Release|x64.Build.0 = Release|x64
		{147A422A-FA63-4724-A5D9-08B1CAFDAB59}.ReleaseDLL|Win32.ActiveCfg = ReleaseDLL|Win32
		{147A422A-FA63-4724-A5D9-08B1CAFDAB59}.ReleaseDLL|x64.ActiveCfg = ReleaseDLL|x64
		{147A422A-FA63-4724-A5D9-08B1CAFDAB59}.ReleaseDLLStaticDeps|Win32.ActiveCfg = ReleaseDLL|Win32
		{147A422A-FA63-4724-A5D9-08B1CAFDAB59}.ReleaseDLLStaticDeps|x64.ActiveCfg = ReleaseDLL|x64
		{147A422A-FA63-4724-A5D9-08B1CAFDAB59}.ReleaseDLLWinRT|Win32.ActiveCfg = ReleaseDLL|Win32
		{147A422A-FA63-4724-A5D9-08B1CAFDAB59}.ReleaseDLLWinRT|x64.ActiveCfg = ReleaseDLL|x64
		{147A422A-FA63-4724-A5D9-08B1CAFDAB59}.ReleaseDLLWinRTStaticDeps|Win32.ActiveCfg = ReleaseDLL|Win32
		{147A422A-FA63-4724-A5D9-08B1CAFDAB59}.ReleaseDLLWinRTStaticDeps|x64.ActiveCfg = ReleaseDLL|x64
		{147A422A-FA63-4724-A5D9-08B1CAFDAB59}.ReleaseWinRT|Win32.ActiveCfg = Release|Win32
		{147A422A-FA63-4724-A5D9-08B1CAFDAB59}.ReleaseWinRT|x64.ActiveCfg = Release|x64
	EndGlobalSection
	GlobalSection(SolutionProperties) = preSolution
		HideSolutionNode = FALSE
	EndGlobalSection
	GlobalSection(NestedProjects) = preSolution
		{4081C77E-F1F7-49FA-9BD8-A4D267C83716} = {8A736DDA-6840-4E65-9DA4-BF65A2A70428}
		{147A422A-FA63-4724-A5D9-08B1CAFDAB59} = {8A736DDA-6840-4E65-9DA4-BF65A2A70428}
	EndGlobalSection
	GlobalSection(ExtensibilityGlobals) = postSolution
		SolutionGuid = {99571B8C-ADDD-4808-9AEE-6F7CFDC47C2F}
	EndGlobalSection
EndGlobal
