<?xml version="1.0" encoding="utf-8"?>
<Project ToolsVersion="4.0" xmlns="http://schemas.microsoft.com/developer/msbuild/2003">
  <ItemGroup>
    <Filter Include="Header Files">
      <UniqueIdentifier>{2f2c4a75-f563-4eda-81a8-99f05e978394}</UniqueIdentifier>
    </Filter>
    <Filter Include="Source Files">
      <UniqueIdentifier>{9dcb9da6-1c85-40b9-b875-9bdf9575be2d}</UniqueIdentifier>
    </Filter>
    <Filter Include="Resource Files">
      <UniqueIdentifier>{e05e69ea-955c-4c2c-83f8-ff30c0007387}</UniqueIdentifier>
    </Filter>
    <Filter Include="Header Files\libavfilter">
      <UniqueIdentifier>{cac6df1e-4a60-495c-8daa-5707dc1216ff}</UniqueIdentifier>
    </Filter>
    <Filter Include="Resource Files\libavfilter">
      <UniqueIdentifier>{9fee14b2-1b77-463a-bd6b-60efdcf8850f}</UniqueIdentifier>
    </Filter>
    <Filter Include="Source Files\libavfilter">
      <UniqueIdentifier>{bf017c32-250d-47da-b7e6-d5a5091cb1e6}</UniqueIdentifier>
    </Filter>
    <Filter Include="Source Files\libavfilter\dnn">
      <UniqueIdentifier>{fd9e10e9-18f6-437d-b5d7-17290540c8b8}</UniqueIdentifier>
    </Filter>
    <Filter Include="Source Files\libavfilter\x86">
      <UniqueIdentifier>{f026e68e-ff14-4bf4-8758-6384ac7bcfaf}</UniqueIdentifier>
    </Filter>
  </ItemGroup>
  <ItemGroup>
    <None Include=".\libavfilter.def">
      <Filter>Resource Files</Filter>
    </None>
  </ItemGroup>
  <ItemGroup>
    <ResourceCompile Include="..\libavfilter\avfilterres.rc">
      <Filter>Resource Files\libavfilter</Filter>
    </ResourceCompile>
  </ItemGroup>
  <ItemGroup>
    <NASM Include="..\libavfilter\x86\scene_sad.asm">
      <Filter>Source Files\libavfilter\x86</Filter>
    </NASM>
    <NASM Include="..\libavfilter\x86\af_afir.asm">
      <Filter>Source Files\libavfilter\x86</Filter>
    </NASM>
    <NASM Include="..\libavfilter\x86\af_anlmdn.asm">
      <Filter>Source Files\libavfilter\x86</Filter>
    </NASM>
    <NASM Include="..\libavfilter\x86\vf_atadenoise.asm">
      <Filter>Source Files\libavfilter\x86</Filter>
    </NASM>
    <NASM Include="..\libavfilter\x86\vf_blend.asm">
      <Filter>Source Files\libavfilter\x86</Filter>
    </NASM>
    <NASM Include="..\libavfilter\x86\vf_bwdif.asm">
      <Filter>Source Files\libavfilter\x86</Filter>
    </NASM>
    <NASM Include="..\libavfilter\x86\colorspacedsp.asm">
      <Filter>Source Files\libavfilter\x86</Filter>
    </NASM>
    <NASM Include="..\libavfilter\x86\vf_convolution.asm">
      <Filter>Source Files\libavfilter\x86</Filter>
    </NASM>
    <NASM Include="..\libavfilter\x86\vf_framerate.asm">
      <Filter>Source Files\libavfilter\x86</Filter>
    </NASM>
    <NASM Include="..\libavfilter\x86\vf_gblur.asm">
      <Filter>Source Files\libavfilter\x86</Filter>
    </NASM>
    <NASM Include="..\libavfilter\x86\vf_gradfun.asm">
      <Filter>Source Files\libavfilter\x86</Filter>
    </NASM>
    <NASM Include="..\libavfilter\x86\vf_hflip.asm">
      <Filter>Source Files\libavfilter\x86</Filter>
    </NASM>
    <NASM Include="..\libavfilter\x86\vf_idet.asm">
      <Filter>Source Files\libavfilter\x86</Filter>
    </NASM>
    <NASM Include="..\libavfilter\x86\vf_limiter.asm">
      <Filter>Source Files\libavfilter\x86</Filter>
    </NASM>
    <NASM Include="..\libavfilter\x86\vf_lut3d.asm">
      <Filter>Source Files\libavfilter\x86</Filter>
    </NASM>
    <NASM Include="..\libavfilter\x86\vf_maskedclamp.asm">
      <Filter>Source Files\libavfilter\x86</Filter>
    </NASM>
    <NASM Include="..\libavfilter\x86\vf_maskedmerge.asm">
      <Filter>Source Files\libavfilter\x86</Filter>
    </NASM>
    <NASM Include="..\libavfilter\x86\vf_nlmeans.asm">
      <Filter>Source Files\libavfilter\x86</Filter>
    </NASM>
    <NASM Include="..\libavfilter\x86\vf_overlay.asm">
      <Filter>Source Files\libavfilter\x86</Filter>
    </NASM>
    <NASM Include="..\libavfilter\x86\vf_psnr.asm">
      <Filter>Source Files\libavfilter\x86</Filter>
    </NASM>
    <NASM Include="..\libavfilter\x86\avf_showcqt.asm">
      <Filter>Source Files\libavfilter\x86</Filter>
    </NASM>
    <NASM Include="..\libavfilter\x86\vf_ssim.asm">
      <Filter>Source Files\libavfilter\x86</Filter>
    </NASM>
    <NASM Include="..\libavfilter\x86\vf_threshold.asm">
      <Filter>Source Files\libavfilter\x86</Filter>
    </NASM>
    <NASM Include="..\libavfilter\x86\vf_transpose.asm">
      <Filter>Source Files\libavfilter\x86</Filter>
    </NASM>
    <NASM Include="..\libavfilter\x86\af_volume.asm">
      <Filter>Source Files\libavfilter\x86</Filter>
    </NASM>
    <NASM Include="..\libavfilter\x86\vf_v360.asm">
      <Filter>Source Files\libavfilter\x86</Filter>
    </NASM>
    <NASM Include="..\libavfilter\x86\vf_w3fdif.asm">
      <Filter>Source Files\libavfilter\x86</Filter>
    </NASM>
    <NASM Include="..\libavfilter\x86\vf_yadif.asm">
      <Filter>Source Files\libavfilter\x86</Filter>
    </NASM>
    <NASM Include="..\libavfilter\x86\yadif-16.asm">
      <Filter>Source Files\libavfilter\x86</Filter>
    </NASM>
    <NASM Include="..\libavfilter\x86\yadif-10.asm">
      <Filter>Source Files\libavfilter\x86</Filter>
    </NASM>
  </ItemGroup>
  <ItemGroup>
    <ClCompile Include="..\libavfilter\allfilters.c">
      <Filter>Source Files\libavfilter</Filter>
    </ClCompile>
    <ClCompile Include="..\libavfilter\audio.c">
      <Filter>Source Files\libavfilter</Filter>
    </ClCompile>
    <ClCompile Include="..\libavfilter\avfilter.c">
      <Filter>Source Files\libavfilter</Filter>
    </ClCompile>
    <ClCompile Include="..\libavfilter\avfiltergraph.c">
      <Filter>Source Files\libavfilter</Filter>
    </ClCompile>
    <ClCompile Include="..\libavfilter\buffersink.c">
      <Filter>Source Files\libavfilter</Filter>
    </ClCompile>
    <ClCompile Include="..\libavfilter\buffersrc.c">
      <Filter>Source Files\libavfilter</Filter>
    </ClCompile>
    <ClCompile Include="..\libavfilter\colorspace.c">
      <Filter>Source Files\libavfilter</Filter>
    </ClCompile>
    <ClCompile Include="..\libavfilter\ccfifo.c">
      <Filter>Source Files\libavfilter</Filter>
    </ClCompile>
    <ClCompile Include="..\libavfilter\drawutils.c">
      <Filter>Source Files\libavfilter</Filter>
    </ClCompile>
    <ClCompile Include="..\libavfilter\fifo.c">
      <Filter>Source Files\libavfilter</Filter>
    </ClCompile>
    <ClCompile Include="..\libavfilter\formats.c">
      <Filter>Source Files\libavfilter</Filter>
    </ClCompile>
    <ClCompile Include="..\libavfilter\framepool.c">
      <Filter>Source Files\libavfilter</Filter>
    </ClCompile>
    <ClCompile Include="..\libavfilter\framequeue.c">
      <Filter>Source Files\libavfilter</Filter>
    </ClCompile>
    <ClCompile Include="..\libavfilter\graphdump.c">
      <Filter>Source Files\libavfilter</Filter>
    </ClCompile>
    <ClCompile Include="..\libavfilter\graphparser.c">
      <Filter>Source Files\libavfilter</Filter>
    </ClCompile>
    <ClCompile Include="..\libavfilter\version.c">
      <Filter>Source Files\libavfilter</Filter>
    </ClCompile>
    <ClCompile Include="..\libavfilter\video.c">
      <Filter>Source Files\libavfilter</Filter>
    </ClCompile>
    <ClCompile Include="..\libavfilter\file_open.c">
      <Filter>Source Files\libavfilter</Filter>
    </ClCompile>
    <ClCompile Include="..\libavfilter\pthread.c">
      <Filter>Source Files\libavfilter</Filter>
    </ClCompile>
    <ClCompile Include="..\libavfilter\dnn_filter_common.c">
      <Filter>Source Files\libavfilter</Filter>
    </ClCompile>
    <ClCompile Include="..\libavfilter\f_bench.c">
      <Filter>Source Files\libavfilter</Filter>
    </ClCompile>
    <ClCompile Include="..\libavfilter\af_sidechaincompress.c">
      <Filter>Source Files\libavfilter</Filter>
    </ClCompile>
    <ClCompile Include="..\libavfilter\af_acontrast.c">
      <Filter>Source Files\libavfilter</Filter>
    </ClCompile>
    <ClCompile Include="..\libavfilter\af_acopy.c">
      <Filter>Source Files\libavfilter</Filter>
    </ClCompile>
    <ClCompile Include="..\libavfilter\af_afade.c">
      <Filter>Source Files\libavfilter</Filter>
    </ClCompile>
    <ClCompile Include="..\libavfilter\af_acrossover.c">
      <Filter>Source Files\libavfilter</Filter>
    </ClCompile>
    <ClCompile Include="..\libavfilter\af_acrusher.c">
      <Filter>Source Files\libavfilter</Filter>
    </ClCompile>
    <ClCompile Include="..\libavfilter\f_cue.c">
      <Filter>Source Files\libavfilter</Filter>
    </ClCompile>
    <ClCompile Include="..\libavfilter\af_adeclick.c">
      <Filter>Source Files\libavfilter</Filter>
    </ClCompile>
    <ClCompile Include="..\libavfilter\af_adecorrelate.c">
      <Filter>Source Files\libavfilter</Filter>
    </ClCompile>
    <ClCompile Include="..\libavfilter\af_adelay.c">
      <Filter>Source Files\libavfilter</Filter>
    </ClCompile>
    <ClCompile Include="..\libavfilter\af_adenorm.c">
      <Filter>Source Files\libavfilter</Filter>
    </ClCompile>
    <ClCompile Include="..\libavfilter\af_aderivative.c">
      <Filter>Source Files\libavfilter</Filter>
    </ClCompile>
    <ClCompile Include="..\libavfilter\af_adrc.c">
      <Filter>Source Files\libavfilter</Filter>
    </ClCompile>
    <ClCompile Include="..\libavfilter\af_adynamicequalizer.c">
      <Filter>Source Files\libavfilter</Filter>
    </ClCompile>
    <ClCompile Include="..\libavfilter\af_adynamicsmooth.c">
      <Filter>Source Files\libavfilter</Filter>
    </ClCompile>
    <ClCompile Include="..\libavfilter\af_aecho.c">
      <Filter>Source Files\libavfilter</Filter>
    </ClCompile>
    <ClCompile Include="..\libavfilter\af_aemphasis.c">
      <Filter>Source Files\libavfilter</Filter>
    </ClCompile>
    <ClCompile Include="..\libavfilter\aeval.c">
      <Filter>Source Files\libavfilter</Filter>
    </ClCompile>
    <ClCompile Include="..\libavfilter\af_aexciter.c">
      <Filter>Source Files\libavfilter</Filter>
    </ClCompile>
    <ClCompile Include="..\libavfilter\af_afftdn.c">
      <Filter>Source Files\libavfilter</Filter>
    </ClCompile>
    <ClCompile Include="..\libavfilter\af_afftfilt.c">
      <Filter>Source Files\libavfilter</Filter>
    </ClCompile>
    <ClCompile Include="..\libavfilter\af_aformat.c">
      <Filter>Source Files\libavfilter</Filter>
    </ClCompile>
    <ClCompile Include="..\libavfilter\af_afreqshift.c">
      <Filter>Source Files\libavfilter</Filter>
    </ClCompile>
    <ClCompile Include="..\libavfilter\af_afwtdn.c">
      <Filter>Source Files\libavfilter</Filter>
    </ClCompile>
    <ClCompile Include="..\libavfilter\af_agate.c">
      <Filter>Source Files\libavfilter</Filter>
    </ClCompile>
    <ClCompile Include="..\libavfilter\af_aiir.c">
      <Filter>Source Files\libavfilter</Filter>
    </ClCompile>
    <ClCompile Include="..\libavfilter\f_interleave.c">
      <Filter>Source Files\libavfilter</Filter>
    </ClCompile>
    <ClCompile Include="..\libavfilter\f_latency.c">
      <Filter>Source Files\libavfilter</Filter>
    </ClCompile>
    <ClCompile Include="..\libavfilter\af_alimiter.c">
      <Filter>Source Files\libavfilter</Filter>
    </ClCompile>
    <ClCompile Include="..\libavfilter\af_biquads.c">
      <Filter>Source Files\libavfilter</Filter>
    </ClCompile>
    <ClCompile Include="..\libavfilter\f_loop.c">
      <Filter>Source Files\libavfilter</Filter>
    </ClCompile>
    <ClCompile Include="..\libavfilter\af_amerge.c">
      <Filter>Source Files\libavfilter</Filter>
    </ClCompile>
    <ClCompile Include="..\libavfilter\f_metadata.c">
      <Filter>Source Files\libavfilter</Filter>
    </ClCompile>
    <ClCompile Include="..\libavfilter\af_amix.c">
      <Filter>Source Files\libavfilter</Filter>
    </ClCompile>
    <ClCompile Include="..\libavfilter\af_amultiply.c">
      <Filter>Source Files\libavfilter</Filter>
    </ClCompile>
    <ClCompile Include="..\libavfilter\af_anequalizer.c">
      <Filter>Source Files\libavfilter</Filter>
    </ClCompile>
    <ClCompile Include="..\libavfilter\af_anlms.c">
      <Filter>Source Files\libavfilter</Filter>
    </ClCompile>
    <ClCompile Include="..\libavfilter\af_anull.c">
      <Filter>Source Files\libavfilter</Filter>
    </ClCompile>
    <ClCompile Include="..\libavfilter\af_apad.c">
      <Filter>Source Files\libavfilter</Filter>
    </ClCompile>
    <ClCompile Include="..\libavfilter\f_perms.c">
      <Filter>Source Files\libavfilter</Filter>
    </ClCompile>
    <ClCompile Include="..\libavfilter\af_aphaser.c">
      <Filter>Source Files\libavfilter</Filter>
    </ClCompile>
    <ClCompile Include="..\libavfilter\generate_wave_table.c">
      <Filter>Source Files\libavfilter</Filter>
    </ClCompile>
    <ClCompile Include="..\libavfilter\af_asdr.c">
      <Filter>Source Files\libavfilter</Filter>
    </ClCompile>
    <ClCompile Include="..\libavfilter\af_apsyclip.c">
      <Filter>Source Files\libavfilter</Filter>
    </ClCompile>
    <ClCompile Include="..\libavfilter\af_apulsator.c">
      <Filter>Source Files\libavfilter</Filter>
    </ClCompile>
    <ClCompile Include="..\libavfilter\f_realtime.c">
      <Filter>Source Files\libavfilter</Filter>
    </ClCompile>
    <ClCompile Include="..\libavfilter\af_aresample.c">
      <Filter>Source Files\libavfilter</Filter>
    </ClCompile>
    <ClCompile Include="..\libavfilter\f_reverse.c">
      <Filter>Source Files\libavfilter</Filter>
    </ClCompile>
    <ClCompile Include="..\libavfilter\af_arls.c">
      <Filter>Source Files\libavfilter</Filter>
    </ClCompile>
    <ClCompile Include="..\libavfilter\af_arnndn.c">
      <Filter>Source Files\libavfilter</Filter>
    </ClCompile>
    <ClCompile Include="..\libavfilter\f_segment.c">
      <Filter>Source Files\libavfilter</Filter>
    </ClCompile>
    <ClCompile Include="..\libavfilter\f_select.c">
      <Filter>Source Files\libavfilter</Filter>
    </ClCompile>
    <ClCompile Include="..\libavfilter\f_sendcmd.c">
      <Filter>Source Files\libavfilter</Filter>
    </ClCompile>
    <ClCompile Include="..\libavfilter\af_asetnsamples.c">
      <Filter>Source Files\libavfilter</Filter>
    </ClCompile>
    <ClCompile Include="..\libavfilter\setpts.c">
      <Filter>Source Files\libavfilter</Filter>
    </ClCompile>
    <ClCompile Include="..\libavfilter\af_asetrate.c">
      <Filter>Source Files\libavfilter</Filter>
    </ClCompile>
    <ClCompile Include="..\libavfilter\settb.c">
      <Filter>Source Files\libavfilter</Filter>
    </ClCompile>
    <ClCompile Include="..\libavfilter\af_ashowinfo.c">
      <Filter>Source Files\libavfilter</Filter>
    </ClCompile>
    <ClCompile Include="..\libavfilter\f_sidedata.c">
      <Filter>Source Files\libavfilter</Filter>
    </ClCompile>
    <ClCompile Include="..\libavfilter\af_asoftclip.c">
      <Filter>Source Files\libavfilter</Filter>
    </ClCompile>
    <ClCompile Include="..\libavfilter\af_aspectralstats.c">
      <Filter>Source Files\libavfilter</Filter>
    </ClCompile>
    <ClCompile Include="..\libavfilter\split.c">
      <Filter>Source Files\libavfilter</Filter>
    </ClCompile>
    <ClCompile Include="..\libavfilter\af_astats.c">
      <Filter>Source Files\libavfilter</Filter>
    </ClCompile>
    <ClCompile Include="..\libavfilter\f_streamselect.c">
      <Filter>Source Files\libavfilter</Filter>
    </ClCompile>
    <ClCompile Include="..\libavfilter\framesync.c">
      <Filter>Source Files\libavfilter</Filter>
    </ClCompile>
    <ClCompile Include="..\libavfilter\af_asubboost.c">
      <Filter>Source Files\libavfilter</Filter>
    </ClCompile>
    <ClCompile Include="..\libavfilter\af_asupercut.c">
      <Filter>Source Files\libavfilter</Filter>
    </ClCompile>
    <ClCompile Include="..\libavfilter\af_atempo.c">
      <Filter>Source Files\libavfilter</Filter>
    </ClCompile>
    <ClCompile Include="..\libavfilter\af_atilt.c">
      <Filter>Source Files\libavfilter</Filter>
    </ClCompile>
    <ClCompile Include="..\libavfilter\trim.c">
      <Filter>Source Files\libavfilter</Filter>
    </ClCompile>
    <ClCompile Include="..\libavfilter\af_axcorrelate.c">
      <Filter>Source Files\libavfilter</Filter>
    </ClCompile>
    <ClCompile Include="..\libavfilter\af_channelmap.c">
      <Filter>Source Files\libavfilter</Filter>
    </ClCompile>
    <ClCompile Include="..\libavfilter\af_channelsplit.c">
      <Filter>Source Files\libavfilter</Filter>
    </ClCompile>
    <ClCompile Include="..\libavfilter\af_chorus.c">
      <Filter>Source Files\libavfilter</Filter>
    </ClCompile>
    <ClCompile Include="..\libavfilter\af_compand.c">
      <Filter>Source Files\libavfilter</Filter>
    </ClCompile>
    <ClCompile Include="..\libavfilter\af_compensationdelay.c">
      <Filter>Source Files\libavfilter</Filter>
    </ClCompile>
    <ClCompile Include="..\libavfilter\af_crossfeed.c">
      <Filter>Source Files\libavfilter</Filter>
    </ClCompile>
    <ClCompile Include="..\libavfilter\af_crystalizer.c">
      <Filter>Source Files\libavfilter</Filter>
    </ClCompile>
    <ClCompile Include="..\libavfilter\af_dcshift.c">
      <Filter>Source Files\libavfilter</Filter>
    </ClCompile>
    <ClCompile Include="..\libavfilter\af_deesser.c">
      <Filter>Source Files\libavfilter</Filter>
    </ClCompile>
    <ClCompile Include="..\libavfilter\af_dialoguenhance.c">
      <Filter>Source Files\libavfilter</Filter>
    </ClCompile>
    <ClCompile Include="..\libavfilter\af_drmeter.c">
      <Filter>Source Files\libavfilter</Filter>
    </ClCompile>
    <ClCompile Include="..\libavfilter\af_dynaudnorm.c">
      <Filter>Source Files\libavfilter</Filter>
    </ClCompile>
    <ClCompile Include="..\libavfilter\af_earwax.c">
      <Filter>Source Files\libavfilter</Filter>
    </ClCompile>
    <ClCompile Include="..\libavfilter\f_ebur128.c">
      <Filter>Source Files\libavfilter</Filter>
    </ClCompile>
    <ClCompile Include="..\libavfilter\af_extrastereo.c">
      <Filter>Source Files\libavfilter</Filter>
    </ClCompile>
    <ClCompile Include="..\libavfilter\af_firequalizer.c">
      <Filter>Source Files\libavfilter</Filter>
    </ClCompile>
    <ClCompile Include="..\libavfilter\af_flanger.c">
      <Filter>Source Files\libavfilter</Filter>
    </ClCompile>
    <ClCompile Include="..\libavfilter\af_haas.c">
      <Filter>Source Files\libavfilter</Filter>
    </ClCompile>
    <ClCompile Include="..\libavfilter\af_hdcd.c">
      <Filter>Source Files\libavfilter</Filter>
    </ClCompile>
    <ClCompile Include="..\libavfilter\af_headphone.c">
      <Filter>Source Files\libavfilter</Filter>
    </ClCompile>
    <ClCompile Include="..\libavfilter\af_join.c">
      <Filter>Source Files\libavfilter</Filter>
    </ClCompile>
    <ClCompile Include="..\libavfilter\af_loudnorm.c">
      <Filter>Source Files\libavfilter</Filter>
    </ClCompile>
    <ClCompile Include="..\libavfilter\ebur128.c">
      <Filter>Source Files\libavfilter</Filter>
    </ClCompile>
    <ClCompile Include="..\libavfilter\af_mcompand.c">
      <Filter>Source Files\libavfilter</Filter>
    </ClCompile>
    <ClCompile Include="..\libavfilter\af_pan.c">
      <Filter>Source Files\libavfilter</Filter>
    </ClCompile>
    <ClCompile Include="..\libavfilter\af_replaygain.c">
      <Filter>Source Files\libavfilter</Filter>
    </ClCompile>
    <ClCompile Include="..\libavfilter\af_silencedetect.c">
      <Filter>Source Files\libavfilter</Filter>
    </ClCompile>
    <ClCompile Include="..\libavfilter\af_silenceremove.c">
      <Filter>Source Files\libavfilter</Filter>
    </ClCompile>
    <ClCompile Include="..\libavfilter\af_speechnorm.c">
      <Filter>Source Files\libavfilter</Filter>
    </ClCompile>
    <ClCompile Include="..\libavfilter\af_stereotools.c">
      <Filter>Source Files\libavfilter</Filter>
    </ClCompile>
    <ClCompile Include="..\libavfilter\af_stereowiden.c">
      <Filter>Source Files\libavfilter</Filter>
    </ClCompile>
    <ClCompile Include="..\libavfilter\af_superequalizer.c">
      <Filter>Source Files\libavfilter</Filter>
    </ClCompile>
    <ClCompile Include="..\libavfilter\af_surround.c">
      <Filter>Source Files\libavfilter</Filter>
    </ClCompile>
    <ClCompile Include="..\libavfilter\af_tremolo.c">
      <Filter>Source Files\libavfilter</Filter>
    </ClCompile>
    <ClCompile Include="..\libavfilter\af_vibrato.c">
      <Filter>Source Files\libavfilter</Filter>
    </ClCompile>
    <ClCompile Include="..\libavfilter\af_virtualbass.c">
      <Filter>Source Files\libavfilter</Filter>
    </ClCompile>
    <ClCompile Include="..\libavfilter\af_volumedetect.c">
      <Filter>Source Files\libavfilter</Filter>
    </ClCompile>
    <ClCompile Include="..\libavfilter\asrc_afdelaysrc.c">
      <Filter>Source Files\libavfilter</Filter>
    </ClCompile>
    <ClCompile Include="..\libavfilter\asrc_afirsrc.c">
      <Filter>Source Files\libavfilter</Filter>
    </ClCompile>
    <ClCompile Include="..\libavfilter\asrc_anoisesrc.c">
      <Filter>Source Files\libavfilter</Filter>
    </ClCompile>
    <ClCompile Include="..\libavfilter\asrc_anullsrc.c">
      <Filter>Source Files\libavfilter</Filter>
    </ClCompile>
    <ClCompile Include="..\libavfilter\asrc_hilbert.c">
      <Filter>Source Files\libavfilter</Filter>
    </ClCompile>
    <ClCompile Include="..\libavfilter\asrc_sinc.c">
      <Filter>Source Files\libavfilter</Filter>
    </ClCompile>
    <ClCompile Include="..\libavfilter\asrc_sine.c">
      <Filter>Source Files\libavfilter</Filter>
    </ClCompile>
    <ClCompile Include="..\libavfilter\asink_anullsink.c">
      <Filter>Source Files\libavfilter</Filter>
    </ClCompile>
    <ClCompile Include="..\libavfilter\vf_addroi.c">
      <Filter>Source Files\libavfilter</Filter>
    </ClCompile>
    <ClCompile Include="..\libavfilter\vf_extractplanes.c">
      <Filter>Source Files\libavfilter</Filter>
    </ClCompile>
    <ClCompile Include="..\libavfilter\vf_alphamerge.c">
      <Filter>Source Files\libavfilter</Filter>
    </ClCompile>
    <ClCompile Include="..\libavfilter\vf_amplify.c">
      <Filter>Source Files\libavfilter</Filter>
    </ClCompile>
    <ClCompile Include="..\libavfilter\vf_avgblur.c">
      <Filter>Source Files\libavfilter</Filter>
    </ClCompile>
    <ClCompile Include="..\libavfilter\vf_backgroundkey.c">
      <Filter>Source Files\libavfilter</Filter>
    </ClCompile>
    <ClCompile Include="..\libavfilter\bbox.c">
      <Filter>Source Files\libavfilter</Filter>
    </ClCompile>
    <ClCompile Include="..\libavfilter\vf_bbox.c">
      <Filter>Source Files\libavfilter</Filter>
    </ClCompile>
    <ClCompile Include="..\libavfilter\vf_bilateral.c">
      <Filter>Source Files\libavfilter</Filter>
    </ClCompile>
    <ClCompile Include="..\libavfilter\vf_bitplanenoise.c">
      <Filter>Source Files\libavfilter</Filter>
    </ClCompile>
    <ClCompile Include="..\libavfilter\vf_blackdetect.c">
      <Filter>Source Files\libavfilter</Filter>
    </ClCompile>
    <ClCompile Include="..\libavfilter\vf_blockdetect.c">
      <Filter>Source Files\libavfilter</Filter>
    </ClCompile>
    <ClCompile Include="..\libavfilter\vf_blurdetect.c">
      <Filter>Source Files\libavfilter</Filter>
    </ClCompile>
    <ClCompile Include="..\libavfilter\edge_common.c">
      <Filter>Source Files\libavfilter</Filter>
    </ClCompile>
    <ClCompile Include="..\libavfilter\vf_bm3d.c">
      <Filter>Source Files\libavfilter</Filter>
    </ClCompile>
    <ClCompile Include="..\libavfilter\bwdifdsp.c">
      <Filter>Source Files\libavfilter</Filter>
    </ClCompile>
    <ClCompile Include="..\libavfilter\yadif_common.c">
      <Filter>Source Files\libavfilter</Filter>
    </ClCompile>
    <ClCompile Include="..\libavfilter\vf_cas.c">
      <Filter>Source Files\libavfilter</Filter>
    </ClCompile>
    <ClCompile Include="..\libavfilter\vf_ccrepack.c">
      <Filter>Source Files\libavfilter</Filter>
    </ClCompile>
    <ClCompile Include="..\libavfilter\vf_chromakey.c">
      <Filter>Source Files\libavfilter</Filter>
    </ClCompile>
    <ClCompile Include="..\libavfilter\vf_chromanr.c">
      <Filter>Source Files\libavfilter</Filter>
    </ClCompile>
    <ClCompile Include="..\libavfilter\vf_chromashift.c">
      <Filter>Source Files\libavfilter</Filter>
    </ClCompile>
    <ClCompile Include="..\libavfilter\vf_ciescope.c">
      <Filter>Source Files\libavfilter</Filter>
    </ClCompile>
    <ClCompile Include="..\libavfilter\vf_codecview.c">
      <Filter>Source Files\libavfilter</Filter>
    </ClCompile>
    <ClCompile Include="..\libavfilter\qp_table.c">
      <Filter>Source Files\libavfilter</Filter>
    </ClCompile>
    <ClCompile Include="..\libavfilter\vf_colorbalance.c">
      <Filter>Source Files\libavfilter</Filter>
    </ClCompile>
    <ClCompile Include="..\libavfilter\vf_colorchannelmixer.c">
      <Filter>Source Files\libavfilter</Filter>
    </ClCompile>
    <ClCompile Include="..\libavfilter\vf_colorcontrast.c">
      <Filter>Source Files\libavfilter</Filter>
    </ClCompile>
    <ClCompile Include="..\libavfilter\vf_colorcorrect.c">
      <Filter>Source Files\libavfilter</Filter>
    </ClCompile>
    <ClCompile Include="..\libavfilter\vf_colorize.c">
      <Filter>Source Files\libavfilter</Filter>
    </ClCompile>
    <ClCompile Include="..\libavfilter\vf_colorkey.c">
      <Filter>Source Files\libavfilter</Filter>
    </ClCompile>
    <ClCompile Include="..\libavfilter\vf_colorlevels.c">
      <Filter>Source Files\libavfilter</Filter>
    </ClCompile>
    <ClCompile Include="..\libavfilter\vf_colormap.c">
      <Filter>Source Files\libavfilter</Filter>
    </ClCompile>
    <ClCompile Include="..\libavfilter\vf_colorspace.c">
      <Filter>Source Files\libavfilter</Filter>
    </ClCompile>
    <ClCompile Include="..\libavfilter\vf_colortemperature.c">
      <Filter>Source Files\libavfilter</Filter>
    </ClCompile>
    <ClCompile Include="..\libavfilter\vf_convolve.c">
      <Filter>Source Files\libavfilter</Filter>
    </ClCompile>
    <ClCompile Include="..\libavfilter\vf_copy.c">
      <Filter>Source Files\libavfilter</Filter>
    </ClCompile>
    <ClCompile Include="..\libavfilter\vf_corr.c">
      <Filter>Source Files\libavfilter</Filter>
    </ClCompile>
    <ClCompile Include="..\libavfilter\vf_crop.c">
      <Filter>Source Files\libavfilter</Filter>
    </ClCompile>
    <ClCompile Include="..\libavfilter\vf_curves.c">
      <Filter>Source Files\libavfilter</Filter>
    </ClCompile>
    <ClCompile Include="..\libavfilter\vf_datascope.c">
      <Filter>Source Files\libavfilter</Filter>
    </ClCompile>
    <ClCompile Include="..\libavfilter\vf_dblur.c">
      <Filter>Source Files\libavfilter</Filter>
    </ClCompile>
    <ClCompile Include="..\libavfilter\vf_dctdnoiz.c">
      <Filter>Source Files\libavfilter</Filter>
    </ClCompile>
    <ClCompile Include="..\libavfilter\vf_deband.c">
      <Filter>Source Files\libavfilter</Filter>
    </ClCompile>
    <ClCompile Include="..\libavfilter\vf_deblock.c">
      <Filter>Source Files\libavfilter</Filter>
    </ClCompile>
    <ClCompile Include="..\libavfilter\vf_decimate.c">
      <Filter>Source Files\libavfilter</Filter>
    </ClCompile>
    <ClCompile Include="..\libavfilter\vf_derain.c">
      <Filter>Source Files\libavfilter</Filter>
    </ClCompile>
    <ClCompile Include="..\libavfilter\vf_dedot.c">
      <Filter>Source Files\libavfilter</Filter>
    </ClCompile>
    <ClCompile Include="..\libavfilter\vf_neighbor.c">
      <Filter>Source Files\libavfilter</Filter>
    </ClCompile>
    <ClCompile Include="..\libavfilter\vf_deflicker.c">
      <Filter>Source Files\libavfilter</Filter>
    </ClCompile>
    <ClCompile Include="..\libavfilter\vf_dejudder.c">
      <Filter>Source Files\libavfilter</Filter>
    </ClCompile>
    <ClCompile Include="..\libavfilter\vf_deshake.c">
      <Filter>Source Files\libavfilter</Filter>
    </ClCompile>
    <ClCompile Include="..\libavfilter\transform.c">
      <Filter>Source Files\libavfilter</Filter>
    </ClCompile>
    <ClCompile Include="..\libavfilter\vf_despill.c">
      <Filter>Source Files\libavfilter</Filter>
    </ClCompile>
    <ClCompile Include="..\libavfilter\vf_detelecine.c">
      <Filter>Source Files\libavfilter</Filter>
    </ClCompile>
    <ClCompile Include="..\libavfilter\vf_displace.c">
      <Filter>Source Files\libavfilter</Filter>
    </ClCompile>
    <ClCompile Include="..\libavfilter\vf_dnn_classify.c">
      <Filter>Source Files\libavfilter</Filter>
    </ClCompile>
    <ClCompile Include="..\libavfilter\vf_dnn_detect.c">
      <Filter>Source Files\libavfilter</Filter>
    </ClCompile>
    <ClCompile Include="..\libavfilter\vf_dnn_processing.c">
      <Filter>Source Files\libavfilter</Filter>
    </ClCompile>
    <ClCompile Include="..\libavfilter\vf_weave.c">
      <Filter>Source Files\libavfilter</Filter>
    </ClCompile>
    <ClCompile Include="..\libavfilter\vf_drawbox.c">
      <Filter>Source Files\libavfilter</Filter>
    </ClCompile>
    <ClCompile Include="..\libavfilter\f_drawgraph.c">
      <Filter>Source Files\libavfilter</Filter>
    </ClCompile>
    <ClCompile Include="..\libavfilter\vf_edgedetect.c">
      <Filter>Source Files\libavfilter</Filter>
    </ClCompile>
    <ClCompile Include="..\libavfilter\vf_elbg.c">
      <Filter>Source Files\libavfilter</Filter>
    </ClCompile>
    <ClCompile Include="..\libavfilter\vf_entropy.c">
      <Filter>Source Files\libavfilter</Filter>
    </ClCompile>
    <ClCompile Include="..\libavfilter\vf_epx.c">
      <Filter>Source Files\libavfilter</Filter>
    </ClCompile>
    <ClCompile Include="..\libavfilter\vf_estdif.c">
      <Filter>Source Files\libavfilter</Filter>
    </ClCompile>
    <ClCompile Include="..\libavfilter\vf_exposure.c">
      <Filter>Source Files\libavfilter</Filter>
    </ClCompile>
    <ClCompile Include="..\libavfilter\vf_fade.c">
      <Filter>Source Files\libavfilter</Filter>
    </ClCompile>
    <ClCompile Include="..\libavfilter\vf_feedback.c">
      <Filter>Source Files\libavfilter</Filter>
    </ClCompile>
    <ClCompile Include="..\libavfilter\vf_fftdnoiz.c">
      <Filter>Source Files\libavfilter</Filter>
    </ClCompile>
    <ClCompile Include="..\libavfilter\vf_fftfilt.c">
      <Filter>Source Files\libavfilter</Filter>
    </ClCompile>
    <ClCompile Include="..\libavfilter\vf_field.c">
      <Filter>Source Files\libavfilter</Filter>
    </ClCompile>
    <ClCompile Include="..\libavfilter\vf_fieldhint.c">
      <Filter>Source Files\libavfilter</Filter>
    </ClCompile>
    <ClCompile Include="..\libavfilter\vf_fieldmatch.c">
      <Filter>Source Files\libavfilter</Filter>
    </ClCompile>
    <ClCompile Include="..\libavfilter\vf_fieldorder.c">
      <Filter>Source Files\libavfilter</Filter>
    </ClCompile>
    <ClCompile Include="..\libavfilter\vf_fillborders.c">
      <Filter>Source Files\libavfilter</Filter>
    </ClCompile>
    <ClCompile Include="..\libavfilter\vf_floodfill.c">
      <Filter>Source Files\libavfilter</Filter>
    </ClCompile>
    <ClCompile Include="..\libavfilter\vf_format.c">
      <Filter>Source Files\libavfilter</Filter>
    </ClCompile>
    <ClCompile Include="..\libavfilter\vf_fps.c">
      <Filter>Source Files\libavfilter</Filter>
    </ClCompile>
    <ClCompile Include="..\libavfilter\vf_framepack.c">
      <Filter>Source Files\libavfilter</Filter>
    </ClCompile>
    <ClCompile Include="..\libavfilter\vf_framestep.c">
      <Filter>Source Files\libavfilter</Filter>
    </ClCompile>
    <ClCompile Include="..\libavfilter\vf_freezedetect.c">
      <Filter>Source Files\libavfilter</Filter>
    </ClCompile>
    <ClCompile Include="..\libavfilter\vf_freezeframes.c">
      <Filter>Source Files\libavfilter</Filter>
    </ClCompile>
    <ClCompile Include="..\libavfilter\vf_geq.c">
      <Filter>Source Files\libavfilter</Filter>
    </ClCompile>
    <ClCompile Include="..\libavfilter\f_graphmonitor.c">
      <Filter>Source Files\libavfilter</Filter>
    </ClCompile>
    <ClCompile Include="..\libavfilter\vf_grayworld.c">
      <Filter>Source Files\libavfilter</Filter>
    </ClCompile>
    <ClCompile Include="..\libavfilter\vf_colorconstancy.c">
      <Filter>Source Files\libavfilter</Filter>
    </ClCompile>
    <ClCompile Include="..\libavfilter\vf_guided.c">
      <Filter>Source Files\libavfilter</Filter>
    </ClCompile>
    <ClCompile Include="..\libavfilter\vf_histogram.c">
      <Filter>Source Files\libavfilter</Filter>
    </ClCompile>
    <ClCompile Include="..\libavfilter\vf_hqx.c">
      <Filter>Source Files\libavfilter</Filter>
    </ClCompile>
    <ClCompile Include="..\libavfilter\vf_stack.c">
      <Filter>Source Files\libavfilter</Filter>
    </ClCompile>
    <ClCompile Include="..\libavfilter\vf_hsvkey.c">
      <Filter>Source Files\libavfilter</Filter>
    </ClCompile>
    <ClCompile Include="..\libavfilter\vf_hue.c">
      <Filter>Source Files\libavfilter</Filter>
    </ClCompile>
    <ClCompile Include="..\libavfilter\vf_huesaturation.c">
      <Filter>Source Files\libavfilter</Filter>
    </ClCompile>
    <ClCompile Include="..\libavfilter\vf_hwdownload.c">
      <Filter>Source Files\libavfilter</Filter>
    </ClCompile>
    <ClCompile Include="..\libavfilter\vf_hwmap.c">
      <Filter>Source Files\libavfilter</Filter>
    </ClCompile>
    <ClCompile Include="..\libavfilter\vf_hwupload.c">
      <Filter>Source Files\libavfilter</Filter>
    </ClCompile>
    <ClCompile Include="..\libavfilter\vf_hysteresis.c">
      <Filter>Source Files\libavfilter</Filter>
    </ClCompile>
    <ClCompile Include="..\libavfilter\vf_identity.c">
      <Filter>Source Files\libavfilter</Filter>
    </ClCompile>
    <ClCompile Include="..\libavfilter\vf_il.c">
      <Filter>Source Files\libavfilter</Filter>
    </ClCompile>
    <ClCompile Include="..\libavfilter\vf_lagfun.c">
      <Filter>Source Files\libavfilter</Filter>
    </ClCompile>
    <ClCompile Include="..\libavfilter\vf_lenscorrection.c">
      <Filter>Source Files\libavfilter</Filter>
    </ClCompile>
    <ClCompile Include="..\libavfilter\vf_limitdiff.c">
      <Filter>Source Files\libavfilter</Filter>
    </ClCompile>
    <ClCompile Include="..\libavfilter\vf_lumakey.c">
      <Filter>Source Files\libavfilter</Filter>
    </ClCompile>
    <ClCompile Include="..\libavfilter\vf_lut.c">
      <Filter>Source Files\libavfilter</Filter>
    </ClCompile>
    <ClCompile Include="..\libavfilter\vf_lut2.c">
      <Filter>Source Files\libavfilter</Filter>
    </ClCompile>
    <ClCompile Include="..\libavfilter\vf_maskedminmax.c">
      <Filter>Source Files\libavfilter</Filter>
    </ClCompile>
    <ClCompile Include="..\libavfilter\vf_maskedthreshold.c">
      <Filter>Source Files\libavfilter</Filter>
    </ClCompile>
    <ClCompile Include="..\libavfilter\vf_maskfun.c">
      <Filter>Source Files\libavfilter</Filter>
    </ClCompile>
    <ClCompile Include="..\libavfilter\vf_median.c">
      <Filter>Source Files\libavfilter</Filter>
    </ClCompile>
    <ClCompile Include="..\libavfilter\vf_mergeplanes.c">
      <Filter>Source Files\libavfilter</Filter>
    </ClCompile>
    <ClCompile Include="..\libavfilter\vf_mestimate.c">
      <Filter>Source Files\libavfilter</Filter>
    </ClCompile>
    <ClCompile Include="..\libavfilter\motion_estimation.c">
      <Filter>Source Files\libavfilter</Filter>
    </ClCompile>
    <ClCompile Include="..\libavfilter\vf_midequalizer.c">
      <Filter>Source Files\libavfilter</Filter>
    </ClCompile>
    <ClCompile Include="..\libavfilter\vf_minterpolate.c">
      <Filter>Source Files\libavfilter</Filter>
    </ClCompile>
    <ClCompile Include="..\libavfilter\vf_mix.c">
      <Filter>Source Files\libavfilter</Filter>
    </ClCompile>
    <ClCompile Include="..\libavfilter\vf_monochrome.c">
      <Filter>Source Files\libavfilter</Filter>
    </ClCompile>
    <ClCompile Include="..\libavfilter\vf_morpho.c">
      <Filter>Source Files\libavfilter</Filter>
    </ClCompile>
    <ClCompile Include="..\libavfilter\vf_multiply.c">
      <Filter>Source Files\libavfilter</Filter>
    </ClCompile>
    <ClCompile Include="..\libavfilter\vf_negate.c">
      <Filter>Source Files\libavfilter</Filter>
    </ClCompile>
    <ClCompile Include="..\libavfilter\vf_noise.c">
      <Filter>Source Files\libavfilter</Filter>
    </ClCompile>
    <ClCompile Include="..\libavfilter\vf_normalize.c">
      <Filter>Source Files\libavfilter</Filter>
    </ClCompile>
    <ClCompile Include="..\libavfilter\vf_null.c">
      <Filter>Source Files\libavfilter</Filter>
    </ClCompile>
    <ClCompile Include="..\libavfilter\vf_pad.c">
      <Filter>Source Files\libavfilter</Filter>
    </ClCompile>
    <ClCompile Include="..\libavfilter\vf_palettegen.c">
      <Filter>Source Files\libavfilter</Filter>
    </ClCompile>
    <ClCompile Include="..\libavfilter\palette.c">
      <Filter>Source Files\libavfilter</Filter>
    </ClCompile>
    <ClCompile Include="..\libavfilter\vf_paletteuse.c">
      <Filter>Source Files\libavfilter</Filter>
    </ClCompile>
    <ClCompile Include="..\libavfilter\vf_photosensitivity.c">
      <Filter>Source Files\libavfilter</Filter>
    </ClCompile>
    <ClCompile Include="..\libavfilter\vf_pixdesctest.c">
      <Filter>Source Files\libavfilter</Filter>
    </ClCompile>
    <ClCompile Include="..\libavfilter\vf_pixelize.c">
      <Filter>Source Files\libavfilter</Filter>
    </ClCompile>
    <ClCompile Include="..\libavfilter\vf_premultiply.c">
      <Filter>Source Files\libavfilter</Filter>
    </ClCompile>
    <ClCompile Include="..\libavfilter\vf_pseudocolor.c">
      <Filter>Source Files\libavfilter</Filter>
    </ClCompile>
    <ClCompile Include="..\libavfilter\vf_qp.c">
      <Filter>Source Files\libavfilter</Filter>
    </ClCompile>
    <ClCompile Include="..\libavfilter\vf_random.c">
      <Filter>Source Files\libavfilter</Filter>
    </ClCompile>
    <ClCompile Include="..\libavfilter\vf_readeia608.c">
      <Filter>Source Files\libavfilter</Filter>
    </ClCompile>
    <ClCompile Include="..\libavfilter\vf_readvitc.c">
      <Filter>Source Files\libavfilter</Filter>
    </ClCompile>
    <ClCompile Include="..\libavfilter\vf_remap.c">
      <Filter>Source Files\libavfilter</Filter>
    </ClCompile>
    <ClCompile Include="..\libavfilter\vf_removegrain.c">
      <Filter>Source Files\libavfilter</Filter>
    </ClCompile>
    <ClCompile Include="..\libavfilter\lswsutils.c">
      <Filter>Source Files\libavfilter</Filter>
    </ClCompile>
    <ClCompile Include="..\libavfilter\lavfutils.c">
      <Filter>Source Files\libavfilter</Filter>
    </ClCompile>
    <ClCompile Include="..\libavfilter\vf_removelogo.c">
      <Filter>Source Files\libavfilter</Filter>
    </ClCompile>
    <ClCompile Include="..\libavfilter\vf_rotate.c">
      <Filter>Source Files\libavfilter</Filter>
    </ClCompile>
    <ClCompile Include="..\libavfilter\vf_scale.c">
      <Filter>Source Files\libavfilter</Filter>
    </ClCompile>
    <ClCompile Include="..\libavfilter\scale_eval.c">
      <Filter>Source Files\libavfilter</Filter>
    </ClCompile>
    <ClCompile Include="..\libavfilter\vf_scdet.c">
      <Filter>Source Files\libavfilter</Filter>
    </ClCompile>
    <ClCompile Include="..\libavfilter\vf_scroll.c">
      <Filter>Source Files\libavfilter</Filter>
    </ClCompile>
    <ClCompile Include="..\libavfilter\vf_selectivecolor.c">
      <Filter>Source Files\libavfilter</Filter>
    </ClCompile>
    <ClCompile Include="..\libavfilter\vf_separatefields.c">
      <Filter>Source Files\libavfilter</Filter>
    </ClCompile>
    <ClCompile Include="..\libavfilter\vf_aspect.c">
      <Filter>Source Files\libavfilter</Filter>
    </ClCompile>
    <ClCompile Include="..\libavfilter\vf_setparams.c">
      <Filter>Source Files\libavfilter</Filter>
    </ClCompile>
    <ClCompile Include="..\libavfilter\vf_shear.c">
      <Filter>Source Files\libavfilter</Filter>
    </ClCompile>
    <ClCompile Include="..\libavfilter\vf_showinfo.c">
      <Filter>Source Files\libavfilter</Filter>
    </ClCompile>
    <ClCompile Include="..\libavfilter\vf_showpalette.c">
      <Filter>Source Files\libavfilter</Filter>
    </ClCompile>
    <ClCompile Include="..\libavfilter\vf_shuffleframes.c">
      <Filter>Source Files\libavfilter</Filter>
    </ClCompile>
    <ClCompile Include="..\libavfilter\vf_shufflepixels.c">
      <Filter>Source Files\libavfilter</Filter>
    </ClCompile>
    <ClCompile Include="..\libavfilter\vf_shuffleplanes.c">
      <Filter>Source Files\libavfilter</Filter>
    </ClCompile>
    <ClCompile Include="..\libavfilter\vf_signalstats.c">
      <Filter>Source Files\libavfilter</Filter>
    </ClCompile>
    <ClCompile Include="..\libavfilter\vf_siti.c">
      <Filter>Source Files\libavfilter</Filter>
    </ClCompile>
    <ClCompile Include="..\libavfilter\vf_sr.c">
      <Filter>Source Files\libavfilter</Filter>
    </ClCompile>
    <ClCompile Include="..\libavfilter\vf_ssim360.c">
      <Filter>Source Files\libavfilter</Filter>
    </ClCompile>
    <ClCompile Include="..\libavfilter\vf_swaprect.c">
      <Filter>Source Files\libavfilter</Filter>
    </ClCompile>
    <ClCompile Include="..\libavfilter\vf_swapuv.c">
      <Filter>Source Files\libavfilter</Filter>
    </ClCompile>
    <ClCompile Include="..\libavfilter\vf_telecine.c">
      <Filter>Source Files\libavfilter</Filter>
    </ClCompile>
    <ClCompile Include="..\libavfilter\vf_thumbnail.c">
      <Filter>Source Files\libavfilter</Filter>
    </ClCompile>
    <ClCompile Include="..\libavfilter\vf_tile.c">
      <Filter>Source Files\libavfilter</Filter>
    </ClCompile>
    <ClCompile Include="..\libavfilter\vf_xmedian.c">
      <Filter>Source Files\libavfilter</Filter>
    </ClCompile>
    <ClCompile Include="..\libavfilter\vf_tmidequalizer.c">
      <Filter>Source Files\libavfilter</Filter>
    </ClCompile>
    <ClCompile Include="..\libavfilter\vf_tonemap.c">
      <Filter>Source Files\libavfilter</Filter>
    </ClCompile>
    <ClCompile Include="..\libavfilter\vf_tpad.c">
      <Filter>Source Files\libavfilter</Filter>
    </ClCompile>
    <ClCompile Include="..\libavfilter\vf_unsharp.c">
      <Filter>Source Files\libavfilter</Filter>
    </ClCompile>
    <ClCompile Include="..\libavfilter\vf_untile.c">
      <Filter>Source Files\libavfilter</Filter>
    </ClCompile>
    <ClCompile Include="..\libavfilter\vf_varblur.c">
      <Filter>Source Files\libavfilter</Filter>
    </ClCompile>
    <ClCompile Include="..\libavfilter\vf_vectorscope.c">
      <Filter>Source Files\libavfilter</Filter>
    </ClCompile>
    <ClCompile Include="..\libavfilter\vf_vflip.c">
      <Filter>Source Files\libavfilter</Filter>
    </ClCompile>
    <ClCompile Include="..\libavfilter\vf_vfrdet.c">
      <Filter>Source Files\libavfilter</Filter>
    </ClCompile>
    <ClCompile Include="..\libavfilter\vf_vibrance.c">
      <Filter>Source Files\libavfilter</Filter>
    </ClCompile>
    <ClCompile Include="..\libavfilter\vf_vif.c">
      <Filter>Source Files\libavfilter</Filter>
    </ClCompile>
    <ClCompile Include="..\libavfilter\vf_vignette.c">
      <Filter>Source Files\libavfilter</Filter>
    </ClCompile>
    <ClCompile Include="..\libavfilter\vf_vmafmotion.c">
      <Filter>Source Files\libavfilter</Filter>
    </ClCompile>
    <ClCompile Include="..\libavfilter\vf_waveform.c">
      <Filter>Source Files\libavfilter</Filter>
    </ClCompile>
    <ClCompile Include="..\libavfilter\vf_xbr.c">
      <Filter>Source Files\libavfilter</Filter>
    </ClCompile>
    <ClCompile Include="..\libavfilter\vf_xfade.c">
      <Filter>Source Files\libavfilter</Filter>
    </ClCompile>
    <ClCompile Include="..\libavfilter\vf_yaepblur.c">
      <Filter>Source Files\libavfilter</Filter>
    </ClCompile>
    <ClCompile Include="..\libavfilter\vf_zoompan.c">
      <Filter>Source Files\libavfilter</Filter>
    </ClCompile>
    <ClCompile Include="..\libavfilter\vsrc_testsrc.c">
      <Filter>Source Files\libavfilter</Filter>
    </ClCompile>
    <ClCompile Include="..\libavfilter\vsrc_cellauto.c">
      <Filter>Source Files\libavfilter</Filter>
    </ClCompile>
    <ClCompile Include="..\libavfilter\vsrc_gradients.c">
      <Filter>Source Files\libavfilter</Filter>
    </ClCompile>
    <ClCompile Include="..\libavfilter\vsrc_life.c">
      <Filter>Source Files\libavfilter</Filter>
    </ClCompile>
    <ClCompile Include="..\libavfilter\vsrc_mandelbrot.c">
      <Filter>Source Files\libavfilter</Filter>
    </ClCompile>
    <ClCompile Include="..\libavfilter\vsrc_sierpinski.c">
      <Filter>Source Files\libavfilter</Filter>
    </ClCompile>
    <ClCompile Include="..\libavfilter\vsink_nullsink.c">
      <Filter>Source Files\libavfilter</Filter>
    </ClCompile>
    <ClCompile Include="..\libavfilter\avf_a3dscope.c">
      <Filter>Source Files\libavfilter</Filter>
    </ClCompile>
    <ClCompile Include="..\libavfilter\avf_abitscope.c">
      <Filter>Source Files\libavfilter</Filter>
    </ClCompile>
    <ClCompile Include="..\libavfilter\avf_ahistogram.c">
      <Filter>Source Files\libavfilter</Filter>
    </ClCompile>
    <ClCompile Include="..\libavfilter\avf_aphasemeter.c">
      <Filter>Source Files\libavfilter</Filter>
    </ClCompile>
    <ClCompile Include="..\libavfilter\avf_avectorscope.c">
      <Filter>Source Files\libavfilter</Filter>
    </ClCompile>
    <ClCompile Include="..\libavfilter\avf_concat.c">
      <Filter>Source Files\libavfilter</Filter>
    </ClCompile>
    <ClCompile Include="..\libavfilter\avf_showcwt.c">
      <Filter>Source Files\libavfilter</Filter>
    </ClCompile>
    <ClCompile Include="..\libavfilter\avf_showfreqs.c">
      <Filter>Source Files\libavfilter</Filter>
    </ClCompile>
    <ClCompile Include="..\libavfilter\avf_showspatial.c">
      <Filter>Source Files\libavfilter</Filter>
    </ClCompile>
    <ClCompile Include="..\libavfilter\avf_showspectrum.c">
      <Filter>Source Files\libavfilter</Filter>
    </ClCompile>
    <ClCompile Include="..\libavfilter\avf_showvolume.c">
      <Filter>Source Files\libavfilter</Filter>
    </ClCompile>
    <ClCompile Include="..\libavfilter\avf_showwaves.c">
      <Filter>Source Files\libavfilter</Filter>
    </ClCompile>
    <ClCompile Include="..\libavfilter\vaf_spectrumsynth.c">
      <Filter>Source Files\libavfilter</Filter>
    </ClCompile>
    <ClCompile Include="..\libavfilter\src_avsynctest.c">
      <Filter>Source Files\libavfilter</Filter>
    </ClCompile>
    <ClCompile Include="..\libavfilter\src_movie.c">
      <Filter>Source Files\libavfilter</Filter>
    </ClCompile>
    <ClCompile Include="..\libavfilter\dnn\dnn_interface.c">
      <Filter>Source Files\libavfilter\dnn</Filter>
    </ClCompile>
    <ClCompile Include="..\libavfilter\dnn\dnn_io_proc.c">
      <Filter>Source Files\libavfilter\dnn</Filter>
    </ClCompile>
    <ClCompile Include="..\libavfilter\dnn\queue.c">
      <Filter>Source Files\libavfilter\dnn</Filter>
    </ClCompile>
    <ClCompile Include="..\libavfilter\dnn\safe_queue.c">
      <Filter>Source Files\libavfilter\dnn</Filter>
    </ClCompile>
    <ClCompile Include="..\libavfilter\dnn\dnn_backend_common.c">
      <Filter>Source Files\libavfilter\dnn</Filter>
    </ClCompile>
    <ClCompile Include="..\libavfilter\x86\scene_sad_init.c">
      <Filter>Source Files\libavfilter\x86</Filter>
    </ClCompile>
    <ClCompile Include="..\libavfilter\x86\af_afir_init.c">
      <Filter>Source Files\libavfilter\x86</Filter>
    </ClCompile>
    <ClCompile Include="..\libavfilter\x86\af_anlmdn_init.c">
      <Filter>Source Files\libavfilter\x86</Filter>
    </ClCompile>
    <ClCompile Include="..\libavfilter\x86\vf_atadenoise_init.c">
      <Filter>Source Files\libavfilter\x86</Filter>
    </ClCompile>
    <ClCompile Include="..\libavfilter\x86\vf_blend_init.c">
      <Filter>Source Files\libavfilter\x86</Filter>
    </ClCompile>
    <ClCompile Include="..\libavfilter\x86\vf_bwdif_init.c">
      <Filter>Source Files\libavfilter\x86</Filter>
    </ClCompile>
    <ClCompile Include="..\libavfilter\x86\colorspacedsp_init.c">
      <Filter>Source Files\libavfilter\x86</Filter>
    </ClCompile>
    <ClCompile Include="..\libavfilter\x86\vf_convolution_init.c">
      <Filter>Source Files\libavfilter\x86</Filter>
    </ClCompile>
    <ClCompile Include="..\libavfilter\x86\vf_gblur_init.c">
      <Filter>Source Files\libavfilter\x86</Filter>
    </ClCompile>
    <ClCompile Include="..\libavfilter\x86\vf_gradfun_init.c">
      <Filter>Source Files\libavfilter\x86</Filter>
    </ClCompile>
    <ClCompile Include="..\libavfilter\x86\vf_framerate_init.c">
      <Filter>Source Files\libavfilter\x86</Filter>
    </ClCompile>
    <ClCompile Include="..\libavfilter\x86\vf_hflip_init.c">
      <Filter>Source Files\libavfilter\x86</Filter>
    </ClCompile>
    <ClCompile Include="..\libavfilter\x86\vf_idet_init.c">
      <Filter>Source Files\libavfilter\x86</Filter>
    </ClCompile>
    <ClCompile Include="..\libavfilter\x86\vf_limiter_init.c">
      <Filter>Source Files\libavfilter\x86</Filter>
    </ClCompile>
    <ClCompile Include="..\libavfilter\x86\vf_lut3d_init.c">
      <Filter>Source Files\libavfilter\x86</Filter>
    </ClCompile>
    <ClCompile Include="..\libavfilter\x86\vf_maskedclamp_init.c">
      <Filter>Source Files\libavfilter\x86</Filter>
    </ClCompile>
    <ClCompile Include="..\libavfilter\x86\vf_maskedmerge_init.c">
      <Filter>Source Files\libavfilter\x86</Filter>
    </ClCompile>
    <ClCompile Include="..\libavfilter\x86\vf_nlmeans_init.c">
      <Filter>Source Files\libavfilter\x86</Filter>
    </ClCompile>
    <ClCompile Include="..\libavfilter\x86\vf_overlay_init.c">
      <Filter>Source Files\libavfilter\x86</Filter>
    </ClCompile>
    <ClCompile Include="..\libavfilter\x86\vf_psnr_init.c">
      <Filter>Source Files\libavfilter\x86</Filter>
    </ClCompile>
    <ClCompile Include="..\libavfilter\x86\vf_removegrain_init.c">
      <Filter>Source Files\libavfilter\x86</Filter>
    </ClCompile>
    <ClCompile Include="..\libavfilter\x86\avf_showcqt_init.c">
      <Filter>Source Files\libavfilter\x86</Filter>
    </ClCompile>
    <ClCompile Include="..\libavfilter\x86\vf_ssim_init.c">
      <Filter>Source Files\libavfilter\x86</Filter>
    </ClCompile>
    <ClCompile Include="..\libavfilter\x86\vf_threshold_init.c">
      <Filter>Source Files\libavfilter\x86</Filter>
    </ClCompile>
    <ClCompile Include="..\libavfilter\x86\vf_transpose_init.c">
      <Filter>Source Files\libavfilter\x86</Filter>
    </ClCompile>
    <ClCompile Include="..\libavfilter\x86\af_volume_init.c">
      <Filter>Source Files\libavfilter\x86</Filter>
    </ClCompile>
    <ClCompile Include="..\libavfilter\x86\vf_v360_init.c">
      <Filter>Source Files\libavfilter\x86</Filter>
    </ClCompile>
    <ClCompile Include="..\libavfilter\x86\vf_w3fdif_init.c">
      <Filter>Source Files\libavfilter\x86</Filter>
    </ClCompile>
    <ClCompile Include="..\libavfilter\x86\vf_yadif_init.c">
      <Filter>Source Files\libavfilter\x86</Filter>
    </ClCompile>
    <ClCompile Include="libavfilter\vsrc_ddagrab_wrap.c">
      <Filter>Source Files\libavfilter</Filter>
    </ClCompile>
    <ClCompile Include="libavfilter\dce_defs.c">
      <Filter>Source Files\libavfilter</Filter>
    </ClCompile>
    <ClCompile Include="..\libavfilter\scene_sad.c">
      <Filter>Source Files\libavfilter</Filter>
    </ClCompile>
    <ClCompile Include="..\libavfilter\af_afir.c">
      <Filter>Source Files\libavfilter</Filter>
    </ClCompile>
    <ClCompile Include="..\libavfilter\af_anlmdn.c">
      <Filter>Source Files\libavfilter</Filter>
    </ClCompile>
    <ClCompile Include="..\libavfilter\af_volume.c">
      <Filter>Source Files\libavfilter</Filter>
    </ClCompile>
    <ClCompile Include="..\libavfilter\vf_atadenoise.c">
      <Filter>Source Files\libavfilter</Filter>
    </ClCompile>
    <ClCompile Include="..\libavfilter\vf_blend.c">
      <Filter>Source Files\libavfilter</Filter>
    </ClCompile>
    <ClCompile Include="..\libavfilter\vf_bwdif.c">
      <Filter>Source Files\libavfilter</Filter>
    </ClCompile>
    <ClCompile Include="..\libavfilter\colorspacedsp.c">
      <Filter>Source Files\libavfilter</Filter>
    </ClCompile>
    <ClCompile Include="..\libavfilter\vf_convolution.c">
      <Filter>Source Files\libavfilter</Filter>
    </ClCompile>
    <ClCompile Include="..\libavfilter\vf_framerate.c">
      <Filter>Source Files\libavfilter</Filter>
    </ClCompile>
    <ClCompile Include="..\libavfilter\vf_gblur.c">
      <Filter>Source Files\libavfilter</Filter>
    </ClCompile>
    <ClCompile Include="..\libavfilter\vf_gradfun.c">
      <Filter>Source Files\libavfilter</Filter>
    </ClCompile>
    <ClCompile Include="..\libavfilter\vf_lut3d.c">
      <Filter>Source Files\libavfilter</Filter>
    </ClCompile>
    <ClCompile Include="..\libavfilter\vf_hflip.c">
      <Filter>Source Files\libavfilter</Filter>
    </ClCompile>
    <ClCompile Include="..\libavfilter\vf_idet.c">
      <Filter>Source Files\libavfilter</Filter>
    </ClCompile>
    <ClCompile Include="..\libavfilter\vf_limiter.c">
      <Filter>Source Files\libavfilter</Filter>
    </ClCompile>
    <ClCompile Include="..\libavfilter\vf_maskedclamp.c">
      <Filter>Source Files\libavfilter</Filter>
    </ClCompile>
    <ClCompile Include="..\libavfilter\vf_maskedmerge.c">
      <Filter>Source Files\libavfilter</Filter>
    </ClCompile>
    <ClCompile Include="..\libavfilter\vf_nlmeans.c">
      <Filter>Source Files\libavfilter</Filter>
    </ClCompile>
    <ClCompile Include="..\libavfilter\vf_overlay.c">
      <Filter>Source Files\libavfilter</Filter>
    </ClCompile>
    <ClCompile Include="..\libavfilter\vf_psnr.c">
      <Filter>Source Files\libavfilter</Filter>
    </ClCompile>
    <ClCompile Include="..\libavfilter\vf_ssim.c">
      <Filter>Source Files\libavfilter</Filter>
    </ClCompile>
    <ClCompile Include="..\libavfilter\vf_threshold.c">
      <Filter>Source Files\libavfilter</Filter>
    </ClCompile>
    <ClCompile Include="..\libavfilter\vf_transpose.c">
      <Filter>Source Files\libavfilter</Filter>
    </ClCompile>
    <ClCompile Include="..\libavfilter\vf_v360.c">
      <Filter>Source Files\libavfilter</Filter>
    </ClCompile>
    <ClCompile Include="..\libavfilter\vf_w3fdif.c">
      <Filter>Source Files\libavfilter</Filter>
    </ClCompile>
    <ClCompile Include="..\libavfilter\vf_yadif.c">
      <Filter>Source Files\libavfilter</Filter>
    </ClCompile>
    <ClCompile Include="..\libavfilter\avf_showcqt.c">
      <Filter>Source Files\libavfilter</Filter>
    </ClCompile>
    <ClCompile Include="..\libavfilter\x86\vf_noise.c">
      <Filter>Source Files\libavfilter\x86</Filter>
    </ClCompile>
  </ItemGroup>
  <ItemGroup>
    <ClCompile Include="..\libavfilter\log2_tab.c">
      <Filter>Source Files\libavfilter</Filter>
    </ClCompile>
  </ItemGroup>
  <ItemGroup>
    <ClInclude Include="..\libavfilter\avfilter.h">
      <Filter>Header Files\libavfilter</Filter>
    </ClInclude>
    <ClInclude Include="..\libavfilter\buffersink.h">
      <Filter>Header Files\libavfilter</Filter>
    </ClInclude>
    <ClInclude Include="..\libavfilter\buffersrc.h">
      <Filter>Header Files\libavfilter</Filter>
    </ClInclude>
    <ClInclude Include="..\libavfilter\version.h">
      <Filter>Header Files\libavfilter</Filter>
    </ClInclude>
    <ClInclude Include="..\libavfilter\version_major.h">
      <Filter>Header Files\libavfilter</Filter>
    </ClInclude>
  </ItemGroup>
</Project>