
Microsoft Visual Studio Solution File, Format Version 12.00
# Visual Studio 15
VisualStudioVersion = 15.0.28307.168
MinimumVisualStudioVersion = 10.0.40219.1
Project("{8BC9CEB8-8B4A-11D0-8D11-00A0C91BC942}") = "Crater", "..\mapgen\Crater.vcxproj", "{2538384B-6A3A-4699-967B-FCE2BC759734}"
EndProject
Project("{8BC9CEB8-8B4A-11D0-8D11-00A0C91BC942}") = "Plasma2", "..\mapgen\Plasma2.vcxproj", "{DDAD619F-F201-400F-8078-1FABB61A67B9}"
EndProject
Project("{8BC9CEB8-8B4A-11D0-8D11-00A0C91BC942}") = "ctp2", "civctp.vcxproj", "{0F07D21E-8E78-4D73-9166-A749CACC3942}"
	ProjectSection(ProjectDependencies) = postProject
		{CC0E5111-7CB9-4A43-94E1-91636C122C9A} = {CC0E5111-7CB9-4A43-94E1-91636C122C9A}
		{5D006720-4C22-456C-B098-EC0827C38428} = {5D006720-4C22-456C-B098-EC0827C38428}
		{50623A27-8A78-480B-AB96-786A3A1190B1} = {50623A27-8A78-480B-AB96-786A3A1190B1}
		{BC2E1028-66CD-41A0-AF90-EEBD8CC52787} = {BC2E1028-66CD-41A0-AF90-EEBD8CC52787}
		{6D8A6330-8EBE-49FD-9281-0A396F9F28F2} = {6D8A6330-8EBE-49FD-9281-0A396F9F28F2}
		{1439C843-CCCD-4210-AFE6-4F1B12F8F342} = {1439C843-CCCD-4210-AFE6-4F1B12F8F342}
		{BCC6AF47-0768-407F-9817-22EF82C23AD1} = {BCC6AF47-0768-407F-9817-22EF82C23AD1}
		{2538384B-6A3A-4699-967B-FCE2BC759734} = {2538384B-6A3A-4699-967B-FCE2BC759734}
		{75AD9466-9CFE-47C6-A3FA-C6A4A9DEEF45} = {75AD9466-9CFE-47C6-A3FA-C6A4A9DEEF45}
		{43953987-E1BC-4426-903B-864B7204D7CC} = {43953987-E1BC-4426-903B-864B7204D7CC}
		{30A96E9B-8061-4F19-BD71-FDE7EA8F7929} = {30A96E9B-8061-4F19-BD71-FDE7EA8F7929}
		{DDAD619F-F201-400F-8078-1FABB61A67B9} = {DDAD619F-F201-400F-8078-1FABB61A67B9}
		{6E165FA4-44EB-4330-8394-9F0D76D8E03E} = {6E165FA4-44EB-4330-8394-9F0D76D8E03E}
		{8E01F3A6-2A56-458F-ACE5-EE25A2EAF74B} = {8E01F3A6-2A56-458F-ACE5-EE25A2EAF74B}
		{CE6C44DD-6E38-4293-8AB3-04EE28CCA972} = {CE6C44DD-6E38-4293-8AB3-04EE28CCA972}
		{D28D47E4-CC16-417C-A78D-9762707AC8D0} = {D28D47E4-CC16-417C-A78D-9762707AC8D0}
		{3CE4A9EF-98B6-4454-B76E-3AD9C03A2114} = {3CE4A9EF-98B6-4454-B76E-3AD9C03A2114}
		{8FD826F8-3739-44E6-8CC8-997122E53B8D} = {8FD826F8-3739-44E6-8CC8-997122E53B8D}
		{B4824EFF-C340-425D-A4A8-E2E02A71A7AE} = {B4824EFF-C340-425D-A4A8-E2E02A71A7AE}
	EndProjectSection
EndProject
Project("{8BC9CEB8-8B4A-11D0-8D11-00A0C91BC942}") = "dbgen", "..\gs\dbgen\dbgen.vcxproj", "{BCC6AF47-0768-407F-9817-22EF82C23AD1}"
EndProject
Project("{8BC9CEB8-8B4A-11D0-8D11-00A0C91BC942}") = "fault", "..\mapgen\fault.vcxproj", "{CC0E5111-7CB9-4A43-94E1-91636C122C9A}"
EndProject
Project("{8BC9CEB8-8B4A-11D0-8D11-00A0C91BC942}") = "geometric", "..\mapgen\geometric.vcxproj", "{1439C843-CCCD-4210-AFE6-4F1B12F8F342}"
EndProject
Project("{8BC9CEB8-8B4A-11D0-8D11-00A0C91BC942}") = "freetype", "..\libs\freetype-1.3.1\lib\arch\win32\freetype.vcxproj", "{8E01F3A6-2A56-458F-ACE5-EE25A2EAF74B}"
EndProject
Project("{8BC9CEB8-8B4A-11D0-8D11-00A0C91BC942}") = "anet", "..\libs\anet\anet.vcxproj", "{75AD9466-9CFE-47C6-A3FA-C6A4A9DEEF45}"
EndProject
Project("{8BC9CEB8-8B4A-11D0-8D11-00A0C91BC942}") = "zlibvc", "..\libs\zlib-1.3.1\contrib\vstudio\vc\zlibvc.vcxproj", "{8FD826F8-3739-44E6-8CC8-997122E53B8D}"
EndProject
Project("{8BC9CEB8-8B4A-11D0-8D11-00A0C91BC942}") = "tiff", "..\libs\tiff-4.7.0\tiff.vcxproj", "{5D006720-4C22-456C-B098-EC0827C38428}"
EndProject
Project("{8BC9CEB8-8B4A-11D0-8D11-00A0C91BC942}") = "libavcodec", "..\libs\FFmpeg-n6.1.2\SMP\libavcodec.vcxproj", "{B4824EFF-C340-425D-A4A8-E2E02A71A7AE}"
	ProjectSection(ProjectDependencies) = postProject
		{CE6C44DD-6E38-4293-8AB3-04EE28CCA972} = {CE6C44DD-6E38-4293-8AB3-04EE28CCA972}
		{3CE4A9EF-98B6-4454-B76E-3AD9C03A2114} = {3CE4A9EF-98B6-4454-B76E-3AD9C03A2114}
	EndProjectSection
EndProject
Project("{8BC9CEB8-8B4A-11D0-8D11-00A0C91BC942}") = "libavdevice", "..\libs\FFmpeg-n6.1.2\SMP\libavdevice.vcxproj", "{6E165FA4-44EB-4330-8394-9F0D76D8E03E}"
	ProjectSection(ProjectDependencies) = postProject
		{BC2E1028-66CD-41A0-AF90-EEBD8CC52787} = {BC2E1028-66CD-41A0-AF90-EEBD8CC52787}
		{30A96E9B-8061-4F19-BD71-FDE7EA8F7929} = {30A96E9B-8061-4F19-BD71-FDE7EA8F7929}
		{CE6C44DD-6E38-4293-8AB3-04EE28CCA972} = {CE6C44DD-6E38-4293-8AB3-04EE28CCA972}
		{B4824EFF-C340-425D-A4A8-E2E02A71A7AE} = {B4824EFF-C340-425D-A4A8-E2E02A71A7AE}
	EndProjectSection
EndProject
Project("{8BC9CEB8-8B4A-11D0-8D11-00A0C91BC942}") = "libavfilter", "..\libs\FFmpeg-n6.1.2\SMP\libavfilter.vcxproj", "{BC2E1028-66CD-41A0-AF90-EEBD8CC52787}"
	ProjectSection(ProjectDependencies) = postProject
		{6D8A6330-8EBE-49FD-9281-0A396F9F28F2} = {6D8A6330-8EBE-49FD-9281-0A396F9F28F2}
		{30A96E9B-8061-4F19-BD71-FDE7EA8F7929} = {30A96E9B-8061-4F19-BD71-FDE7EA8F7929}
		{CE6C44DD-6E38-4293-8AB3-04EE28CCA972} = {CE6C44DD-6E38-4293-8AB3-04EE28CCA972}
		{3CE4A9EF-98B6-4454-B76E-3AD9C03A2114} = {3CE4A9EF-98B6-4454-B76E-3AD9C03A2114}
		{B4824EFF-C340-425D-A4A8-E2E02A71A7AE} = {B4824EFF-C340-425D-A4A8-E2E02A71A7AE}
	EndProjectSection
EndProject
Project("{8BC9CEB8-8B4A-11D0-8D11-00A0C91BC942}") = "libavformat", "..\libs\FFmpeg-n6.1.2\SMP\libavformat.vcxproj", "{30A96E9B-8061-4F19-BD71-FDE7EA8F7929}"
	ProjectSection(ProjectDependencies) = postProject
		{CE6C44DD-6E38-4293-8AB3-04EE28CCA972} = {CE6C44DD-6E38-4293-8AB3-04EE28CCA972}
		{B4824EFF-C340-425D-A4A8-E2E02A71A7AE} = {B4824EFF-C340-425D-A4A8-E2E02A71A7AE}
	EndProjectSection
EndProject
Project("{8BC9CEB8-8B4A-11D0-8D11-00A0C91BC942}") = "libavutil", "..\libs\FFmpeg-n6.1.2\SMP\libavutil.vcxproj", "{CE6C44DD-6E38-4293-8AB3-04EE28CCA972}"
EndProject
Project("{8BC9CEB8-8B4A-11D0-8D11-00A0C91BC942}") = "libswresample", "..\libs\FFmpeg-n6.1.2\SMP\libswresample.vcxproj", "{3CE4A9EF-98B6-4454-B76E-3AD9C03A2114}"
	ProjectSection(ProjectDependencies) = postProject
		{CE6C44DD-6E38-4293-8AB3-04EE28CCA972} = {CE6C44DD-6E38-4293-8AB3-04EE28CCA972}
	EndProjectSection
EndProject
Project("{8BC9CEB8-8B4A-11D0-8D11-00A0C91BC942}") = "libswscale", "..\libs\FFmpeg-n6.1.2\SMP\libswscale.vcxproj", "{6D8A6330-8EBE-49FD-9281-0A396F9F28F2}"
	ProjectSection(ProjectDependencies) = postProject
		{CE6C44DD-6E38-4293-8AB3-04EE28CCA972} = {CE6C44DD-6E38-4293-8AB3-04EE28CCA972}
	EndProjectSection
EndProject
Project("{8BC9CEB8-8B4A-11D0-8D11-00A0C91BC942}") = "wipx", "..\libs\anet\wipx\wipx.vcxproj", "{D28D47E4-CC16-417C-A78D-9762707AC8D0}"
EndProject
Project("{8BC9CEB8-8B4A-11D0-8D11-00A0C91BC942}") = "wudplan", "..\libs\anet\wudplan\wudplan.vcxproj", "{50623A27-8A78-480B-AB96-786A3A1190B1}"
EndProject
Project("{8BC9CEB8-8B4A-11D0-8D11-00A0C91BC942}") = "winets", "..\libs\anet\winets\winets.vcxproj", "{43953987-E1BC-4426-903B-864B7204D7CC}"
EndProject
Global
	GlobalSection(SolutionConfigurationPlatforms) = preSolution
		Debug|ARM = Debug|ARM
		Debug|ARM64 = Debug|ARM64
		Debug|Win32 = Debug|Win32
		Debug|x64 = Debug|x64
		Debug-SDL|ARM = Debug-SDL|ARM
		Debug-SDL|ARM64 = Debug-SDL|ARM64
		Debug-SDL|Win32 = Debug-SDL|Win32
		Debug-SDL|x64 = Debug-SDL|x64
		Final|ARM = Final|ARM
		Final|ARM64 = Final|ARM64
		Final|Win32 = Final|Win32
		Final|x64 = Final|x64
		Final-SDL|ARM = Final-SDL|ARM
		Final-SDL|ARM64 = Final-SDL|ARM64
		Final-SDL|Win32 = Final-SDL|Win32
		Final-SDL|x64 = Final-SDL|x64
		Logging|ARM = Logging|ARM
		Logging|ARM64 = Logging|ARM64
		Logging|Win32 = Logging|Win32
		Logging|x64 = Logging|x64
		Logging-SDL|ARM = Logging-SDL|ARM
		Logging-SDL|ARM64 = Logging-SDL|ARM64
		Logging-SDL|Win32 = Logging-SDL|Win32
		Logging-SDL|x64 = Logging-SDL|x64
		Release|ARM = Release|ARM
		Release|ARM64 = Release|ARM64
		Release|Win32 = Release|Win32
		Release|x64 = Release|x64
	EndGlobalSection
	GlobalSection(ProjectConfigurationPlatforms) = postSolution
		{2538384B-6A3A-4699-967B-FCE2BC759734}.Debug|ARM.ActiveCfg = Debug|ARM
		{2538384B-6A3A-4699-967B-FCE2BC759734}.Debug|ARM.Build.0 = Debug|ARM
		{2538384B-6A3A-4699-967B-FCE2BC759734}.Debug|ARM64.ActiveCfg = Debug|ARM64
		{2538384B-6A3A-4699-967B-FCE2BC759734}.Debug|ARM64.Build.0 = Debug|ARM64
		{2538384B-6A3A-4699-967B-FCE2BC759734}.Debug|Win32.ActiveCfg = Debug|Win32
		{2538384B-6A3A-4699-967B-FCE2BC759734}.Debug|Win32.Build.0 = Debug|Win32
		{2538384B-6A3A-4699-967B-FCE2BC759734}.Debug|x64.ActiveCfg = Debug|x64
		{2538384B-6A3A-4699-967B-FCE2BC759734}.Debug|x64.Build.0 = Debug|x64
		{2538384B-6A3A-4699-967B-FCE2BC759734}.Debug-SDL|ARM.ActiveCfg = Debug|ARM
		{2538384B-6A3A-4699-967B-FCE2BC759734}.Debug-SDL|ARM.Build.0 = Debug|ARM
		{2538384B-6A3A-4699-967B-FCE2BC759734}.Debug-SDL|ARM64.ActiveCfg = Debug|ARM64
		{2538384B-6A3A-4699-967B-FCE2BC759734}.Debug-SDL|ARM64.Build.0 = Debug|ARM64
		{2538384B-6A3A-4699-967B-FCE2BC759734}.Debug-SDL|Win32.ActiveCfg = Debug|Win32
		{2538384B-6A3A-4699-967B-FCE2BC759734}.Debug-SDL|Win32.Build.0 = Debug|Win32
		{2538384B-6A3A-4699-967B-FCE2BC759734}.Debug-SDL|x64.ActiveCfg = Debug|x64
		{2538384B-6A3A-4699-967B-FCE2BC759734}.Debug-SDL|x64.Build.0 = Debug|x64
		{2538384B-6A3A-4699-967B-FCE2BC759734}.Final|ARM.ActiveCfg = Final|ARM
		{2538384B-6A3A-4699-967B-FCE2BC759734}.Final|ARM.Build.0 = Final|ARM
		{2538384B-6A3A-4699-967B-FCE2BC759734}.Final|ARM64.ActiveCfg = Final|ARM64
		{2538384B-6A3A-4699-967B-FCE2BC759734}.Final|ARM64.Build.0 = Final|ARM64
		{2538384B-6A3A-4699-967B-FCE2BC759734}.Final|Win32.ActiveCfg = Final|Win32
		{2538384B-6A3A-4699-967B-FCE2BC759734}.Final|Win32.Build.0 = Final|Win32
		{2538384B-6A3A-4699-967B-FCE2BC759734}.Final|x64.ActiveCfg = Final|x64
		{2538384B-6A3A-4699-967B-FCE2BC759734}.Final|x64.Build.0 = Final|x64
		{2538384B-6A3A-4699-967B-FCE2BC759734}.Final-SDL|ARM.ActiveCfg = Final|ARM
		{2538384B-6A3A-4699-967B-FCE2BC759734}.Final-SDL|ARM.Build.0 = Final|ARM
		{2538384B-6A3A-4699-967B-FCE2BC759734}.Final-SDL|ARM64.ActiveCfg = Final|ARM64
		{2538384B-6A3A-4699-967B-FCE2BC759734}.Final-SDL|ARM64.Build.0 = Final|ARM64
		{2538384B-6A3A-4699-967B-FCE2BC759734}.Final-SDL|Win32.ActiveCfg = Final|Win32
		{2538384B-6A3A-4699-967B-FCE2BC759734}.Final-SDL|Win32.Build.0 = Final|Win32
		{2538384B-6A3A-4699-967B-FCE2BC759734}.Final-SDL|x64.ActiveCfg = Final|x64
		{2538384B-6A3A-4699-967B-FCE2BC759734}.Final-SDL|x64.Build.0 = Final|x64
		{2538384B-6A3A-4699-967B-FCE2BC759734}.Logging|ARM.ActiveCfg = Final|ARM
		{2538384B-6A3A-4699-967B-FCE2BC759734}.Logging|ARM.Build.0 = Final|ARM
		{2538384B-6A3A-4699-967B-FCE2BC759734}.Logging|ARM64.ActiveCfg = Final|ARM64
		{2538384B-6A3A-4699-967B-FCE2BC759734}.Logging|ARM64.Build.0 = Final|ARM64
		{2538384B-6A3A-4699-967B-FCE2BC759734}.Logging|Win32.ActiveCfg = Final|Win32
		{2538384B-6A3A-4699-967B-FCE2BC759734}.Logging|Win32.Build.0 = Final|Win32
		{2538384B-6A3A-4699-967B-FCE2BC759734}.Logging|x64.ActiveCfg = Final|x64
		{2538384B-6A3A-4699-967B-FCE2BC759734}.Logging|x64.Build.0 = Final|x64
		{2538384B-6A3A-4699-967B-FCE2BC759734}.Logging-SDL|ARM.ActiveCfg = Final|ARM
		{2538384B-6A3A-4699-967B-FCE2BC759734}.Logging-SDL|ARM.Build.0 = Final|ARM
		{2538384B-6A3A-4699-967B-FCE2BC759734}.Logging-SDL|ARM64.ActiveCfg = Final|ARM64
		{2538384B-6A3A-4699-967B-FCE2BC759734}.Logging-SDL|ARM64.Build.0 = Final|ARM64
		{2538384B-6A3A-4699-967B-FCE2BC759734}.Logging-SDL|Win32.ActiveCfg = Final|Win32
		{2538384B-6A3A-4699-967B-FCE2BC759734}.Logging-SDL|Win32.Build.0 = Final|Win32
		{2538384B-6A3A-4699-967B-FCE2BC759734}.Logging-SDL|x64.ActiveCfg = Final|x64
		{2538384B-6A3A-4699-967B-FCE2BC759734}.Logging-SDL|x64.Build.0 = Final|x64
		{2538384B-6A3A-4699-967B-FCE2BC759734}.Release|ARM.ActiveCfg = Final|ARM
		{2538384B-6A3A-4699-967B-FCE2BC759734}.Release|ARM.Build.0 = Final|ARM
		{2538384B-6A3A-4699-967B-FCE2BC759734}.Release|ARM64.ActiveCfg = Final|ARM64
		{2538384B-6A3A-4699-967B-FCE2BC759734}.Release|ARM64.Build.0 = Final|ARM64
		{2538384B-6A3A-4699-967B-FCE2BC759734}.Release|Win32.ActiveCfg = Final|Win32
		{2538384B-6A3A-4699-967B-FCE2BC759734}.Release|Win32.Build.0 = Final|Win32
		{2538384B-6A3A-4699-967B-FCE2BC759734}.Release|x64.ActiveCfg = Final|x64
		{2538384B-6A3A-4699-967B-FCE2BC759734}.Release|x64.Build.0 = Final|x64
		{DDAD619F-F201-400F-8078-1FABB61A67B9}.Debug|ARM.ActiveCfg = Debug|ARM
		{DDAD619F-F201-400F-8078-1FABB61A67B9}.Debug|ARM.Build.0 = Debug|ARM
		{DDAD619F-F201-400F-8078-1FABB61A67B9}.Debug|ARM64.ActiveCfg = Debug|ARM64
		{DDAD619F-F201-400F-8078-1FABB61A67B9}.Debug|ARM64.Build.0 = Debug|ARM64
		{DDAD619F-F201-400F-8078-1FABB61A67B9}.Debug|Win32.ActiveCfg = Debug|Win32
		{DDAD619F-F201-400F-8078-1FABB61A67B9}.Debug|Win32.Build.0 = Debug|Win32
		{DDAD619F-F201-400F-8078-1FABB61A67B9}.Debug|x64.ActiveCfg = Debug|x64
		{DDAD619F-F201-400F-8078-1FABB61A67B9}.Debug|x64.Build.0 = Debug|x64
		{DDAD619F-F201-400F-8078-1FABB61A67B9}.Debug-SDL|ARM.ActiveCfg = Debug|ARM
		{DDAD619F-F201-400F-8078-1FABB61A67B9}.Debug-SDL|ARM.Build.0 = Debug|ARM
		{DDAD619F-F201-400F-8078-1FABB61A67B9}.Debug-SDL|ARM64.ActiveCfg = Debug|ARM64
		{DDAD619F-F201-400F-8078-1FABB61A67B9}.Debug-SDL|ARM64.Build.0 = Debug|ARM64
		{DDAD619F-F201-400F-8078-1FABB61A67B9}.Debug-SDL|Win32.ActiveCfg = Debug|Win32
		{DDAD619F-F201-400F-8078-1FABB61A67B9}.Debug-SDL|Win32.Build.0 = Debug|Win32
		{DDAD619F-F201-400F-8078-1FABB61A67B9}.Debug-SDL|x64.ActiveCfg = Debug|x64
		{DDAD619F-F201-400F-8078-1FABB61A67B9}.Debug-SDL|x64.Build.0 = Debug|x64
		{DDAD619F-F201-400F-8078-1FABB61A67B9}.Final|ARM.ActiveCfg = Final|ARM
		{DDAD619F-F201-400F-8078-1FABB61A67B9}.Final|ARM.Build.0 = Final|ARM
		{DDAD619F-F201-400F-8078-1FABB61A67B9}.Final|ARM64.ActiveCfg = Final|ARM64
		{DDAD619F-F201-400F-8078-1FABB61A67B9}.Final|ARM64.Build.0 = Final|ARM64
		{DDAD619F-F201-400F-8078-1FABB61A67B9}.Final|Win32.ActiveCfg = Final|Win32
		{DDAD619F-F201-400F-8078-1FABB61A67B9}.Final|Win32.Build.0 = Final|Win32
		{DDAD619F-F201-400F-8078-1FABB61A67B9}.Final|x64.ActiveCfg = Final|x64
		{DDAD619F-F201-400F-8078-1FABB61A67B9}.Final|x64.Build.0 = Final|x64
		{DDAD619F-F201-400F-8078-1FABB61A67B9}.Final-SDL|ARM.ActiveCfg = Final|ARM
		{DDAD619F-F201-400F-8078-1FABB61A67B9}.Final-SDL|ARM.Build.0 = Final|ARM
		{DDAD619F-F201-400F-8078-1FABB61A67B9}.Final-SDL|ARM64.ActiveCfg = Final|ARM64
		{DDAD619F-F201-400F-8078-1FABB61A67B9}.Final-SDL|ARM64.Build.0 = Final|ARM64
		{DDAD619F-F201-400F-8078-1FABB61A67B9}.Final-SDL|Win32.ActiveCfg = Final|Win32
		{DDAD619F-F201-400F-8078-1FABB61A67B9}.Final-SDL|Win32.Build.0 = Final|Win32
		{DDAD619F-F201-400F-8078-1FABB61A67B9}.Final-SDL|x64.ActiveCfg = Final|x64
		{DDAD619F-F201-400F-8078-1FABB61A67B9}.Final-SDL|x64.Build.0 = Final|x64
		{DDAD619F-F201-400F-8078-1FABB61A67B9}.Logging|ARM.ActiveCfg = Final|ARM
		{DDAD619F-F201-400F-8078-1FABB61A67B9}.Logging|ARM.Build.0 = Final|ARM
		{DDAD619F-F201-400F-8078-1FABB61A67B9}.Logging|ARM64.ActiveCfg = Final|ARM64
		{DDAD619F-F201-400F-8078-1FABB61A67B9}.Logging|ARM64.Build.0 = Final|ARM64
		{DDAD619F-F201-400F-8078-1FABB61A67B9}.Logging|Win32.ActiveCfg = Final|Win32
		{DDAD619F-F201-400F-8078-1FABB61A67B9}.Logging|Win32.Build.0 = Final|Win32
		{DDAD619F-F201-400F-8078-1FABB61A67B9}.Logging|x64.ActiveCfg = Final|x64
		{DDAD619F-F201-400F-8078-1FABB61A67B9}.Logging|x64.Build.0 = Final|x64
		{DDAD619F-F201-400F-8078-1FABB61A67B9}.Logging-SDL|ARM.ActiveCfg = Final|ARM
		{DDAD619F-F201-400F-8078-1FABB61A67B9}.Logging-SDL|ARM.Build.0 = Final|ARM
		{DDAD619F-F201-400F-8078-1FABB61A67B9}.Logging-SDL|ARM64.ActiveCfg = Final|ARM64
		{DDAD619F-F201-400F-8078-1FABB61A67B9}.Logging-SDL|ARM64.Build.0 = Final|ARM64
		{DDAD619F-F201-400F-8078-1FABB61A67B9}.Logging-SDL|Win32.ActiveCfg = Final|Win32
		{DDAD619F-F201-400F-8078-1FABB61A67B9}.Logging-SDL|Win32.Build.0 = Final|Win32
		{DDAD619F-F201-400F-8078-1FABB61A67B9}.Logging-SDL|x64.ActiveCfg = Final|x64
		{DDAD619F-F201-400F-8078-1FABB61A67B9}.Logging-SDL|x64.Build.0 = Final|x64
		{DDAD619F-F201-400F-8078-1FABB61A67B9}.Release|ARM.ActiveCfg = Final|ARM
		{DDAD619F-F201-400F-8078-1FABB61A67B9}.Release|ARM.Build.0 = Final|ARM
		{DDAD619F-F201-400F-8078-1FABB61A67B9}.Release|ARM64.ActiveCfg = Final|ARM64
		{DDAD619F-F201-400F-8078-1FABB61A67B9}.Release|ARM64.Build.0 = Final|ARM64
		{DDAD619F-F201-400F-8078-1FABB61A67B9}.Release|Win32.ActiveCfg = Final|Win32
		{DDAD619F-F201-400F-8078-1FABB61A67B9}.Release|Win32.Build.0 = Final|Win32
		{DDAD619F-F201-400F-8078-1FABB61A67B9}.Release|x64.ActiveCfg = Final|x64
		{DDAD619F-F201-400F-8078-1FABB61A67B9}.Release|x64.Build.0 = Final|x64
		{0F07D21E-8E78-4D73-9166-A749CACC3942}.Debug|ARM.ActiveCfg = Debug|ARM
		{0F07D21E-8E78-4D73-9166-A749CACC3942}.Debug|ARM.Build.0 = Debug|ARM
		{0F07D21E-8E78-4D73-9166-A749CACC3942}.Debug|ARM64.ActiveCfg = Debug|ARM64
		{0F07D21E-8E78-4D73-9166-A749CACC3942}.Debug|ARM64.Build.0 = Debug|ARM64
		{0F07D21E-8E78-4D73-9166-A749CACC3942}.Debug|Win32.ActiveCfg = Debug|Win32
		{0F07D21E-8E78-4D73-9166-A749CACC3942}.Debug|Win32.Build.0 = Debug|Win32
		{0F07D21E-8E78-4D73-9166-A749CACC3942}.Debug|x64.ActiveCfg = Debug|x64
		{0F07D21E-8E78-4D73-9166-A749CACC3942}.Debug|x64.Build.0 = Debug|x64
		{0F07D21E-8E78-4D73-9166-A749CACC3942}.Debug-SDL|ARM.ActiveCfg = Debug-SDL|ARM
		{0F07D21E-8E78-4D73-9166-A749CACC3942}.Debug-SDL|ARM.Build.0 = Debug-SDL|ARM
		{0F07D21E-8E78-4D73-9166-A749CACC3942}.Debug-SDL|ARM64.ActiveCfg = Debug-SDL|ARM64
		{0F07D21E-8E78-4D73-9166-A749CACC3942}.Debug-SDL|ARM64.Build.0 = Debug-SDL|ARM64
		{0F07D21E-8E78-4D73-9166-A749CACC3942}.Debug-SDL|Win32.ActiveCfg = Debug-SDL|Win32
		{0F07D21E-8E78-4D73-9166-A749CACC3942}.Debug-SDL|Win32.Build.0 = Debug-SDL|Win32
		{0F07D21E-8E78-4D73-9166-A749CACC3942}.Debug-SDL|x64.ActiveCfg = Debug-SDL|x64
		{0F07D21E-8E78-4D73-9166-A749CACC3942}.Debug-SDL|x64.Build.0 = Debug-SDL|x64
		{0F07D21E-8E78-4D73-9166-A749CACC3942}.Final|ARM.ActiveCfg = Final|ARM
		{0F07D21E-8E78-4D73-9166-A749CACC3942}.Final|ARM.Build.0 = Final|ARM
		{0F07D21E-8E78-4D73-9166-A749CACC3942}.Final|ARM64.ActiveCfg = Final|ARM64
		{0F07D21E-8E78-4D73-9166-A749CACC3942}.Final|ARM64.Build.0 = Final|ARM64
		{0F07D21E-8E78-4D73-9166-A749CACC3942}.Final|Win32.ActiveCfg = Final|Win32
		{0F07D21E-8E78-4D73-9166-A749CACC3942}.Final|Win32.Build.0 = Final|Win32
		{0F07D21E-8E78-4D73-9166-A749CACC3942}.Final|x64.ActiveCfg = Final|x64
		{0F07D21E-8E78-4D73-9166-A749CACC3942}.Final|x64.Build.0 = Final|x64
		{0F07D21E-8E78-4D73-9166-A749CACC3942}.Final-SDL|ARM.ActiveCfg = Final-SDL|ARM
		{0F07D21E-8E78-4D73-9166-A749CACC3942}.Final-SDL|ARM.Build.0 = Final-SDL|ARM
		{0F07D21E-8E78-4D73-9166-A749CACC3942}.Final-SDL|ARM64.ActiveCfg = Final-SDL|ARM64
		{0F07D21E-8E78-4D73-9166-A749CACC3942}.Final-SDL|ARM64.Build.0 = Final-SDL|ARM64
		{0F07D21E-8E78-4D73-9166-A749CACC3942}.Final-SDL|Win32.ActiveCfg = Final-SDL|Win32
		{0F07D21E-8E78-4D73-9166-A749CACC3942}.Final-SDL|Win32.Build.0 = Final-SDL|Win32
		{0F07D21E-8E78-4D73-9166-A749CACC3942}.Final-SDL|x64.ActiveCfg = Final-SDL|x64
		{0F07D21E-8E78-4D73-9166-A749CACC3942}.Final-SDL|x64.Build.0 = Final-SDL|x64
		{0F07D21E-8E78-4D73-9166-A749CACC3942}.Logging|ARM.ActiveCfg = Logging|ARM
		{0F07D21E-8E78-4D73-9166-A749CACC3942}.Logging|ARM.Build.0 = Logging|ARM
		{0F07D21E-8E78-4D73-9166-A749CACC3942}.Logging|ARM64.ActiveCfg = Logging|ARM64
		{0F07D21E-8E78-4D73-9166-A749CACC3942}.Logging|ARM64.Build.0 = Logging|ARM64
		{0F07D21E-8E78-4D73-9166-A749CACC3942}.Logging|Win32.ActiveCfg = Logging|Win32
		{0F07D21E-8E78-4D73-9166-A749CACC3942}.Logging|Win32.Build.0 = Logging|Win32
		{0F07D21E-8E78-4D73-9166-A749CACC3942}.Logging|x64.ActiveCfg = Logging|x64
		{0F07D21E-8E78-4D73-9166-A749CACC3942}.Logging|x64.Build.0 = Logging|x64
		{0F07D21E-8E78-4D73-9166-A749CACC3942}.Logging-SDL|ARM.ActiveCfg = Logging-SDL|ARM
		{0F07D21E-8E78-4D73-9166-A749CACC3942}.Logging-SDL|ARM.Build.0 = Logging-SDL|ARM
		{0F07D21E-8E78-4D73-9166-A749CACC3942}.Logging-SDL|ARM64.ActiveCfg = Logging-SDL|ARM64
		{0F07D21E-8E78-4D73-9166-A749CACC3942}.Logging-SDL|ARM64.Build.0 = Logging-SDL|ARM64
		{0F07D21E-8E78-4D73-9166-A749CACC3942}.Logging-SDL|Win32.ActiveCfg = Logging-SDL|Win32
		{0F07D21E-8E78-4D73-9166-A749CACC3942}.Logging-SDL|Win32.Build.0 = Logging-SDL|Win32
		{0F07D21E-8E78-4D73-9166-A749CACC3942}.Logging-SDL|x64.ActiveCfg = Logging-SDL|x64
		{0F07D21E-8E78-4D73-9166-A749CACC3942}.Logging-SDL|x64.Build.0 = Logging-SDL|x64
		{0F07D21E-8E78-4D73-9166-A749CACC3942}.Release|ARM.ActiveCfg = Release|ARM
		{0F07D21E-8E78-4D73-9166-A749CACC3942}.Release|ARM.Build.0 = Release|ARM
		{0F07D21E-8E78-4D73-9166-A749CACC3942}.Release|ARM64.ActiveCfg = Release|ARM64
		{0F07D21E-8E78-4D73-9166-A749CACC3942}.Release|ARM64.Build.0 = Release|ARM64
		{0F07D21E-8E78-4D73-9166-A749CACC3942}.Release|Win32.ActiveCfg = Release|Win32
		{0F07D21E-8E78-4D73-9166-A749CACC3942}.Release|Win32.Build.0 = Release|Win32
		{0F07D21E-8E78-4D73-9166-A749CACC3942}.Release|x64.ActiveCfg = Release|x64
		{0F07D21E-8E78-4D73-9166-A749CACC3942}.Release|x64.Build.0 = Release|x64
		{BCC6AF47-0768-407F-9817-22EF82C23AD1}.Debug|ARM.ActiveCfg = Debug|ARM
		{BCC6AF47-0768-407F-9817-22EF82C23AD1}.Debug|ARM.Build.0 = Debug|ARM
		{BCC6AF47-0768-407F-9817-22EF82C23AD1}.Debug|ARM64.ActiveCfg = Debug|ARM64
		{BCC6AF47-0768-407F-9817-22EF82C23AD1}.Debug|ARM64.Build.0 = Debug|ARM64
		{BCC6AF47-0768-407F-9817-22EF82C23AD1}.Debug|Win32.ActiveCfg = Debug|Win32
		{BCC6AF47-0768-407F-9817-22EF82C23AD1}.Debug|Win32.Build.0 = Debug|Win32
		{BCC6AF47-0768-407F-9817-22EF82C23AD1}.Debug|x64.ActiveCfg = Debug|x64
		{BCC6AF47-0768-407F-9817-22EF82C23AD1}.Debug|x64.Build.0 = Debug|x64
		{BCC6AF47-0768-407F-9817-22EF82C23AD1}.Debug-SDL|ARM.ActiveCfg = Debug|ARM
		{BCC6AF47-0768-407F-9817-22EF82C23AD1}.Debug-SDL|ARM.Build.0 = Debug|ARM
		{BCC6AF47-0768-407F-9817-22EF82C23AD1}.Debug-SDL|ARM64.ActiveCfg = Debug|ARM64
		{BCC6AF47-0768-407F-9817-22EF82C23AD1}.Debug-SDL|ARM64.Build.0 = Debug|ARM64
		{BCC6AF47-0768-407F-9817-22EF82C23AD1}.Debug-SDL|Win32.ActiveCfg = Debug|Win32
		{BCC6AF47-0768-407F-9817-22EF82C23AD1}.Debug-SDL|Win32.Build.0 = Debug|Win32
		{BCC6AF47-0768-407F-9817-22EF82C23AD1}.Debug-SDL|x64.ActiveCfg = Debug|x64
		{BCC6AF47-0768-407F-9817-22EF82C23AD1}.Debug-SDL|x64.Build.0 = Debug|x64
		{BCC6AF47-0768-407F-9817-22EF82C23AD1}.Final|ARM.ActiveCfg = Final|ARM
		{BCC6AF47-0768-407F-9817-22EF82C23AD1}.Final|ARM.Build.0 = Final|ARM
		{BCC6AF47-0768-407F-9817-22EF82C23AD1}.Final|ARM64.ActiveCfg = Final|ARM64
		{BCC6AF47-0768-407F-9817-22EF82C23AD1}.Final|ARM64.Build.0 = Final|ARM64
		{BCC6AF47-0768-407F-9817-22EF82C23AD1}.Final|Win32.ActiveCfg = Final|Win32
		{BCC6AF47-0768-407F-9817-22EF82C23AD1}.Final|Win32.Build.0 = Final|Win32
		{BCC6AF47-0768-407F-9817-22EF82C23AD1}.Final|x64.ActiveCfg = Final|x64
		{BCC6AF47-0768-407F-9817-22EF82C23AD1}.Final|x64.Build.0 = Final|x64
		{BCC6AF47-0768-407F-9817-22EF82C23AD1}.Final-SDL|ARM.ActiveCfg = Final|ARM
		{BCC6AF47-0768-407F-9817-22EF82C23AD1}.Final-SDL|ARM.Build.0 = Final|ARM
		{BCC6AF47-0768-407F-9817-22EF82C23AD1}.Final-SDL|ARM64.ActiveCfg = Final|ARM64
		{BCC6AF47-0768-407F-9817-22EF82C23AD1}.Final-SDL|ARM64.Build.0 = Final|ARM64
		{BCC6AF47-0768-407F-9817-22EF82C23AD1}.Final-SDL|Win32.ActiveCfg = Final|Win32
		{BCC6AF47-0768-407F-9817-22EF82C23AD1}.Final-SDL|Win32.Build.0 = Final|Win32
		{BCC6AF47-0768-407F-9817-22EF82C23AD1}.Final-SDL|x64.ActiveCfg = Final|x64
		{BCC6AF47-0768-407F-9817-22EF82C23AD1}.Final-SDL|x64.Build.0 = Final|x64
		{BCC6AF47-0768-407F-9817-22EF82C23AD1}.Logging|ARM.ActiveCfg = Final|ARM
		{BCC6AF47-0768-407F-9817-22EF82C23AD1}.Logging|ARM.Build.0 = Final|ARM
		{BCC6AF47-0768-407F-9817-22EF82C23AD1}.Logging|ARM64.ActiveCfg = Final|ARM64
		{BCC6AF47-0768-407F-9817-22EF82C23AD1}.Logging|ARM64.Build.0 = Final|ARM64
		{BCC6AF47-0768-407F-9817-22EF82C23AD1}.Logging|Win32.ActiveCfg = Final|Win32
		{BCC6AF47-0768-407F-9817-22EF82C23AD1}.Logging|Win32.Build.0 = Final|Win32
		{BCC6AF47-0768-407F-9817-22EF82C23AD1}.Logging|x64.ActiveCfg = Final|x64
		{BCC6AF47-0768-407F-9817-22EF82C23AD1}.Logging|x64.Build.0 = Final|x64
		{BCC6AF47-0768-407F-9817-22EF82C23AD1}.Logging-SDL|ARM.ActiveCfg = Final|ARM
		{BCC6AF47-0768-407F-9817-22EF82C23AD1}.Logging-SDL|ARM.Build.0 = Final|ARM
		{BCC6AF47-0768-407F-9817-22EF82C23AD1}.Logging-SDL|ARM64.ActiveCfg = Final|ARM64
		{BCC6AF47-0768-407F-9817-22EF82C23AD1}.Logging-SDL|ARM64.Build.0 = Final|ARM64
		{BCC6AF47-0768-407F-9817-22EF82C23AD1}.Logging-SDL|Win32.ActiveCfg = Final|Win32
		{BCC6AF47-0768-407F-9817-22EF82C23AD1}.Logging-SDL|Win32.Build.0 = Final|Win32
		{BCC6AF47-0768-407F-9817-22EF82C23AD1}.Logging-SDL|x64.ActiveCfg = Final|x64
		{BCC6AF47-0768-407F-9817-22EF82C23AD1}.Logging-SDL|x64.Build.0 = Final|x64
		{BCC6AF47-0768-407F-9817-22EF82C23AD1}.Release|ARM.ActiveCfg = Final|ARM
		{BCC6AF47-0768-407F-9817-22EF82C23AD1}.Release|ARM.Build.0 = Final|ARM
		{BCC6AF47-0768-407F-9817-22EF82C23AD1}.Release|ARM64.ActiveCfg = Final|ARM64
		{BCC6AF47-0768-407F-9817-22EF82C23AD1}.Release|ARM64.Build.0 = Final|ARM64
		{BCC6AF47-0768-407F-9817-22EF82C23AD1}.Release|Win32.ActiveCfg = Final|Win32
		{BCC6AF47-0768-407F-9817-22EF82C23AD1}.Release|Win32.Build.0 = Final|Win32
		{BCC6AF47-0768-407F-9817-22EF82C23AD1}.Release|x64.ActiveCfg = Final|x64
		{BCC6AF47-0768-407F-9817-22EF82C23AD1}.Release|x64.Build.0 = Final|x64
		{CC0E5111-7CB9-4A43-94E1-91636C122C9A}.Debug|ARM.ActiveCfg = Debug|ARM
		{CC0E5111-7CB9-4A43-94E1-91636C122C9A}.Debug|ARM.Build.0 = Debug|ARM
		{CC0E5111-7CB9-4A43-94E1-91636C122C9A}.Debug|ARM64.ActiveCfg = Debug|ARM64
		{CC0E5111-7CB9-4A43-94E1-91636C122C9A}.Debug|ARM64.Build.0 = Debug|ARM64
		{CC0E5111-7CB9-4A43-94E1-91636C122C9A}.Debug|Win32.ActiveCfg = Debug|Win32
		{CC0E5111-7CB9-4A43-94E1-91636C122C9A}.Debug|Win32.Build.0 = Debug|Win32
		{CC0E5111-7CB9-4A43-94E1-91636C122C9A}.Debug|x64.ActiveCfg = Debug|x64
		{CC0E5111-7CB9-4A43-94E1-91636C122C9A}.Debug|x64.Build.0 = Debug|x64
		{CC0E5111-7CB9-4A43-94E1-91636C122C9A}.Debug-SDL|ARM.ActiveCfg = Debug|ARM
		{CC0E5111-7CB9-4A43-94E1-91636C122C9A}.Debug-SDL|ARM.Build.0 = Debug|ARM
		{CC0E5111-7CB9-4A43-94E1-91636C122C9A}.Debug-SDL|ARM64.ActiveCfg = Debug|ARM64
		{CC0E5111-7CB9-4A43-94E1-91636C122C9A}.Debug-SDL|ARM64.Build.0 = Debug|ARM64
		{CC0E5111-7CB9-4A43-94E1-91636C122C9A}.Debug-SDL|Win32.ActiveCfg = Debug|Win32
		{CC0E5111-7CB9-4A43-94E1-91636C122C9A}.Debug-SDL|Win32.Build.0 = Debug|Win32
		{CC0E5111-7CB9-4A43-94E1-91636C122C9A}.Debug-SDL|x64.ActiveCfg = Debug|x64
		{CC0E5111-7CB9-4A43-94E1-91636C122C9A}.Debug-SDL|x64.Build.0 = Debug|x64
		{CC0E5111-7CB9-4A43-94E1-91636C122C9A}.Final|ARM.ActiveCfg = Final|ARM
		{CC0E5111-7CB9-4A43-94E1-91636C122C9A}.Final|ARM.Build.0 = Final|ARM
		{CC0E5111-7CB9-4A43-94E1-91636C122C9A}.Final|ARM64.ActiveCfg = Final|ARM64
		{CC0E5111-7CB9-4A43-94E1-91636C122C9A}.Final|ARM64.Build.0 = Final|ARM64
		{CC0E5111-7CB9-4A43-94E1-91636C122C9A}.Final|Win32.ActiveCfg = Final|Win32
		{CC0E5111-7CB9-4A43-94E1-91636C122C9A}.Final|Win32.Build.0 = Final|Win32
		{CC0E5111-7CB9-4A43-94E1-91636C122C9A}.Final|x64.ActiveCfg = Final|x64
		{CC0E5111-7CB9-4A43-94E1-91636C122C9A}.Final|x64.Build.0 = Final|x64
		{CC0E5111-7CB9-4A43-94E1-91636C122C9A}.Final-SDL|ARM.ActiveCfg = Final|ARM
		{CC0E5111-7CB9-4A43-94E1-91636C122C9A}.Final-SDL|ARM.Build.0 = Final|ARM
		{CC0E5111-7CB9-4A43-94E1-91636C122C9A}.Final-SDL|ARM64.ActiveCfg = Final|ARM64
		{CC0E5111-7CB9-4A43-94E1-91636C122C9A}.Final-SDL|ARM64.Build.0 = Final|ARM64
		{CC0E5111-7CB9-4A43-94E1-91636C122C9A}.Final-SDL|Win32.ActiveCfg = Final|Win32
		{CC0E5111-7CB9-4A43-94E1-91636C122C9A}.Final-SDL|Win32.Build.0 = Final|Win32
		{CC0E5111-7CB9-4A43-94E1-91636C122C9A}.Final-SDL|x64.ActiveCfg = Final|x64
		{CC0E5111-7CB9-4A43-94E1-91636C122C9A}.Final-SDL|x64.Build.0 = Final|x64
		{CC0E5111-7CB9-4A43-94E1-91636C122C9A}.Logging|ARM.ActiveCfg = Final|ARM
		{CC0E5111-7CB9-4A43-94E1-91636C122C9A}.Logging|ARM.Build.0 = Final|ARM
		{CC0E5111-7CB9-4A43-94E1-91636C122C9A}.Logging|ARM64.ActiveCfg = Final|ARM64
		{CC0E5111-7CB9-4A43-94E1-91636C122C9A}.Logging|ARM64.Build.0 = Final|ARM64
		{CC0E5111-7CB9-4A43-94E1-91636C122C9A}.Logging|Win32.ActiveCfg = Final|Win32
		{CC0E5111-7CB9-4A43-94E1-91636C122C9A}.Logging|Win32.Build.0 = Final|Win32
		{CC0E5111-7CB9-4A43-94E1-91636C122C9A}.Logging|x64.ActiveCfg = Final|x64
		{CC0E5111-7CB9-4A43-94E1-91636C122C9A}.Logging|x64.Build.0 = Final|x64
		{CC0E5111-7CB9-4A43-94E1-91636C122C9A}.Logging-SDL|ARM.ActiveCfg = Final|ARM
		{CC0E5111-7CB9-4A43-94E1-91636C122C9A}.Logging-SDL|ARM.Build.0 = Final|ARM
		{CC0E5111-7CB9-4A43-94E1-91636C122C9A}.Logging-SDL|ARM64.ActiveCfg = Final|ARM64
		{CC0E5111-7CB9-4A43-94E1-91636C122C9A}.Logging-SDL|ARM64.Build.0 = Final|ARM64
		{CC0E5111-7CB9-4A43-94E1-91636C122C9A}.Logging-SDL|Win32.ActiveCfg = Final|Win32
		{CC0E5111-7CB9-4A43-94E1-91636C122C9A}.Logging-SDL|Win32.Build.0 = Final|Win32
		{CC0E5111-7CB9-4A43-94E1-91636C122C9A}.Logging-SDL|x64.ActiveCfg = Final|x64
		{CC0E5111-7CB9-4A43-94E1-91636C122C9A}.Logging-SDL|x64.Build.0 = Final|x64
		{CC0E5111-7CB9-4A43-94E1-91636C122C9A}.Release|ARM.ActiveCfg = Final|ARM
		{CC0E5111-7CB9-4A43-94E1-91636C122C9A}.Release|ARM.Build.0 = Final|ARM
		{CC0E5111-7CB9-4A43-94E1-91636C122C9A}.Release|ARM64.ActiveCfg = Final|ARM64
		{CC0E5111-7CB9-4A43-94E1-91636C122C9A}.Release|ARM64.Build.0 = Final|ARM64
		{CC0E5111-7CB9-4A43-94E1-91636C122C9A}.Release|Win32.ActiveCfg = Final|Win32
		{CC0E5111-7CB9-4A43-94E1-91636C122C9A}.Release|Win32.Build.0 = Final|Win32
		{CC0E5111-7CB9-4A43-94E1-91636C122C9A}.Release|x64.ActiveCfg = Final|x64
		{CC0E5111-7CB9-4A43-94E1-91636C122C9A}.Release|x64.Build.0 = Final|x64
		{1439C843-CCCD-4210-AFE6-4F1B12F8F342}.Debug|ARM.ActiveCfg = Debug|ARM
		{1439C843-CCCD-4210-AFE6-4F1B12F8F342}.Debug|ARM.Build.0 = Debug|ARM
		{1439C843-CCCD-4210-AFE6-4F1B12F8F342}.Debug|ARM64.ActiveCfg = Debug|ARM64
		{1439C843-CCCD-4210-AFE6-4F1B12F8F342}.Debug|ARM64.Build.0 = Debug|ARM64
		{1439C843-CCCD-4210-AFE6-4F1B12F8F342}.Debug|Win32.ActiveCfg = Debug|Win32
		{1439C843-CCCD-4210-AFE6-4F1B12F8F342}.Debug|Win32.Build.0 = Debug|Win32
		{1439C843-CCCD-4210-AFE6-4F1B12F8F342}.Debug|x64.ActiveCfg = Debug|x64
		{1439C843-CCCD-4210-AFE6-4F1B12F8F342}.Debug|x64.Build.0 = Debug|x64
		{1439C843-CCCD-4210-AFE6-4F1B12F8F342}.Debug-SDL|ARM.ActiveCfg = Debug|ARM
		{1439C843-CCCD-4210-AFE6-4F1B12F8F342}.Debug-SDL|ARM.Build.0 = Debug|ARM
		{1439C843-CCCD-4210-AFE6-4F1B12F8F342}.Debug-SDL|ARM64.ActiveCfg = Debug|ARM64
		{1439C843-CCCD-4210-AFE6-4F1B12F8F342}.Debug-SDL|ARM64.Build.0 = Debug|ARM64
		{1439C843-CCCD-4210-AFE6-4F1B12F8F342}.Debug-SDL|Win32.ActiveCfg = Debug|Win32
		{1439C843-CCCD-4210-AFE6-4F1B12F8F342}.Debug-SDL|Win32.Build.0 = Debug|Win32
		{1439C843-CCCD-4210-AFE6-4F1B12F8F342}.Debug-SDL|x64.ActiveCfg = Debug|x64
		{1439C843-CCCD-4210-AFE6-4F1B12F8F342}.Debug-SDL|x64.Build.0 = Debug|x64
		{1439C843-CCCD-4210-AFE6-4F1B12F8F342}.Final|ARM.ActiveCfg = Final|ARM
		{1439C843-CCCD-4210-AFE6-4F1B12F8F342}.Final|ARM.Build.0 = Final|ARM
		{1439C843-CCCD-4210-AFE6-4F1B12F8F342}.Final|ARM64.ActiveCfg = Final|ARM64
		{1439C843-CCCD-4210-AFE6-4F1B12F8F342}.Final|ARM64.Build.0 = Final|ARM64
		{1439C843-CCCD-4210-AFE6-4F1B12F8F342}.Final|Win32.ActiveCfg = Final|Win32
		{1439C843-CCCD-4210-AFE6-4F1B12F8F342}.Final|Win32.Build.0 = Final|Win32
		{1439C843-CCCD-4210-AFE6-4F1B12F8F342}.Final|x64.ActiveCfg = Final|x64
		{1439C843-CCCD-4210-AFE6-4F1B12F8F342}.Final|x64.Build.0 = Final|x64
		{1439C843-CCCD-4210-AFE6-4F1B12F8F342}.Final-SDL|ARM.ActiveCfg = Final|ARM
		{1439C843-CCCD-4210-AFE6-4F1B12F8F342}.Final-SDL|ARM.Build.0 = Final|ARM
		{1439C843-CCCD-4210-AFE6-4F1B12F8F342}.Final-SDL|ARM64.ActiveCfg = Final|ARM64
		{1439C843-CCCD-4210-AFE6-4F1B12F8F342}.Final-SDL|ARM64.Build.0 = Final|ARM64
		{1439C843-CCCD-4210-AFE6-4F1B12F8F342}.Final-SDL|Win32.ActiveCfg = Final|Win32
		{1439C843-CCCD-4210-AFE6-4F1B12F8F342}.Final-SDL|Win32.Build.0 = Final|Win32
		{1439C843-CCCD-4210-AFE6-4F1B12F8F342}.Final-SDL|x64.ActiveCfg = Final|x64
		{1439C843-CCCD-4210-AFE6-4F1B12F8F342}.Final-SDL|x64.Build.0 = Final|x64
		{1439C843-CCCD-4210-AFE6-4F1B12F8F342}.Logging|ARM.ActiveCfg = Final|ARM
		{1439C843-CCCD-4210-AFE6-4F1B12F8F342}.Logging|ARM.Build.0 = Final|ARM
		{1439C843-CCCD-4210-AFE6-4F1B12F8F342}.Logging|ARM64.ActiveCfg = Final|ARM64
		{1439C843-CCCD-4210-AFE6-4F1B12F8F342}.Logging|ARM64.Build.0 = Final|ARM64
		{1439C843-CCCD-4210-AFE6-4F1B12F8F342}.Logging|Win32.ActiveCfg = Final|Win32
		{1439C843-CCCD-4210-AFE6-4F1B12F8F342}.Logging|Win32.Build.0 = Final|Win32
		{1439C843-CCCD-4210-AFE6-4F1B12F8F342}.Logging|x64.ActiveCfg = Final|x64
		{1439C843-CCCD-4210-AFE6-4F1B12F8F342}.Logging|x64.Build.0 = Final|x64
		{1439C843-CCCD-4210-AFE6-4F1B12F8F342}.Logging-SDL|ARM.ActiveCfg = Final|ARM
		{1439C843-CCCD-4210-AFE6-4F1B12F8F342}.Logging-SDL|ARM.Build.0 = Final|ARM
		{1439C843-CCCD-4210-AFE6-4F1B12F8F342}.Logging-SDL|ARM64.ActiveCfg = Final|ARM64
		{1439C843-CCCD-4210-AFE6-4F1B12F8F342}.Logging-SDL|ARM64.Build.0 = Final|ARM64
		{1439C843-CCCD-4210-AFE6-4F1B12F8F342}.Logging-SDL|Win32.ActiveCfg = Final|Win32
		{1439C843-CCCD-4210-AFE6-4F1B12F8F342}.Logging-SDL|Win32.Build.0 = Final|Win32
		{1439C843-CCCD-4210-AFE6-4F1B12F8F342}.Logging-SDL|x64.ActiveCfg = Final|x64
		{1439C843-CCCD-4210-AFE6-4F1B12F8F342}.Logging-SDL|x64.Build.0 = Final|x64
		{1439C843-CCCD-4210-AFE6-4F1B12F8F342}.Release|ARM.ActiveCfg = Final|ARM
		{1439C843-CCCD-4210-AFE6-4F1B12F8F342}.Release|ARM.Build.0 = Final|ARM
		{1439C843-CCCD-4210-AFE6-4F1B12F8F342}.Release|ARM64.ActiveCfg = Final|ARM64
		{1439C843-CCCD-4210-AFE6-4F1B12F8F342}.Release|ARM64.Build.0 = Final|ARM64
		{1439C843-CCCD-4210-AFE6-4F1B12F8F342}.Release|Win32.ActiveCfg = Final|Win32
		{1439C843-CCCD-4210-AFE6-4F1B12F8F342}.Release|Win32.Build.0 = Final|Win32
		{1439C843-CCCD-4210-AFE6-4F1B12F8F342}.Release|x64.ActiveCfg = Final|x64
		{1439C843-CCCD-4210-AFE6-4F1B12F8F342}.Release|x64.Build.0 = Final|x64
		{8E01F3A6-2A56-458F-ACE5-EE25A2EAF74B}.Debug|ARM.ActiveCfg = Debug|ARM
		{8E01F3A6-2A56-458F-ACE5-EE25A2EAF74B}.Debug|ARM.Build.0 = Debug|ARM
		{8E01F3A6-2A56-458F-ACE5-EE25A2EAF74B}.Debug|ARM64.ActiveCfg = Debug|ARM64
		{8E01F3A6-2A56-458F-ACE5-EE25A2EAF74B}.Debug|ARM64.Build.0 = Debug|ARM64
		{8E01F3A6-2A56-458F-ACE5-EE25A2EAF74B}.Debug|Win32.ActiveCfg = Debug|Win32
		{8E01F3A6-2A56-458F-ACE5-EE25A2EAF74B}.Debug|Win32.Build.0 = Debug|Win32
		{8E01F3A6-2A56-458F-ACE5-EE25A2EAF74B}.Debug|x64.ActiveCfg = Debug|x64
		{8E01F3A6-2A56-458F-ACE5-EE25A2EAF74B}.Debug|x64.Build.0 = Debug|x64
		{8E01F3A6-2A56-458F-ACE5-EE25A2EAF74B}.Debug-SDL|ARM.ActiveCfg = Debug|ARM
		{8E01F3A6-2A56-458F-ACE5-EE25A2EAF74B}.Debug-SDL|ARM.Build.0 = Debug|ARM
		{8E01F3A6-2A56-458F-ACE5-EE25A2EAF74B}.Debug-SDL|ARM64.ActiveCfg = Debug|ARM64
		{8E01F3A6-2A56-458F-ACE5-EE25A2EAF74B}.Debug-SDL|ARM64.Build.0 = Debug|ARM64
		{8E01F3A6-2A56-458F-ACE5-EE25A2EAF74B}.Debug-SDL|Win32.ActiveCfg = Debug|Win32
		{8E01F3A6-2A56-458F-ACE5-EE25A2EAF74B}.Debug-SDL|Win32.Build.0 = Debug|Win32
		{8E01F3A6-2A56-458F-ACE5-EE25A2EAF74B}.Debug-SDL|x64.ActiveCfg = Debug|x64
		{8E01F3A6-2A56-458F-ACE5-EE25A2EAF74B}.Debug-SDL|x64.Build.0 = Debug|x64
		{8E01F3A6-2A56-458F-ACE5-EE25A2EAF74B}.Final|ARM.ActiveCfg = Release|ARM
		{8E01F3A6-2A56-458F-ACE5-EE25A2EAF74B}.Final|ARM.Build.0 = Release|ARM
		{8E01F3A6-2A56-458F-ACE5-EE25A2EAF74B}.Final|ARM64.ActiveCfg = Release|ARM64
		{8E01F3A6-2A56-458F-ACE5-EE25A2EAF74B}.Final|ARM64.Build.0 = Release|ARM64
		{8E01F3A6-2A56-458F-ACE5-EE25A2EAF74B}.Final|Win32.ActiveCfg = Release|Win32
		{8E01F3A6-2A56-458F-ACE5-EE25A2EAF74B}.Final|Win32.Build.0 = Release|Win32
		{8E01F3A6-2A56-458F-ACE5-EE25A2EAF74B}.Final|x64.ActiveCfg = Release|x64
		{8E01F3A6-2A56-458F-ACE5-EE25A2EAF74B}.Final|x64.Build.0 = Release|x64
		{8E01F3A6-2A56-458F-ACE5-EE25A2EAF74B}.Final-SDL|ARM.ActiveCfg = Release|ARM
		{8E01F3A6-2A56-458F-ACE5-EE25A2EAF74B}.Final-SDL|ARM.Build.0 = Release|ARM
		{8E01F3A6-2A56-458F-ACE5-EE25A2EAF74B}.Final-SDL|ARM64.ActiveCfg = Release|ARM64
		{8E01F3A6-2A56-458F-ACE5-EE25A2EAF74B}.Final-SDL|ARM64.Build.0 = Release|ARM64
		{8E01F3A6-2A56-458F-ACE5-EE25A2EAF74B}.Final-SDL|Win32.ActiveCfg = Release|Win32
		{8E01F3A6-2A56-458F-ACE5-EE25A2EAF74B}.Final-SDL|Win32.Build.0 = Release|Win32
		{8E01F3A6-2A56-458F-ACE5-EE25A2EAF74B}.Final-SDL|x64.ActiveCfg = Release|x64
		{8E01F3A6-2A56-458F-ACE5-EE25A2EAF74B}.Final-SDL|x64.Build.0 = Release|x64
		{8E01F3A6-2A56-458F-ACE5-EE25A2EAF74B}.Logging|ARM.ActiveCfg = Release|ARM
		{8E01F3A6-2A56-458F-ACE5-EE25A2EAF74B}.Logging|ARM.Build.0 = Release|ARM
		{8E01F3A6-2A56-458F-ACE5-EE25A2EAF74B}.Logging|ARM64.ActiveCfg = Release|ARM64
		{8E01F3A6-2A56-458F-ACE5-EE25A2EAF74B}.Logging|ARM64.Build.0 = Release|ARM64
		{8E01F3A6-2A56-458F-ACE5-EE25A2EAF74B}.Logging|Win32.ActiveCfg = Release|Win32
		{8E01F3A6-2A56-458F-ACE5-EE25A2EAF74B}.Logging|Win32.Build.0 = Release|Win32
		{8E01F3A6-2A56-458F-ACE5-EE25A2EAF74B}.Logging|x64.ActiveCfg = Release|x64
		{8E01F3A6-2A56-458F-ACE5-EE25A2EAF74B}.Logging|x64.Build.0 = Release|x64
		{8E01F3A6-2A56-458F-ACE5-EE25A2EAF74B}.Logging-SDL|ARM.ActiveCfg = Release|ARM
		{8E01F3A6-2A56-458F-ACE5-EE25A2EAF74B}.Logging-SDL|ARM.Build.0 = Release|ARM
		{8E01F3A6-2A56-458F-ACE5-EE25A2EAF74B}.Logging-SDL|ARM64.ActiveCfg = Release|ARM64
		{8E01F3A6-2A56-458F-ACE5-EE25A2EAF74B}.Logging-SDL|ARM64.Build.0 = Release|ARM64
		{8E01F3A6-2A56-458F-ACE5-EE25A2EAF74B}.Logging-SDL|Win32.ActiveCfg = Release|Win32
		{8E01F3A6-2A56-458F-ACE5-EE25A2EAF74B}.Logging-SDL|Win32.Build.0 = Release|Win32
		{8E01F3A6-2A56-458F-ACE5-EE25A2EAF74B}.Logging-SDL|x64.ActiveCfg = Release|x64
		{8E01F3A6-2A56-458F-ACE5-EE25A2EAF74B}.Logging-SDL|x64.Build.0 = Release|x64
		{8E01F3A6-2A56-458F-ACE5-EE25A2EAF74B}.Release|ARM.ActiveCfg = Release|ARM
		{8E01F3A6-2A56-458F-ACE5-EE25A2EAF74B}.Release|ARM.Build.0 = Release|ARM
		{8E01F3A6-2A56-458F-ACE5-EE25A2EAF74B}.Release|ARM64.ActiveCfg = Release|ARM64
		{8E01F3A6-2A56-458F-ACE5-EE25A2EAF74B}.Release|ARM64.Build.0 = Release|ARM64
		{8E01F3A6-2A56-458F-ACE5-EE25A2EAF74B}.Release|Win32.ActiveCfg = Release|Win32
		{8E01F3A6-2A56-458F-ACE5-EE25A2EAF74B}.Release|Win32.Build.0 = Release|Win32
		{8E01F3A6-2A56-458F-ACE5-EE25A2EAF74B}.Release|x64.ActiveCfg = Release|x64
		{8E01F3A6-2A56-458F-ACE5-EE25A2EAF74B}.Release|x64.Build.0 = Release|x64
		{75AD9466-9CFE-47C6-A3FA-C6A4A9DEEF45}.Debug|ARM.ActiveCfg = Debug|ARM
		{75AD9466-9CFE-47C6-A3FA-C6A4A9DEEF45}.Debug|ARM.Build.0 = Debug|ARM
		{75AD9466-9CFE-47C6-A3FA-C6A4A9DEEF45}.Debug|ARM64.ActiveCfg = Debug|ARM64
		{75AD9466-9CFE-47C6-A3FA-C6A4A9DEEF45}.Debug|ARM64.Build.0 = Debug|ARM64
		{75AD9466-9CFE-47C6-A3FA-C6A4A9DEEF45}.Debug|Win32.ActiveCfg = Debug|Win32
		{75AD9466-9CFE-47C6-A3FA-C6A4A9DEEF45}.Debug|Win32.Build.0 = Debug|Win32
		{75AD9466-9CFE-47C6-A3FA-C6A4A9DEEF45}.Debug|x64.ActiveCfg = Debug|x64
		{75AD9466-9CFE-47C6-A3FA-C6A4A9DEEF45}.Debug|x64.Build.0 = Debug|x64
		{75AD9466-9CFE-47C6-A3FA-C6A4A9DEEF45}.Debug-SDL|ARM.ActiveCfg = Debug|ARM
		{75AD9466-9CFE-47C6-A3FA-C6A4A9DEEF45}.Debug-SDL|ARM.Build.0 = Debug|ARM
		{75AD9466-9CFE-47C6-A3FA-C6A4A9DEEF45}.Debug-SDL|ARM64.ActiveCfg = Debug|ARM64
		{75AD9466-9CFE-47C6-A3FA-C6A4A9DEEF45}.Debug-SDL|ARM64.Build.0 = Debug|ARM64
		{75AD9466-9CFE-47C6-A3FA-C6A4A9DEEF45}.Debug-SDL|Win32.ActiveCfg = Debug|Win32
		{75AD9466-9CFE-47C6-A3FA-C6A4A9DEEF45}.Debug-SDL|Win32.Build.0 = Debug|Win32
		{75AD9466-9CFE-47C6-A3FA-C6A4A9DEEF45}.Debug-SDL|x64.ActiveCfg = Debug|x64
		{75AD9466-9CFE-47C6-A3FA-C6A4A9DEEF45}.Debug-SDL|x64.Build.0 = Debug|x64
		{75AD9466-9CFE-47C6-A3FA-C6A4A9DEEF45}.Final|ARM.ActiveCfg = Release|ARM
		{75AD9466-9CFE-47C6-A3FA-C6A4A9DEEF45}.Final|ARM.Build.0 = Release|ARM
		{75AD9466-9CFE-47C6-A3FA-C6A4A9DEEF45}.Final|ARM64.ActiveCfg = Release|ARM64
		{75AD9466-9CFE-47C6-A3FA-C6A4A9DEEF45}.Final|ARM64.Build.0 = Release|ARM64
		{75AD9466-9CFE-47C6-A3FA-C6A4A9DEEF45}.Final|Win32.ActiveCfg = Release|Win32
		{75AD9466-9CFE-47C6-A3FA-C6A4A9DEEF45}.Final|Win32.Build.0 = Release|Win32
		{75AD9466-9CFE-47C6-A3FA-C6A4A9DEEF45}.Final|x64.ActiveCfg = Release|x64
		{75AD9466-9CFE-47C6-A3FA-C6A4A9DEEF45}.Final|x64.Build.0 = Release|x64
		{75AD9466-9CFE-47C6-A3FA-C6A4A9DEEF45}.Final-SDL|ARM.ActiveCfg = Release|ARM
		{75AD9466-9CFE-47C6-A3FA-C6A4A9DEEF45}.Final-SDL|ARM.Build.0 = Release|ARM
		{75AD9466-9CFE-47C6-A3FA-C6A4A9DEEF45}.Final-SDL|ARM64.ActiveCfg = Release|ARM64
		{75AD9466-9CFE-47C6-A3FA-C6A4A9DEEF45}.Final-SDL|ARM64.Build.0 = Release|ARM64
		{75AD9466-9CFE-47C6-A3FA-C6A4A9DEEF45}.Final-SDL|Win32.ActiveCfg = Release|Win32
		{75AD9466-9CFE-47C6-A3FA-C6A4A9DEEF45}.Final-SDL|Win32.Build.0 = Release|Win32
		{75AD9466-9CFE-47C6-A3FA-C6A4A9DEEF45}.Final-SDL|x64.ActiveCfg = Release|x64
		{75AD9466-9CFE-47C6-A3FA-C6A4A9DEEF45}.Final-SDL|x64.Build.0 = Release|x64
		{75AD9466-9CFE-47C6-A3FA-C6A4A9DEEF45}.Logging|ARM.ActiveCfg = Logging|ARM
		{75AD9466-9CFE-47C6-A3FA-C6A4A9DEEF45}.Logging|ARM.Build.0 = Logging|ARM
		{75AD9466-9CFE-47C6-A3FA-C6A4A9DEEF45}.Logging|ARM64.ActiveCfg = Logging|ARM64
		{75AD9466-9CFE-47C6-A3FA-C6A4A9DEEF45}.Logging|ARM64.Build.0 = Logging|ARM64
		{75AD9466-9CFE-47C6-A3FA-C6A4A9DEEF45}.Logging|Win32.ActiveCfg = Logging|Win32
		{75AD9466-9CFE-47C6-A3FA-C6A4A9DEEF45}.Logging|Win32.Build.0 = Logging|Win32
		{75AD9466-9CFE-47C6-A3FA-C6A4A9DEEF45}.Logging|x64.ActiveCfg = Logging|x64
		{75AD9466-9CFE-47C6-A3FA-C6A4A9DEEF45}.Logging|x64.Build.0 = Logging|x64
		{75AD9466-9CFE-47C6-A3FA-C6A4A9DEEF45}.Logging-SDL|ARM.ActiveCfg = Logging|ARM
		{75AD9466-9CFE-47C6-A3FA-C6A4A9DEEF45}.Logging-SDL|ARM.Build.0 = Logging|ARM
		{75AD9466-9CFE-47C6-A3FA-C6A4A9DEEF45}.Logging-SDL|ARM64.ActiveCfg = Logging|ARM64
		{75AD9466-9CFE-47C6-A3FA-C6A4A9DEEF45}.Logging-SDL|ARM64.Build.0 = Logging|ARM64
		{75AD9466-9CFE-47C6-A3FA-C6A4A9DEEF45}.Logging-SDL|Win32.ActiveCfg = Release|Win32
		{75AD9466-9CFE-47C6-A3FA-C6A4A9DEEF45}.Logging-SDL|Win32.Build.0 = Release|Win32
		{75AD9466-9CFE-47C6-A3FA-C6A4A9DEEF45}.Logging-SDL|x64.ActiveCfg = Logging|x64
		{75AD9466-9CFE-47C6-A3FA-C6A4A9DEEF45}.Logging-SDL|x64.Build.0 = Logging|x64
		{75AD9466-9CFE-47C6-A3FA-C6A4A9DEEF45}.Release|ARM.ActiveCfg = Release|ARM
		{75AD9466-9CFE-47C6-A3FA-C6A4A9DEEF45}.Release|ARM.Build.0 = Release|ARM
		{75AD9466-9CFE-47C6-A3FA-C6A4A9DEEF45}.Release|ARM64.ActiveCfg = Release|ARM64
		{75AD9466-9CFE-47C6-A3FA-C6A4A9DEEF45}.Release|ARM64.Build.0 = Release|ARM64
		{75AD9466-9CFE-47C6-A3FA-C6A4A9DEEF45}.Release|Win32.ActiveCfg = Release|Win32
		{75AD9466-9CFE-47C6-A3FA-C6A4A9DEEF45}.Release|Win32.Build.0 = Release|Win32
		{75AD9466-9CFE-47C6-A3FA-C6A4A9DEEF45}.Release|x64.ActiveCfg = Release|x64
		{75AD9466-9CFE-47C6-A3FA-C6A4A9DEEF45}.Release|x64.Build.0 = Release|x64
		{8FD826F8-3739-44E6-8CC8-997122E53B8D}.Debug|ARM.ActiveCfg = Debug|ARM
		{8FD826F8-3739-44E6-8CC8-997122E53B8D}.Debug|ARM.Build.0 = Debug|ARM
		{8FD826F8-3739-44E6-8CC8-997122E53B8D}.Debug|ARM64.ActiveCfg = Debug|ARM64
		{8FD826F8-3739-44E6-8CC8-997122E53B8D}.Debug|ARM64.Build.0 = Debug|ARM64
		{8FD826F8-3739-44E6-8CC8-997122E53B8D}.Debug|Win32.ActiveCfg = Debug|Win32
		{8FD826F8-3739-44E6-8CC8-997122E53B8D}.Debug|Win32.Build.0 = Debug|Win32
		{8FD826F8-3739-44E6-8CC8-997122E53B8D}.Debug|x64.ActiveCfg = Debug|x64
		{8FD826F8-3739-44E6-8CC8-997122E53B8D}.Debug|x64.Build.0 = Debug|x64
		{8FD826F8-3739-44E6-8CC8-997122E53B8D}.Debug-SDL|ARM.ActiveCfg = Debug|ARM
		{8FD826F8-3739-44E6-8CC8-997122E53B8D}.Debug-SDL|ARM.Build.0 = Debug|ARM
		{8FD826F8-3739-44E6-8CC8-997122E53B8D}.Debug-SDL|ARM64.ActiveCfg = Debug|ARM64
		{8FD826F8-3739-44E6-8CC8-997122E53B8D}.Debug-SDL|ARM64.Build.0 = Debug|ARM64
		{8FD826F8-3739-44E6-8CC8-997122E53B8D}.Debug-SDL|Win32.ActiveCfg = Debug|Win32
		{8FD826F8-3739-44E6-8CC8-997122E53B8D}.Debug-SDL|Win32.Build.0 = Debug|Win32
		{8FD826F8-3739-44E6-8CC8-997122E53B8D}.Debug-SDL|x64.ActiveCfg = Debug|x64
		{8FD826F8-3739-44E6-8CC8-997122E53B8D}.Debug-SDL|x64.Build.0 = Debug|x64
		{8FD826F8-3739-44E6-8CC8-997122E53B8D}.Final|ARM.ActiveCfg = Release|ARM
		{8FD826F8-3739-44E6-8CC8-997122E53B8D}.Final|ARM.Build.0 = Release|ARM
		{8FD826F8-3739-44E6-8CC8-997122E53B8D}.Final|ARM64.ActiveCfg = Release|ARM64
		{8FD826F8-3739-44E6-8CC8-997122E53B8D}.Final|ARM64.Build.0 = Release|ARM64
		{8FD826F8-3739-44E6-8CC8-997122E53B8D}.Final|Win32.ActiveCfg = Release|Win32
		{8FD826F8-3739-44E6-8CC8-997122E53B8D}.Final|Win32.Build.0 = Release|Win32
		{8FD826F8-3739-44E6-8CC8-997122E53B8D}.Final|x64.ActiveCfg = Release|x64
		{8FD826F8-3739-44E6-8CC8-997122E53B8D}.Final|x64.Build.0 = Release|x64
		{8FD826F8-3739-44E6-8CC8-997122E53B8D}.Final-SDL|ARM.ActiveCfg = Release|ARM
		{8FD826F8-3739-44E6-8CC8-997122E53B8D}.Final-SDL|ARM.Build.0 = Release|ARM
		{8FD826F8-3739-44E6-8CC8-997122E53B8D}.Final-SDL|ARM64.ActiveCfg = Release|ARM64
		{8FD826F8-3739-44E6-8CC8-997122E53B8D}.Final-SDL|ARM64.Build.0 = Release|ARM64
		{8FD826F8-3739-44E6-8CC8-997122E53B8D}.Final-SDL|Win32.ActiveCfg = Release|Win32
		{8FD826F8-3739-44E6-8CC8-997122E53B8D}.Final-SDL|Win32.Build.0 = Release|Win32
		{8FD826F8-3739-44E6-8CC8-997122E53B8D}.Final-SDL|x64.ActiveCfg = Release|x64
		{8FD826F8-3739-44E6-8CC8-997122E53B8D}.Final-SDL|x64.Build.0 = Release|x64
		{8FD826F8-3739-44E6-8CC8-997122E53B8D}.Logging|ARM.ActiveCfg = Release|ARM
		{8FD826F8-3739-44E6-8CC8-997122E53B8D}.Logging|ARM.Build.0 = Release|ARM
		{8FD826F8-3739-44E6-8CC8-997122E53B8D}.Logging|ARM64.ActiveCfg = Release|ARM64
		{8FD826F8-3739-44E6-8CC8-997122E53B8D}.Logging|ARM64.Build.0 = Release|ARM64
		{8FD826F8-3739-44E6-8CC8-997122E53B8D}.Logging|Win32.ActiveCfg = Release|Win32
		{8FD826F8-3739-44E6-8CC8-997122E53B8D}.Logging|Win32.Build.0 = Release|Win32
		{8FD826F8-3739-44E6-8CC8-997122E53B8D}.Logging|x64.ActiveCfg = Release|x64
		{8FD826F8-3739-44E6-8CC8-997122E53B8D}.Logging|x64.Build.0 = Release|x64
		{8FD826F8-3739-44E6-8CC8-997122E53B8D}.Logging-SDL|ARM.ActiveCfg = ReleaseWithoutAsm|ARM
		{8FD826F8-3739-44E6-8CC8-997122E53B8D}.Logging-SDL|ARM.Build.0 = ReleaseWithoutAsm|ARM
		{8FD826F8-3739-44E6-8CC8-997122E53B8D}.Logging-SDL|ARM64.ActiveCfg = ReleaseWithoutAsm|ARM64
		{8FD826F8-3739-44E6-8CC8-997122E53B8D}.Logging-SDL|ARM64.Build.0 = ReleaseWithoutAsm|ARM64
		{8FD826F8-3739-44E6-8CC8-997122E53B8D}.Logging-SDL|Win32.ActiveCfg = Release|Win32
		{8FD826F8-3739-44E6-8CC8-997122E53B8D}.Logging-SDL|Win32.Build.0 = Release|Win32
		{8FD826F8-3739-44E6-8CC8-997122E53B8D}.Logging-SDL|x64.ActiveCfg = ReleaseWithoutAsm|x64
		{8FD826F8-3739-44E6-8CC8-997122E53B8D}.Logging-SDL|x64.Build.0 = ReleaseWithoutAsm|x64
		{8FD826F8-3739-44E6-8CC8-997122E53B8D}.Release|ARM.ActiveCfg = Release|ARM
		{8FD826F8-3739-44E6-8CC8-997122E53B8D}.Release|ARM.Build.0 = Release|ARM
		{8FD826F8-3739-44E6-8CC8-997122E53B8D}.Release|ARM64.ActiveCfg = Release|ARM64
		{8FD826F8-3739-44E6-8CC8-997122E53B8D}.Release|ARM64.Build.0 = Release|ARM64
		{8FD826F8-3739-44E6-8CC8-997122E53B8D}.Release|Win32.ActiveCfg = Release|Win32
		{8FD826F8-3739-44E6-8CC8-997122E53B8D}.Release|Win32.Build.0 = Release|Win32
		{8FD826F8-3739-44E6-8CC8-997122E53B8D}.Release|x64.ActiveCfg = Release|x64
		{8FD826F8-3739-44E6-8CC8-997122E53B8D}.Release|x64.Build.0 = Release|x64
		{5D006720-4C22-456C-B098-EC0827C38428}.Debug|ARM.ActiveCfg = Debug|ARM
		{5D006720-4C22-456C-B098-EC0827C38428}.Debug|ARM.Build.0 = Debug|ARM
		{5D006720-4C22-456C-B098-EC0827C38428}.Debug|ARM64.ActiveCfg = Debug|ARM64
		{5D006720-4C22-456C-B098-EC0827C38428}.Debug|ARM64.Build.0 = Debug|ARM64
		{5D006720-4C22-456C-B098-EC0827C38428}.Debug|Win32.ActiveCfg = Debug|Win32
		{5D006720-4C22-456C-B098-EC0827C38428}.Debug|Win32.Build.0 = Debug|Win32
		{5D006720-4C22-456C-B098-EC0827C38428}.Debug|x64.ActiveCfg = Debug|x64
		{5D006720-4C22-456C-B098-EC0827C38428}.Debug|x64.Build.0 = Debug|x64
		{5D006720-4C22-456C-B098-EC0827C38428}.Debug-SDL|ARM.ActiveCfg = Debug|ARM
		{5D006720-4C22-456C-B098-EC0827C38428}.Debug-SDL|ARM.Build.0 = Debug|ARM
		{5D006720-4C22-456C-B098-EC0827C38428}.Debug-SDL|ARM64.ActiveCfg = Debug|ARM64
		{5D006720-4C22-456C-B098-EC0827C38428}.Debug-SDL|ARM64.Build.0 = Debug|ARM64
		{5D006720-4C22-456C-B098-EC0827C38428}.Debug-SDL|Win32.ActiveCfg = Debug|Win32
		{5D006720-4C22-456C-B098-EC0827C38428}.Debug-SDL|Win32.Build.0 = Debug|Win32
		{5D006720-4C22-456C-B098-EC0827C38428}.Debug-SDL|x64.ActiveCfg = Debug|x64
		{5D006720-4C22-456C-B098-EC0827C38428}.Debug-SDL|x64.Build.0 = Debug|x64
		{5D006720-4C22-456C-B098-EC0827C38428}.Final|ARM.ActiveCfg = Release|ARM
		{5D006720-4C22-456C-B098-EC0827C38428}.Final|ARM.Build.0 = Release|ARM
		{5D006720-4C22-456C-B098-EC0827C38428}.Final|ARM64.ActiveCfg = Release|ARM64
		{5D006720-4C22-456C-B098-EC0827C38428}.Final|ARM64.Build.0 = Release|ARM64
		{5D006720-4C22-456C-B098-EC0827C38428}.Final|Win32.ActiveCfg = Release|Win32
		{5D006720-4C22-456C-B098-EC0827C38428}.Final|Win32.Build.0 = Release|Win32
		{5D006720-4C22-456C-B098-EC0827C38428}.Final|x64.ActiveCfg = Release|x64
		{5D006720-4C22-456C-B098-EC0827C38428}.Final|x64.Build.0 = Release|x64
		{5D006720-4C22-456C-B098-EC0827C38428}.Final-SDL|ARM.ActiveCfg = Release|ARM
		{5D006720-4C22-456C-B098-EC0827C38428}.Final-SDL|ARM.Build.0 = Release|ARM
		{5D006720-4C22-456C-B098-EC0827C38428}.Final-SDL|ARM64.ActiveCfg = Release|ARM64
		{5D006720-4C22-456C-B098-EC0827C38428}.Final-SDL|ARM64.Build.0 = Release|ARM64
		{5D006720-4C22-456C-B098-EC0827C38428}.Final-SDL|Win32.ActiveCfg = Release|Win32
		{5D006720-4C22-456C-B098-EC0827C38428}.Final-SDL|Win32.Build.0 = Release|Win32
		{5D006720-4C22-456C-B098-EC0827C38428}.Final-SDL|x64.ActiveCfg = Release|x64
		{5D006720-4C22-456C-B098-EC0827C38428}.Final-SDL|x64.Build.0 = Release|x64
		{5D006720-4C22-456C-B098-EC0827C38428}.Logging|ARM.ActiveCfg = Release|ARM
		{5D006720-4C22-456C-B098-EC0827C38428}.Logging|ARM.Build.0 = Release|ARM
		{5D006720-4C22-456C-B098-EC0827C38428}.Logging|ARM64.ActiveCfg = Release|ARM64
		{5D006720-4C22-456C-B098-EC0827C38428}.Logging|ARM64.Build.0 = Release|ARM64
		{5D006720-4C22-456C-B098-EC0827C38428}.Logging|Win32.ActiveCfg = Release|Win32
		{5D006720-4C22-456C-B098-EC0827C38428}.Logging|Win32.Build.0 = Release|Win32
		{5D006720-4C22-456C-B098-EC0827C38428}.Logging|x64.ActiveCfg = Release|x64
		{5D006720-4C22-456C-B098-EC0827C38428}.Logging|x64.Build.0 = Release|x64
		{5D006720-4C22-456C-B098-EC0827C38428}.Logging-SDL|ARM.ActiveCfg = Release|ARM
		{5D006720-4C22-456C-B098-EC0827C38428}.Logging-SDL|ARM.Build.0 = Release|ARM
		{5D006720-4C22-456C-B098-EC0827C38428}.Logging-SDL|ARM64.ActiveCfg = Release|ARM64
		{5D006720-4C22-456C-B098-EC0827C38428}.Logging-SDL|ARM64.Build.0 = Release|ARM64
		{5D006720-4C22-456C-B098-EC0827C38428}.Logging-SDL|Win32.ActiveCfg = Release|Win32
		{5D006720-4C22-456C-B098-EC0827C38428}.Logging-SDL|Win32.Build.0 = Release|Win32
		{5D006720-4C22-456C-B098-EC0827C38428}.Logging-SDL|x64.ActiveCfg = Release|x64
		{5D006720-4C22-456C-B098-EC0827C38428}.Logging-SDL|x64.Build.0 = Release|x64
		{5D006720-4C22-456C-B098-EC0827C38428}.Release|ARM.ActiveCfg = Release|ARM
		{5D006720-4C22-456C-B098-EC0827C38428}.Release|ARM.Build.0 = Release|ARM
		{5D006720-4C22-456C-B098-EC0827C38428}.Release|ARM64.ActiveCfg = Release|ARM64
		{5D006720-4C22-456C-B098-EC0827C38428}.Release|ARM64.Build.0 = Release|ARM64
		{5D006720-4C22-456C-B098-EC0827C38428}.Release|Win32.ActiveCfg = Release|Win32
		{5D006720-4C22-456C-B098-EC0827C38428}.Release|Win32.Build.0 = Release|Win32
		{5D006720-4C22-456C-B098-EC0827C38428}.Release|x64.ActiveCfg = Release|x64
		{5D006720-4C22-456C-B098-EC0827C38428}.Release|x64.Build.0 = Release|x64
		{B4824EFF-C340-425D-A4A8-E2E02A71A7AE}.Debug|ARM.ActiveCfg = Debug|Win32
		{B4824EFF-C340-425D-A4A8-E2E02A71A7AE}.Debug|ARM64.ActiveCfg = Debug|Win32
		{B4824EFF-C340-425D-A4A8-E2E02A71A7AE}.Debug|Win32.ActiveCfg = Debug|Win32
		{B4824EFF-C340-425D-A4A8-E2E02A71A7AE}.Debug|x64.ActiveCfg = Debug|x64
		{B4824EFF-C340-425D-A4A8-E2E02A71A7AE}.Debug-SDL|ARM.ActiveCfg = Debug|x64
		{B4824EFF-C340-425D-A4A8-E2E02A71A7AE}.Debug-SDL|ARM.Build.0 = Debug|x64
		{B4824EFF-C340-425D-A4A8-E2E02A71A7AE}.Debug-SDL|ARM64.ActiveCfg = Debug|x64
		{B4824EFF-C340-425D-A4A8-E2E02A71A7AE}.Debug-SDL|ARM64.Build.0 = Debug|x64
		{B4824EFF-C340-425D-A4A8-E2E02A71A7AE}.Debug-SDL|Win32.ActiveCfg = Debug|Win32
		{B4824EFF-C340-425D-A4A8-E2E02A71A7AE}.Debug-SDL|Win32.Build.0 = Debug|Win32
		{B4824EFF-C340-425D-A4A8-E2E02A71A7AE}.Debug-SDL|x64.ActiveCfg = Debug|x64
		{B4824EFF-C340-425D-A4A8-E2E02A71A7AE}.Debug-SDL|x64.Build.0 = Debug|x64
		{B4824EFF-C340-425D-A4A8-E2E02A71A7AE}.Final|ARM.ActiveCfg = Release|x64
		{B4824EFF-C340-425D-A4A8-E2E02A71A7AE}.Final|ARM.Build.0 = Release|x64
		{B4824EFF-C340-425D-A4A8-E2E02A71A7AE}.Final|ARM64.ActiveCfg = Release|x64
		{B4824EFF-C340-425D-A4A8-E2E02A71A7AE}.Final|ARM64.Build.0 = Release|x64
		{B4824EFF-C340-425D-A4A8-E2E02A71A7AE}.Final|Win32.ActiveCfg = Release|Win32
		{B4824EFF-C340-425D-A4A8-E2E02A71A7AE}.Final|x64.ActiveCfg = Release|x64
		{B4824EFF-C340-425D-A4A8-E2E02A71A7AE}.Final-SDL|ARM.ActiveCfg = Release|x64
		{B4824EFF-C340-425D-A4A8-E2E02A71A7AE}.Final-SDL|ARM64.ActiveCfg = Release|x64
		{B4824EFF-C340-425D-A4A8-E2E02A71A7AE}.Final-SDL|Win32.ActiveCfg = Release|Win32
		{B4824EFF-C340-425D-A4A8-E2E02A71A7AE}.Final-SDL|Win32.Build.0 = Release|Win32
		{B4824EFF-C340-425D-A4A8-E2E02A71A7AE}.Final-SDL|x64.ActiveCfg = Release|x64
		{B4824EFF-C340-425D-A4A8-E2E02A71A7AE}.Final-SDL|x64.Build.0 = Release|x64
		{B4824EFF-C340-425D-A4A8-E2E02A71A7AE}.Logging|ARM.ActiveCfg = Release|x64
		{B4824EFF-C340-425D-A4A8-E2E02A71A7AE}.Logging|ARM.Build.0 = Release|x64
		{B4824EFF-C340-425D-A4A8-E2E02A71A7AE}.Logging|ARM64.ActiveCfg = Release|x64
		{B4824EFF-C340-425D-A4A8-E2E02A71A7AE}.Logging|ARM64.Build.0 = Release|x64
		{B4824EFF-C340-425D-A4A8-E2E02A71A7AE}.Logging|Win32.ActiveCfg = Release|Win32
		{B4824EFF-C340-425D-A4A8-E2E02A71A7AE}.Logging|x64.ActiveCfg = Release|x64
		{B4824EFF-C340-425D-A4A8-E2E02A71A7AE}.Logging-SDL|ARM.ActiveCfg = ReleaseDLLStaticDeps|x64
		{B4824EFF-C340-425D-A4A8-E2E02A71A7AE}.Logging-SDL|ARM64.ActiveCfg = ReleaseDLLStaticDeps|x64
		{B4824EFF-C340-425D-A4A8-E2E02A71A7AE}.Logging-SDL|Win32.ActiveCfg = Release|Win32
		{B4824EFF-C340-425D-A4A8-E2E02A71A7AE}.Logging-SDL|Win32.Build.0 = Release|Win32
		{B4824EFF-C340-425D-A4A8-E2E02A71A7AE}.Logging-SDL|x64.ActiveCfg = ReleaseDLLStaticDeps|x64
		{B4824EFF-C340-425D-A4A8-E2E02A71A7AE}.Logging-SDL|x64.Build.0 = ReleaseDLLStaticDeps|x64
		{B4824EFF-C340-425D-A4A8-E2E02A71A7AE}.Release|ARM.ActiveCfg = Release|Win32
		{B4824EFF-C340-425D-A4A8-E2E02A71A7AE}.Release|ARM64.ActiveCfg = Release|Win32
		{B4824EFF-C340-425D-A4A8-E2E02A71A7AE}.Release|Win32.ActiveCfg = Release|Win32
		{B4824EFF-C340-425D-A4A8-E2E02A71A7AE}.Release|x64.ActiveCfg = Release|x64
		{6E165FA4-44EB-4330-8394-9F0D76D8E03E}.Debug|ARM.ActiveCfg = Debug|Win32
		{6E165FA4-44EB-4330-8394-9F0D76D8E03E}.Debug|ARM64.ActiveCfg = Debug|Win32
		{6E165FA4-44EB-4330-8394-9F0D76D8E03E}.Debug|Win32.ActiveCfg = Debug|Win32
		{6E165FA4-44EB-4330-8394-9F0D76D8E03E}.Debug|x64.ActiveCfg = Debug|x64
		{6E165FA4-44EB-4330-8394-9F0D76D8E03E}.Debug-SDL|ARM.ActiveCfg = Debug|x64
		{6E165FA4-44EB-4330-8394-9F0D76D8E03E}.Debug-SDL|ARM.Build.0 = Debug|x64
		{6E165FA4-44EB-4330-8394-9F0D76D8E03E}.Debug-SDL|ARM64.ActiveCfg = Debug|x64
		{6E165FA4-44EB-4330-8394-9F0D76D8E03E}.Debug-SDL|ARM64.Build.0 = Debug|x64
		{6E165FA4-44EB-4330-8394-9F0D76D8E03E}.Debug-SDL|Win32.ActiveCfg = Debug|Win32
		{6E165FA4-44EB-4330-8394-9F0D76D8E03E}.Debug-SDL|Win32.Build.0 = Debug|Win32
		{6E165FA4-44EB-4330-8394-9F0D76D8E03E}.Debug-SDL|x64.ActiveCfg = Debug|x64
		{6E165FA4-44EB-4330-8394-9F0D76D8E03E}.Debug-SDL|x64.Build.0 = Debug|x64
		{6E165FA4-44EB-4330-8394-9F0D76D8E03E}.Final|ARM.ActiveCfg = Release|x64
		{6E165FA4-44EB-4330-8394-9F0D76D8E03E}.Final|ARM.Build.0 = Release|x64
		{6E165FA4-44EB-4330-8394-9F0D76D8E03E}.Final|ARM64.ActiveCfg = Release|x64
		{6E165FA4-44EB-4330-8394-9F0D76D8E03E}.Final|ARM64.Build.0 = Release|x64
		{6E165FA4-44EB-4330-8394-9F0D76D8E03E}.Final|Win32.ActiveCfg = Release|Win32
		{6E165FA4-44EB-4330-8394-9F0D76D8E03E}.Final|x64.ActiveCfg = Release|x64
		{6E165FA4-44EB-4330-8394-9F0D76D8E03E}.Final-SDL|ARM.ActiveCfg = Release|x64
		{6E165FA4-44EB-4330-8394-9F0D76D8E03E}.Final-SDL|ARM64.ActiveCfg = Release|x64
		{6E165FA4-44EB-4330-8394-9F0D76D8E03E}.Final-SDL|Win32.ActiveCfg = Release|Win32
		{6E165FA4-44EB-4330-8394-9F0D76D8E03E}.Final-SDL|Win32.Build.0 = Release|Win32
		{6E165FA4-44EB-4330-8394-9F0D76D8E03E}.Final-SDL|x64.ActiveCfg = Release|x64
		{6E165FA4-44EB-4330-8394-9F0D76D8E03E}.Final-SDL|x64.Build.0 = Release|x64
		{6E165FA4-44EB-4330-8394-9F0D76D8E03E}.Logging|ARM.ActiveCfg = Release|x64
		{6E165FA4-44EB-4330-8394-9F0D76D8E03E}.Logging|ARM.Build.0 = Release|x64
		{6E165FA4-44EB-4330-8394-9F0D76D8E03E}.Logging|ARM64.ActiveCfg = Release|x64
		{6E165FA4-44EB-4330-8394-9F0D76D8E03E}.Logging|ARM64.Build.0 = Release|x64
		{6E165FA4-44EB-4330-8394-9F0D76D8E03E}.Logging|Win32.ActiveCfg = Release|Win32
		{6E165FA4-44EB-4330-8394-9F0D76D8E03E}.Logging|x64.ActiveCfg = Release|x64
		{6E165FA4-44EB-4330-8394-9F0D76D8E03E}.Logging-SDL|ARM.ActiveCfg = ReleaseDLLStaticDeps|x64
		{6E165FA4-44EB-4330-8394-9F0D76D8E03E}.Logging-SDL|ARM64.ActiveCfg = ReleaseDLLStaticDeps|x64
		{6E165FA4-44EB-4330-8394-9F0D76D8E03E}.Logging-SDL|Win32.ActiveCfg = Release|Win32
		{6E165FA4-44EB-4330-8394-9F0D76D8E03E}.Logging-SDL|Win32.Build.0 = Release|Win32
		{6E165FA4-44EB-4330-8394-9F0D76D8E03E}.Logging-SDL|x64.ActiveCfg = ReleaseDLLStaticDeps|x64
		{6E165FA4-44EB-4330-8394-9F0D76D8E03E}.Logging-SDL|x64.Build.0 = ReleaseDLLStaticDeps|x64
		{6E165FA4-44EB-4330-8394-9F0D76D8E03E}.Release|ARM.ActiveCfg = Release|Win32
		{6E165FA4-44EB-4330-8394-9F0D76D8E03E}.Release|ARM64.ActiveCfg = Release|Win32
		{6E165FA4-44EB-4330-8394-9F0D76D8E03E}.Release|Win32.ActiveCfg = Release|Win32
		{6E165FA4-44EB-4330-8394-9F0D76D8E03E}.Release|x64.ActiveCfg = Release|x64
		{BC2E1028-66CD-41A0-AF90-EEBD8CC52787}.Debug|ARM.ActiveCfg = Debug|Win32
		{BC2E1028-66CD-41A0-AF90-EEBD8CC52787}.Debug|ARM64.ActiveCfg = Debug|Win32
		{BC2E1028-66CD-41A0-AF90-EEBD8CC52787}.Debug|Win32.ActiveCfg = Debug|Win32
		{BC2E1028-66CD-41A0-AF90-EEBD8CC52787}.Debug|x64.ActiveCfg = Debug|x64
		{BC2E1028-66CD-41A0-AF90-EEBD8CC52787}.Debug-SDL|ARM.ActiveCfg = Debug|x64
		{BC2E1028-66CD-41A0-AF90-EEBD8CC52787}.Debug-SDL|ARM.Build.0 = Debug|x64
		{BC2E1028-66CD-41A0-AF90-EEBD8CC52787}.Debug-SDL|ARM64.ActiveCfg = Debug|x64
		{BC2E1028-66CD-41A0-AF90-EEBD8CC52787}.Debug-SDL|ARM64.Build.0 = Debug|x64
		{BC2E1028-66CD-41A0-AF90-EEBD8CC52787}.Debug-SDL|Win32.ActiveCfg = Debug|Win32
		{BC2E1028-66CD-41A0-AF90-EEBD8CC52787}.Debug-SDL|Win32.Build.0 = Debug|Win32
		{BC2E1028-66CD-41A0-AF90-EEBD8CC52787}.Debug-SDL|x64.ActiveCfg = Debug|x64
		{BC2E1028-66CD-41A0-AF90-EEBD8CC52787}.Debug-SDL|x64.Build.0 = Debug|x64
		{BC2E1028-66CD-41A0-AF90-EEBD8CC52787}.Final|ARM.ActiveCfg = Release|x64
		{BC2E1028-66CD-41A0-AF90-EEBD8CC52787}.Final|ARM.Build.0 = Release|x64
		{BC2E1028-66CD-41A0-AF90-EEBD8CC52787}.Final|ARM64.ActiveCfg = Release|x64
		{BC2E1028-66CD-41A0-AF90-EEBD8CC52787}.Final|ARM64.Build.0 = Release|x64
		{BC2E1028-66CD-41A0-AF90-EEBD8CC52787}.Final|Win32.ActiveCfg = Release|Win32
		{BC2E1028-66CD-41A0-AF90-EEBD8CC52787}.Final|x64.ActiveCfg = Release|x64
		{BC2E1028-66CD-41A0-AF90-EEBD8CC52787}.Final-SDL|ARM.ActiveCfg = Release|x64
		{BC2E1028-66CD-41A0-AF90-EEBD8CC52787}.Final-SDL|ARM64.ActiveCfg = Release|x64
		{BC2E1028-66CD-41A0-AF90-EEBD8CC52787}.Final-SDL|Win32.ActiveCfg = Release|Win32
		{BC2E1028-66CD-41A0-AF90-EEBD8CC52787}.Final-SDL|Win32.Build.0 = Release|Win32
		{BC2E1028-66CD-41A0-AF90-EEBD8CC52787}.Final-SDL|x64.ActiveCfg = Release|x64
		{BC2E1028-66CD-41A0-AF90-EEBD8CC52787}.Final-SDL|x64.Build.0 = Release|x64
		{BC2E1028-66CD-41A0-AF90-EEBD8CC52787}.Logging|ARM.ActiveCfg = Release|x64
		{BC2E1028-66CD-41A0-AF90-EEBD8CC52787}.Logging|ARM.Build.0 = Release|x64
		{BC2E1028-66CD-41A0-AF90-EEBD8CC52787}.Logging|ARM64.ActiveCfg = Release|x64
		{BC2E1028-66CD-41A0-AF90-EEBD8CC52787}.Logging|ARM64.Build.0 = Release|x64
		{BC2E1028-66CD-41A0-AF90-EEBD8CC52787}.Logging|Win32.ActiveCfg = Release|Win32
		{BC2E1028-66CD-41A0-AF90-EEBD8CC52787}.Logging|x64.ActiveCfg = Release|x64
		{BC2E1028-66CD-41A0-AF90-EEBD8CC52787}.Logging-SDL|ARM.ActiveCfg = ReleaseDLLStaticDeps|x64
		{BC2E1028-66CD-41A0-AF90-EEBD8CC52787}.Logging-SDL|ARM64.ActiveCfg = ReleaseDLLStaticDeps|x64
		{BC2E1028-66CD-41A0-AF90-EEBD8CC52787}.Logging-SDL|Win32.ActiveCfg = Release|Win32
		{BC2E1028-66CD-41A0-AF90-EEBD8CC52787}.Logging-SDL|Win32.Build.0 = Release|Win32
		{BC2E1028-66CD-41A0-AF90-EEBD8CC52787}.Logging-SDL|x64.ActiveCfg = ReleaseDLLStaticDeps|x64
		{BC2E1028-66CD-41A0-AF90-EEBD8CC52787}.Logging-SDL|x64.Build.0 = ReleaseDLLStaticDeps|x64
		{BC2E1028-66CD-41A0-AF90-EEBD8CC52787}.Release|ARM.ActiveCfg = Release|Win32
		{BC2E1028-66CD-41A0-AF90-EEBD8CC52787}.Release|ARM64.ActiveCfg = Release|Win32
		{BC2E1028-66CD-41A0-AF90-EEBD8CC52787}.Release|Win32.ActiveCfg = Release|Win32
		{BC2E1028-66CD-41A0-AF90-EEBD8CC52787}.Release|x64.ActiveCfg = Release|x64
		{30A96E9B-8061-4F19-BD71-FDE7EA8F7929}.Debug|ARM.ActiveCfg = Debug|Win32
		{30A96E9B-8061-4F19-BD71-FDE7EA8F7929}.Debug|ARM64.ActiveCfg = Debug|Win32
		{30A96E9B-8061-4F19-BD71-FDE7EA8F7929}.Debug|Win32.ActiveCfg = Debug|Win32
		{30A96E9B-8061-4F19-BD71-FDE7EA8F7929}.Debug|x64.ActiveCfg = Debug|x64
		{30A96E9B-8061-4F19-BD71-FDE7EA8F7929}.Debug-SDL|ARM.ActiveCfg = Debug|x64
		{30A96E9B-8061-4F19-BD71-FDE7EA8F7929}.Debug-SDL|ARM.Build.0 = Debug|x64
		{30A96E9B-8061-4F19-BD71-FDE7EA8F7929}.Debug-SDL|ARM64.ActiveCfg = Debug|x64
		{30A96E9B-8061-4F19-BD71-FDE7EA8F7929}.Debug-SDL|ARM64.Build.0 = Debug|x64
		{30A96E9B-8061-4F19-BD71-FDE7EA8F7929}.Debug-SDL|Win32.ActiveCfg = Debug|Win32
		{30A96E9B-8061-4F19-BD71-FDE7EA8F7929}.Debug-SDL|Win32.Build.0 = Debug|Win32
		{30A96E9B-8061-4F19-BD71-FDE7EA8F7929}.Debug-SDL|x64.ActiveCfg = Debug|x64
		{30A96E9B-8061-4F19-BD71-FDE7EA8F7929}.Debug-SDL|x64.Build.0 = Debug|x64
		{30A96E9B-8061-4F19-BD71-FDE7EA8F7929}.Final|ARM.ActiveCfg = Release|x64
		{30A96E9B-8061-4F19-BD71-FDE7EA8F7929}.Final|ARM.Build.0 = Release|x64
		{30A96E9B-8061-4F19-BD71-FDE7EA8F7929}.Final|ARM64.ActiveCfg = Release|x64
		{30A96E9B-8061-4F19-BD71-FDE7EA8F7929}.Final|ARM64.Build.0 = Release|x64
		{30A96E9B-8061-4F19-BD71-FDE7EA8F7929}.Final|Win32.ActiveCfg = Release|Win32
		{30A96E9B-8061-4F19-BD71-FDE7EA8F7929}.Final|x64.ActiveCfg = Release|x64
		{30A96E9B-8061-4F19-BD71-FDE7EA8F7929}.Final-SDL|ARM.ActiveCfg = Release|x64
		{30A96E9B-8061-4F19-BD71-FDE7EA8F7929}.Final-SDL|ARM64.ActiveCfg = Release|x64
		{30A96E9B-8061-4F19-BD71-FDE7EA8F7929}.Final-SDL|Win32.ActiveCfg = Release|Win32
		{30A96E9B-8061-4F19-BD71-FDE7EA8F7929}.Final-SDL|Win32.Build.0 = Release|Win32
		{30A96E9B-8061-4F19-BD71-FDE7EA8F7929}.Final-SDL|x64.ActiveCfg = Release|x64
		{30A96E9B-8061-4F19-BD71-FDE7EA8F7929}.Final-SDL|x64.Build.0 = Release|x64
		{30A96E9B-8061-4F19-BD71-FDE7EA8F7929}.Logging|ARM.ActiveCfg = Release|x64
		{30A96E9B-8061-4F19-BD71-FDE7EA8F7929}.Logging|ARM.Build.0 = Release|x64
		{30A96E9B-8061-4F19-BD71-FDE7EA8F7929}.Logging|ARM64.ActiveCfg = Release|x64
		{30A96E9B-8061-4F19-BD71-FDE7EA8F7929}.Logging|ARM64.Build.0 = Release|x64
		{30A96E9B-8061-4F19-BD71-FDE7EA8F7929}.Logging|Win32.ActiveCfg = Release|Win32
		{30A96E9B-8061-4F19-BD71-FDE7EA8F7929}.Logging|x64.ActiveCfg = Release|x64
		{30A96E9B-8061-4F19-BD71-FDE7EA8F7929}.Logging-SDL|ARM.ActiveCfg = ReleaseDLLStaticDeps|x64
		{30A96E9B-8061-4F19-BD71-FDE7EA8F7929}.Logging-SDL|ARM64.ActiveCfg = ReleaseDLLStaticDeps|x64
		{30A96E9B-8061-4F19-BD71-FDE7EA8F7929}.Logging-SDL|Win32.ActiveCfg = Release|Win32
		{30A96E9B-8061-4F19-BD71-FDE7EA8F7929}.Logging-SDL|Win32.Build.0 = Release|Win32
		{30A96E9B-8061-4F19-BD71-FDE7EA8F7929}.Logging-SDL|x64.ActiveCfg = ReleaseDLLStaticDeps|x64
		{30A96E9B-8061-4F19-BD71-FDE7EA8F7929}.Logging-SDL|x64.Build.0 = ReleaseDLLStaticDeps|x64
		{30A96E9B-8061-4F19-BD71-FDE7EA8F7929}.Release|ARM.ActiveCfg = Release|Win32
		{30A96E9B-8061-4F19-BD71-FDE7EA8F7929}.Release|ARM64.ActiveCfg = Release|Win32
		{30A96E9B-8061-4F19-BD71-FDE7EA8F7929}.Release|Win32.ActiveCfg = Release|Win32
		{30A96E9B-8061-4F19-BD71-FDE7EA8F7929}.Release|x64.ActiveCfg = Release|x64
		{CE6C44DD-6E38-4293-8AB3-04EE28CCA972}.Debug|ARM.ActiveCfg = Debug|Win32
		{CE6C44DD-6E38-4293-8AB3-04EE28CCA972}.Debug|ARM64.ActiveCfg = Debug|Win32
		{CE6C44DD-6E38-4293-8AB3-04EE28CCA972}.Debug|Win32.ActiveCfg = Debug|Win32
		{CE6C44DD-6E38-4293-8AB3-04EE28CCA972}.Debug|x64.ActiveCfg = Debug|x64
		{CE6C44DD-6E38-4293-8AB3-04EE28CCA972}.Debug-SDL|ARM.ActiveCfg = Debug|x64
		{CE6C44DD-6E38-4293-8AB3-04EE28CCA972}.Debug-SDL|ARM.Build.0 = Debug|x64
		{CE6C44DD-6E38-4293-8AB3-04EE28CCA972}.Debug-SDL|ARM64.ActiveCfg = Debug|x64
		{CE6C44DD-6E38-4293-8AB3-04EE28CCA972}.Debug-SDL|ARM64.Build.0 = Debug|x64
		{CE6C44DD-6E38-4293-8AB3-04EE28CCA972}.Debug-SDL|Win32.ActiveCfg = Debug|Win32
		{CE6C44DD-6E38-4293-8AB3-04EE28CCA972}.Debug-SDL|Win32.Build.0 = Debug|Win32
		{CE6C44DD-6E38-4293-8AB3-04EE28CCA972}.Debug-SDL|x64.ActiveCfg = Debug|x64
		{CE6C44DD-6E38-4293-8AB3-04EE28CCA972}.Debug-SDL|x64.Build.0 = Debug|x64
		{CE6C44DD-6E38-4293-8AB3-04EE28CCA972}.Final|ARM.ActiveCfg = Release|x64
		{CE6C44DD-6E38-4293-8AB3-04EE28CCA972}.Final|ARM.Build.0 = Release|x64
		{CE6C44DD-6E38-4293-8AB3-04EE28CCA972}.Final|ARM64.ActiveCfg = Release|x64
		{CE6C44DD-6E38-4293-8AB3-04EE28CCA972}.Final|ARM64.Build.0 = Release|x64
		{CE6C44DD-6E38-4293-8AB3-04EE28CCA972}.Final|Win32.ActiveCfg = Release|Win32
		{CE6C44DD-6E38-4293-8AB3-04EE28CCA972}.Final|x64.ActiveCfg = Release|x64
		{CE6C44DD-6E38-4293-8AB3-04EE28CCA972}.Final-SDL|ARM.ActiveCfg = Release|x64
		{CE6C44DD-6E38-4293-8AB3-04EE28CCA972}.Final-SDL|ARM64.ActiveCfg = Release|x64
		{CE6C44DD-6E38-4293-8AB3-04EE28CCA972}.Final-SDL|Win32.ActiveCfg = Release|Win32
		{CE6C44DD-6E38-4293-8AB3-04EE28CCA972}.Final-SDL|Win32.Build.0 = Release|Win32
		{CE6C44DD-6E38-4293-8AB3-04EE28CCA972}.Final-SDL|x64.ActiveCfg = Release|x64
		{CE6C44DD-6E38-4293-8AB3-04EE28CCA972}.Final-SDL|x64.Build.0 = Release|x64
		{CE6C44DD-6E38-4293-8AB3-04EE28CCA972}.Logging|ARM.ActiveCfg = Release|x64
		{CE6C44DD-6E38-4293-8AB3-04EE28CCA972}.Logging|ARM.Build.0 = Release|x64
		{CE6C44DD-6E38-4293-8AB3-04EE28CCA972}.Logging|ARM64.ActiveCfg = Release|x64
		{CE6C44DD-6E38-4293-8AB3-04EE28CCA972}.Logging|ARM64.Build.0 = Release|x64
		{CE6C44DD-6E38-4293-8AB3-04EE28CCA972}.Logging|Win32.ActiveCfg = Release|Win32
		{CE6C44DD-6E38-4293-8AB3-04EE28CCA972}.Logging|x64.ActiveCfg = Release|x64
		{CE6C44DD-6E38-4293-8AB3-04EE28CCA972}.Logging-SDL|ARM.ActiveCfg = ReleaseDLLStaticDeps|x64
		{CE6C44DD-6E38-4293-8AB3-04EE28CCA972}.Logging-SDL|ARM64.ActiveCfg = ReleaseDLLStaticDeps|x64
		{CE6C44DD-6E38-4293-8AB3-04EE28CCA972}.Logging-SDL|Win32.ActiveCfg = Release|Win32
		{CE6C44DD-6E38-4293-8AB3-04EE28CCA972}.Logging-SDL|Win32.Build.0 = Release|Win32
		{CE6C44DD-6E38-4293-8AB3-04EE28CCA972}.Logging-SDL|x64.ActiveCfg = ReleaseDLLStaticDeps|x64
		{CE6C44DD-6E38-4293-8AB3-04EE28CCA972}.Logging-SDL|x64.Build.0 = ReleaseDLLStaticDeps|x64
		{CE6C44DD-6E38-4293-8AB3-04EE28CCA972}.Release|ARM.ActiveCfg = Release|Win32
		{CE6C44DD-6E38-4293-8AB3-04EE28CCA972}.Release|ARM64.ActiveCfg = Release|Win32
		{CE6C44DD-6E38-4293-8AB3-04EE28CCA972}.Release|Win32.ActiveCfg = Release|Win32
		{CE6C44DD-6E38-4293-8AB3-04EE28CCA972}.Release|x64.ActiveCfg = Release|x64
		{3CE4A9EF-98B6-4454-B76E-3AD9C03A2114}.Debug|ARM.ActiveCfg = Debug|Win32
		{3CE4A9EF-98B6-4454-B76E-3AD9C03A2114}.Debug|ARM64.ActiveCfg = Debug|Win32
		{3CE4A9EF-98B6-4454-B76E-3AD9C03A2114}.Debug|Win32.ActiveCfg = Debug|Win32
		{3CE4A9EF-98B6-4454-B76E-3AD9C03A2114}.Debug|x64.ActiveCfg = Debug|x64
		{3CE4A9EF-98B6-4454-B76E-3AD9C03A2114}.Debug-SDL|ARM.ActiveCfg = Debug|x64
		{3CE4A9EF-98B6-4454-B76E-3AD9C03A2114}.Debug-SDL|ARM.Build.0 = Debug|x64
		{3CE4A9EF-98B6-4454-B76E-3AD9C03A2114}.Debug-SDL|ARM64.ActiveCfg = Debug|x64
		{3CE4A9EF-98B6-4454-B76E-3AD9C03A2114}.Debug-SDL|ARM64.Build.0 = Debug|x64
		{3CE4A9EF-98B6-4454-B76E-3AD9C03A2114}.Debug-SDL|Win32.ActiveCfg = Debug|Win32
		{3CE4A9EF-98B6-4454-B76E-3AD9C03A2114}.Debug-SDL|Win32.Build.0 = Debug|Win32
		{3CE4A9EF-98B6-4454-B76E-3AD9C03A2114}.Debug-SDL|x64.ActiveCfg = Debug|x64
		{3CE4A9EF-98B6-4454-B76E-3AD9C03A2114}.Debug-SDL|x64.Build.0 = Debug|x64
		{3CE4A9EF-98B6-4454-B76E-3AD9C03A2114}.Final|ARM.ActiveCfg = Release|x64
		{3CE4A9EF-98B6-4454-B76E-3AD9C03A2114}.Final|ARM.Build.0 = Release|x64
		{3CE4A9EF-98B6-4454-B76E-3AD9C03A2114}.Final|ARM64.ActiveCfg = Release|x64
		{3CE4A9EF-98B6-4454-B76E-3AD9C03A2114}.Final|ARM64.Build.0 = Release|x64
		{3CE4A9EF-98B6-4454-B76E-3AD9C03A2114}.Final|Win32.ActiveCfg = Release|Win32
		{3CE4A9EF-98B6-4454-B76E-3AD9C03A2114}.Final|x64.ActiveCfg = Release|x64
		{3CE4A9EF-98B6-4454-B76E-3AD9C03A2114}.Final-SDL|ARM.ActiveCfg = Release|x64
		{3CE4A9EF-98B6-4454-B76E-3AD9C03A2114}.Final-SDL|ARM64.ActiveCfg = Release|x64
		{3CE4A9EF-98B6-4454-B76E-3AD9C03A2114}.Final-SDL|Win32.ActiveCfg = Release|Win32
		{3CE4A9EF-98B6-4454-B76E-3AD9C03A2114}.Final-SDL|Win32.Build.0 = Release|Win32
		{3CE4A9EF-98B6-4454-B76E-3AD9C03A2114}.Final-SDL|x64.ActiveCfg = Release|x64
		{3CE4A9EF-98B6-4454-B76E-3AD9C03A2114}.Final-SDL|x64.Build.0 = Release|x64
		{3CE4A9EF-98B6-4454-B76E-3AD9C03A2114}.Logging|ARM.ActiveCfg = Release|x64
		{3CE4A9EF-98B6-4454-B76E-3AD9C03A2114}.Logging|ARM.Build.0 = Release|x64
		{3CE4A9EF-98B6-4454-B76E-3AD9C03A2114}.Logging|ARM64.ActiveCfg = Release|x64
		{3CE4A9EF-98B6-4454-B76E-3AD9C03A2114}.Logging|ARM64.Build.0 = Release|x64
		{3CE4A9EF-98B6-4454-B76E-3AD9C03A2114}.Logging|Win32.ActiveCfg = Release|Win32
		{3CE4A9EF-98B6-4454-B76E-3AD9C03A2114}.Logging|x64.ActiveCfg = Release|x64
		{3CE4A9EF-98B6-4454-B76E-3AD9C03A2114}.Logging-SDL|ARM.ActiveCfg = ReleaseDLLStaticDeps|x64
		{3CE4A9EF-98B6-4454-B76E-3AD9C03A2114}.Logging-SDL|ARM64.ActiveCfg = ReleaseDLLStaticDeps|x64
		{3CE4A9EF-98B6-4454-B76E-3AD9C03A2114}.Logging-SDL|Win32.ActiveCfg = Release|Win32
		{3CE4A9EF-98B6-4454-B76E-3AD9C03A2114}.Logging-SDL|Win32.Build.0 = Release|Win32
		{3CE4A9EF-98B6-4454-B76E-3AD9C03A2114}.Logging-SDL|x64.ActiveCfg = ReleaseDLLStaticDeps|x64
		{3CE4A9EF-98B6-4454-B76E-3AD9C03A2114}.Logging-SDL|x64.Build.0 = ReleaseDLLStaticDeps|x64
		{3CE4A9EF-98B6-4454-B76E-3AD9C03A2114}.Release|ARM.ActiveCfg = Release|Win32
		{3CE4A9EF-98B6-4454-B76E-3AD9C03A2114}.Release|ARM64.ActiveCfg = Release|Win32
		{3CE4A9EF-98B6-4454-B76E-3AD9C03A2114}.Release|Win32.ActiveCfg = Release|Win32
		{3CE4A9EF-98B6-4454-B76E-3AD9C03A2114}.Release|x64.ActiveCfg = Release|x64
		{6D8A6330-8EBE-49FD-9281-0A396F9F28F2}.Debug|ARM.ActiveCfg = Debug|Win32
		{6D8A6330-8EBE-49FD-9281-0A396F9F28F2}.Debug|ARM64.ActiveCfg = Debug|Win32
		{6D8A6330-8EBE-49FD-9281-0A396F9F28F2}.Debug|Win32.ActiveCfg = Debug|Win32
		{6D8A6330-8EBE-49FD-9281-0A396F9F28F2}.Debug|x64.ActiveCfg = Debug|x64
		{6D8A6330-8EBE-49FD-9281-0A396F9F28F2}.Debug-SDL|ARM.ActiveCfg = Debug|x64
		{6D8A6330-8EBE-49FD-9281-0A396F9F28F2}.Debug-SDL|ARM.Build.0 = Debug|x64
		{6D8A6330-8EBE-49FD-9281-0A396F9F28F2}.Debug-SDL|ARM64.ActiveCfg = Debug|x64
		{6D8A6330-8EBE-49FD-9281-0A396F9F28F2}.Debug-SDL|ARM64.Build.0 = Debug|x64
		{6D8A6330-8EBE-49FD-9281-0A396F9F28F2}.Debug-SDL|Win32.ActiveCfg = Debug|Win32
		{6D8A6330-8EBE-49FD-9281-0A396F9F28F2}.Debug-SDL|Win32.Build.0 = Debug|Win32
		{6D8A6330-8EBE-49FD-9281-0A396F9F28F2}.Debug-SDL|x64.ActiveCfg = Debug|x64
		{6D8A6330-8EBE-49FD-9281-0A396F9F28F2}.Debug-SDL|x64.Build.0 = Debug|x64
		{6D8A6330-8EBE-49FD-9281-0A396F9F28F2}.Final|ARM.ActiveCfg = Release|x64
		{6D8A6330-8EBE-49FD-9281-0A396F9F28F2}.Final|ARM.Build.0 = Release|x64
		{6D8A6330-8EBE-49FD-9281-0A396F9F28F2}.Final|ARM64.ActiveCfg = Release|x64
		{6D8A6330-8EBE-49FD-9281-0A396F9F28F2}.Final|ARM64.Build.0 = Release|x64
		{6D8A6330-8EBE-49FD-9281-0A396F9F28F2}.Final|Win32.ActiveCfg = Release|Win32
		{6D8A6330-8EBE-49FD-9281-0A396F9F28F2}.Final|x64.ActiveCfg = Release|x64
		{6D8A6330-8EBE-49FD-9281-0A396F9F28F2}.Final-SDL|ARM.ActiveCfg = Release|x64
		{6D8A6330-8EBE-49FD-9281-0A396F9F28F2}.Final-SDL|ARM64.ActiveCfg = Release|x64
		{6D8A6330-8EBE-49FD-9281-0A396F9F28F2}.Final-SDL|Win32.ActiveCfg = Release|Win32
		{6D8A6330-8EBE-49FD-9281-0A396F9F28F2}.Final-SDL|Win32.Build.0 = Release|Win32
		{6D8A6330-8EBE-49FD-9281-0A396F9F28F2}.Final-SDL|x64.ActiveCfg = Release|x64
		{6D8A6330-8EBE-49FD-9281-0A396F9F28F2}.Final-SDL|x64.Build.0 = Release|x64
		{6D8A6330-8EBE-49FD-9281-0A396F9F28F2}.Logging|ARM.ActiveCfg = Release|x64
		{6D8A6330-8EBE-49FD-9281-0A396F9F28F2}.Logging|ARM.Build.0 = Release|x64
		{6D8A6330-8EBE-49FD-9281-0A396F9F28F2}.Logging|ARM64.ActiveCfg = Release|x64
		{6D8A6330-8EBE-49FD-9281-0A396F9F28F2}.Logging|ARM64.Build.0 = Release|x64
		{6D8A6330-8EBE-49FD-9281-0A396F9F28F2}.Logging|Win32.ActiveCfg = Release|Win32
		{6D8A6330-8EBE-49FD-9281-0A396F9F28F2}.Logging|x64.ActiveCfg = Release|x64
		{6D8A6330-8EBE-49FD-9281-0A396F9F28F2}.Logging-SDL|ARM.ActiveCfg = ReleaseDLLStaticDeps|x64
		{6D8A6330-8EBE-49FD-9281-0A396F9F28F2}.Logging-SDL|ARM64.ActiveCfg = ReleaseDLLStaticDeps|x64
		{6D8A6330-8EBE-49FD-9281-0A396F9F28F2}.Logging-SDL|Win32.ActiveCfg = Release|Win32
		{6D8A6330-8EBE-49FD-9281-0A396F9F28F2}.Logging-SDL|Win32.Build.0 = Release|Win32
		{6D8A6330-8EBE-49FD-9281-0A396F9F28F2}.Logging-SDL|x64.ActiveCfg = ReleaseDLLStaticDeps|x64
		{6D8A6330-8EBE-49FD-9281-0A396F9F28F2}.Logging-SDL|x64.Build.0 = ReleaseDLLStaticDeps|x64
		{6D8A6330-8EBE-49FD-9281-0A396F9F28F2}.Release|ARM.ActiveCfg = Release|Win32
		{6D8A6330-8EBE-49FD-9281-0A396F9F28F2}.Release|ARM64.ActiveCfg = Release|Win32
		{6D8A6330-8EBE-49FD-9281-0A396F9F28F2}.Release|Win32.ActiveCfg = Release|Win32
		{6D8A6330-8EBE-49FD-9281-0A396F9F28F2}.Release|x64.ActiveCfg = Release|x64
		{D28D47E4-CC16-417C-A78D-9762707AC8D0}.Debug|ARM.ActiveCfg = Debug|ARM
		{D28D47E4-CC16-417C-A78D-9762707AC8D0}.Debug|ARM.Build.0 = Debug|ARM
		{D28D47E4-CC16-417C-A78D-9762707AC8D0}.Debug|ARM64.ActiveCfg = Debug|ARM64
		{D28D47E4-CC16-417C-A78D-9762707AC8D0}.Debug|ARM64.Build.0 = Debug|ARM64
		{D28D47E4-CC16-417C-A78D-9762707AC8D0}.Debug|Win32.ActiveCfg = Debug|Win32
		{D28D47E4-CC16-417C-A78D-9762707AC8D0}.Debug|Win32.Build.0 = Debug|Win32
		{D28D47E4-CC16-417C-A78D-9762707AC8D0}.Debug|x64.ActiveCfg = Debug|x64
		{D28D47E4-CC16-417C-A78D-9762707AC8D0}.Debug|x64.Build.0 = Debug|x64
		{D28D47E4-CC16-417C-A78D-9762707AC8D0}.Debug-SDL|ARM.ActiveCfg = Debug|ARM
		{D28D47E4-CC16-417C-A78D-9762707AC8D0}.Debug-SDL|ARM.Build.0 = Debug|ARM
		{D28D47E4-CC16-417C-A78D-9762707AC8D0}.Debug-SDL|ARM64.ActiveCfg = Debug|ARM64
		{D28D47E4-CC16-417C-A78D-9762707AC8D0}.Debug-SDL|ARM64.Build.0 = Debug|ARM64
		{D28D47E4-CC16-417C-A78D-9762707AC8D0}.Debug-SDL|Win32.ActiveCfg = Debug|Win32
		{D28D47E4-CC16-417C-A78D-9762707AC8D0}.Debug-SDL|Win32.Build.0 = Debug|Win32
		{D28D47E4-CC16-417C-A78D-9762707AC8D0}.Debug-SDL|x64.ActiveCfg = Debug|x64
		{D28D47E4-CC16-417C-A78D-9762707AC8D0}.Debug-SDL|x64.Build.0 = Debug|x64
		{D28D47E4-CC16-417C-A78D-9762707AC8D0}.Final|ARM.ActiveCfg = Release|ARM
		{D28D47E4-CC16-417C-A78D-9762707AC8D0}.Final|ARM.Build.0 = Release|ARM
		{D28D47E4-CC16-417C-A78D-9762707AC8D0}.Final|ARM64.ActiveCfg = Release|ARM64
		{D28D47E4-CC16-417C-A78D-9762707AC8D0}.Final|ARM64.Build.0 = Release|ARM64
		{D28D47E4-CC16-417C-A78D-9762707AC8D0}.Final|Win32.ActiveCfg = Release|Win32
		{D28D47E4-CC16-417C-A78D-9762707AC8D0}.Final|Win32.Build.0 = Release|Win32
		{D28D47E4-CC16-417C-A78D-9762707AC8D0}.Final|x64.ActiveCfg = Release|x64
		{D28D47E4-CC16-417C-A78D-9762707AC8D0}.Final|x64.Build.0 = Release|x64
		{D28D47E4-CC16-417C-A78D-9762707AC8D0}.Final-SDL|ARM.ActiveCfg = Release|ARM
		{D28D47E4-CC16-417C-A78D-9762707AC8D0}.Final-SDL|ARM.Build.0 = Release|ARM
		{D28D47E4-CC16-417C-A78D-9762707AC8D0}.Final-SDL|ARM64.ActiveCfg = Release|ARM64
		{D28D47E4-CC16-417C-A78D-9762707AC8D0}.Final-SDL|ARM64.Build.0 = Release|ARM64
		{D28D47E4-CC16-417C-A78D-9762707AC8D0}.Final-SDL|Win32.ActiveCfg = Release|Win32
		{D28D47E4-CC16-417C-A78D-9762707AC8D0}.Final-SDL|Win32.Build.0 = Release|Win32
		{D28D47E4-CC16-417C-A78D-9762707AC8D0}.Final-SDL|x64.ActiveCfg = Release|x64
		{D28D47E4-CC16-417C-A78D-9762707AC8D0}.Final-SDL|x64.Build.0 = Release|x64
		{D28D47E4-CC16-417C-A78D-9762707AC8D0}.Logging|ARM.ActiveCfg = Release|ARM
		{D28D47E4-CC16-417C-A78D-9762707AC8D0}.Logging|ARM.Build.0 = Release|ARM
		{D28D47E4-CC16-417C-A78D-9762707AC8D0}.Logging|ARM64.ActiveCfg = Release|ARM64
		{D28D47E4-CC16-417C-A78D-9762707AC8D0}.Logging|ARM64.Build.0 = Release|ARM64
		{D28D47E4-CC16-417C-A78D-9762707AC8D0}.Logging|Win32.ActiveCfg = Release|Win32
		{D28D47E4-CC16-417C-A78D-9762707AC8D0}.Logging|Win32.Build.0 = Release|Win32
		{D28D47E4-CC16-417C-A78D-9762707AC8D0}.Logging|x64.ActiveCfg = Release|x64
		{D28D47E4-CC16-417C-A78D-9762707AC8D0}.Logging|x64.Build.0 = Release|x64
		{D28D47E4-CC16-417C-A78D-9762707AC8D0}.Logging-SDL|ARM.ActiveCfg = Release|ARM
		{D28D47E4-CC16-417C-A78D-9762707AC8D0}.Logging-SDL|ARM.Build.0 = Release|ARM
		{D28D47E4-CC16-417C-A78D-9762707AC8D0}.Logging-SDL|ARM64.ActiveCfg = Release|ARM64
		{D28D47E4-CC16-417C-A78D-9762707AC8D0}.Logging-SDL|ARM64.Build.0 = Release|ARM64
		{D28D47E4-CC16-417C-A78D-9762707AC8D0}.Logging-SDL|Win32.ActiveCfg = Release|Win32
		{D28D47E4-CC16-417C-A78D-9762707AC8D0}.Logging-SDL|Win32.Build.0 = Release|Win32
		{D28D47E4-CC16-417C-A78D-9762707AC8D0}.Logging-SDL|x64.ActiveCfg = Release|x64
		{D28D47E4-CC16-417C-A78D-9762707AC8D0}.Logging-SDL|x64.Build.0 = Release|x64
		{D28D47E4-CC16-417C-A78D-9762707AC8D0}.Release|ARM.ActiveCfg = Release|ARM
		{D28D47E4-CC16-417C-A78D-9762707AC8D0}.Release|ARM.Build.0 = Release|ARM
		{D28D47E4-CC16-417C-A78D-9762707AC8D0}.Release|ARM64.ActiveCfg = Release|ARM64
		{D28D47E4-CC16-417C-A78D-9762707AC8D0}.Release|ARM64.Build.0 = Release|ARM64
		{D28D47E4-CC16-417C-A78D-9762707AC8D0}.Release|Win32.ActiveCfg = Release|Win32
		{D28D47E4-CC16-417C-A78D-9762707AC8D0}.Release|Win32.Build.0 = Release|Win32
		{D28D47E4-CC16-417C-A78D-9762707AC8D0}.Release|x64.ActiveCfg = Release|x64
		{D28D47E4-CC16-417C-A78D-9762707AC8D0}.Release|x64.Build.0 = Release|x64
		{50623A27-8A78-480B-AB96-786A3A1190B1}.Debug|ARM.ActiveCfg = Debug|ARM
		{50623A27-8A78-480B-AB96-786A3A1190B1}.Debug|ARM.Build.0 = Debug|ARM
		{50623A27-8A78-480B-AB96-786A3A1190B1}.Debug|ARM64.ActiveCfg = Debug|ARM64
		{50623A27-8A78-480B-AB96-786A3A1190B1}.Debug|ARM64.Build.0 = Debug|ARM64
		{50623A27-8A78-480B-AB96-786A3A1190B1}.Debug|Win32.ActiveCfg = Debug|Win32
		{50623A27-8A78-480B-AB96-786A3A1190B1}.Debug|Win32.Build.0 = Debug|Win32
		{50623A27-8A78-480B-AB96-786A3A1190B1}.Debug|x64.ActiveCfg = Debug|x64
		{50623A27-8A78-480B-AB96-786A3A1190B1}.Debug|x64.Build.0 = Debug|x64
		{50623A27-8A78-480B-AB96-786A3A1190B1}.Debug-SDL|ARM.ActiveCfg = Debug|ARM
		{50623A27-8A78-480B-AB96-786A3A1190B1}.Debug-SDL|ARM.Build.0 = Debug|ARM
		{50623A27-8A78-480B-AB96-786A3A1190B1}.Debug-SDL|ARM64.ActiveCfg = Debug|ARM64
		{50623A27-8A78-480B-AB96-786A3A1190B1}.Debug-SDL|ARM64.Build.0 = Debug|ARM64
		{50623A27-8A78-480B-AB96-786A3A1190B1}.Debug-SDL|Win32.ActiveCfg = Debug|Win32
		{50623A27-8A78-480B-AB96-786A3A1190B1}.Debug-SDL|Win32.Build.0 = Debug|Win32
		{50623A27-8A78-480B-AB96-786A3A1190B1}.Debug-SDL|x64.ActiveCfg = Debug|x64
		{50623A27-8A78-480B-AB96-786A3A1190B1}.Debug-SDL|x64.Build.0 = Debug|x64
		{50623A27-8A78-480B-AB96-786A3A1190B1}.Final|ARM.ActiveCfg = Release|ARM
		{50623A27-8A78-480B-AB96-786A3A1190B1}.Final|ARM.Build.0 = Release|ARM
		{50623A27-8A78-480B-AB96-786A3A1190B1}.Final|ARM64.ActiveCfg = Release|ARM64
		{50623A27-8A78-480B-AB96-786A3A1190B1}.Final|ARM64.Build.0 = Release|ARM64
		{50623A27-8A78-480B-AB96-786A3A1190B1}.Final|Win32.ActiveCfg = Release|Win32
		{50623A27-8A78-480B-AB96-786A3A1190B1}.Final|Win32.Build.0 = Release|Win32
		{50623A27-8A78-480B-AB96-786A3A1190B1}.Final|x64.ActiveCfg = Release|x64
		{50623A27-8A78-480B-AB96-786A3A1190B1}.Final|x64.Build.0 = Release|x64
		{50623A27-8A78-480B-AB96-786A3A1190B1}.Final-SDL|ARM.ActiveCfg = Release|ARM
		{50623A27-8A78-480B-AB96-786A3A1190B1}.Final-SDL|ARM.Build.0 = Release|ARM
		{50623A27-8A78-480B-AB96-786A3A1190B1}.Final-SDL|ARM64.ActiveCfg = Release|ARM64
		{50623A27-8A78-480B-AB96-786A3A1190B1}.Final-SDL|ARM64.Build.0 = Release|ARM64
		{50623A27-8A78-480B-AB96-786A3A1190B1}.Final-SDL|Win32.ActiveCfg = Release|Win32
		{50623A27-8A78-480B-AB96-786A3A1190B1}.Final-SDL|Win32.Build.0 = Release|Win32
		{50623A27-8A78-480B-AB96-786A3A1190B1}.Final-SDL|x64.ActiveCfg = Release|x64
		{50623A27-8A78-480B-AB96-786A3A1190B1}.Final-SDL|x64.Build.0 = Release|x64
		{50623A27-8A78-480B-AB96-786A3A1190B1}.Logging|ARM.ActiveCfg = Release|ARM
		{50623A27-8A78-480B-AB96-786A3A1190B1}.Logging|ARM.Build.0 = Release|ARM
		{50623A27-8A78-480B-AB96-786A3A1190B1}.Logging|ARM64.ActiveCfg = Release|ARM64
		{50623A27-8A78-480B-AB96-786A3A1190B1}.Logging|ARM64.Build.0 = Release|ARM64
		{50623A27-8A78-480B-AB96-786A3A1190B1}.Logging|Win32.ActiveCfg = Release|Win32
		{50623A27-8A78-480B-AB96-786A3A1190B1}.Logging|Win32.Build.0 = Release|Win32
		{50623A27-8A78-480B-AB96-786A3A1190B1}.Logging|x64.ActiveCfg = Release|x64
		{50623A27-8A78-480B-AB96-786A3A1190B1}.Logging|x64.Build.0 = Release|x64
		{50623A27-8A78-480B-AB96-786A3A1190B1}.Logging-SDL|ARM.ActiveCfg = Release|ARM
		{50623A27-8A78-480B-AB96-786A3A1190B1}.Logging-SDL|ARM.Build.0 = Release|ARM
		{50623A27-8A78-480B-AB96-786A3A1190B1}.Logging-SDL|ARM64.ActiveCfg = Release|ARM64
		{50623A27-8A78-480B-AB96-786A3A1190B1}.Logging-SDL|ARM64.Build.0 = Release|ARM64
		{50623A27-8A78-480B-AB96-786A3A1190B1}.Logging-SDL|Win32.ActiveCfg = Release|Win32
		{50623A27-8A78-480B-AB96-786A3A1190B1}.Logging-SDL|Win32.Build.0 = Release|Win32
		{50623A27-8A78-480B-AB96-786A3A1190B1}.Logging-SDL|x64.ActiveCfg = Release|x64
		{50623A27-8A78-480B-AB96-786A3A1190B1}.Logging-SDL|x64.Build.0 = Release|x64
		{50623A27-8A78-480B-AB96-786A3A1190B1}.Release|ARM.ActiveCfg = Release|ARM
		{50623A27-8A78-480B-AB96-786A3A1190B1}.Release|ARM.Build.0 = Release|ARM
		{50623A27-8A78-480B-AB96-786A3A1190B1}.Release|ARM64.ActiveCfg = Release|ARM64
		{50623A27-8A78-480B-AB96-786A3A1190B1}.Release|ARM64.Build.0 = Release|ARM64
		{50623A27-8A78-480B-AB96-786A3A1190B1}.Release|Win32.ActiveCfg = Release|Win32
		{50623A27-8A78-480B-AB96-786A3A1190B1}.Release|Win32.Build.0 = Release|Win32
		{50623A27-8A78-480B-AB96-786A3A1190B1}.Release|x64.ActiveCfg = Release|x64
		{50623A27-8A78-480B-AB96-786A3A1190B1}.Release|x64.Build.0 = Release|x64
		{43953987-E1BC-4426-903B-864B7204D7CC}.Debug|ARM.ActiveCfg = Debug|ARM
		{43953987-E1BC-4426-903B-864B7204D7CC}.Debug|ARM.Build.0 = Debug|ARM
		{43953987-E1BC-4426-903B-864B7204D7CC}.Debug|ARM64.ActiveCfg = Debug|ARM64
		{43953987-E1BC-4426-903B-864B7204D7CC}.Debug|ARM64.Build.0 = Debug|ARM64
		{43953987-E1BC-4426-903B-864B7204D7CC}.Debug|Win32.ActiveCfg = Debug|Win32
		{43953987-E1BC-4426-903B-864B7204D7CC}.Debug|Win32.Build.0 = Debug|Win32
		{43953987-E1BC-4426-903B-864B7204D7CC}.Debug|x64.ActiveCfg = Debug|x64
		{43953987-E1BC-4426-903B-864B7204D7CC}.Debug|x64.Build.0 = Debug|x64
		{43953987-E1BC-4426-903B-864B7204D7CC}.Debug-SDL|ARM.ActiveCfg = Debug|ARM
		{43953987-E1BC-4426-903B-864B7204D7CC}.Debug-SDL|ARM.Build.0 = Debug|ARM
		{43953987-E1BC-4426-903B-864B7204D7CC}.Debug-SDL|ARM64.ActiveCfg = Debug|ARM64
		{43953987-E1BC-4426-903B-864B7204D7CC}.Debug-SDL|ARM64.Build.0 = Debug|ARM64
		{43953987-E1BC-4426-903B-864B7204D7CC}.Debug-SDL|Win32.ActiveCfg = Debug|Win32
		{43953987-E1BC-4426-903B-864B7204D7CC}.Debug-SDL|Win32.Build.0 = Debug|Win32
		{43953987-E1BC-4426-903B-864B7204D7CC}.Debug-SDL|x64.ActiveCfg = Debug|x64
		{43953987-E1BC-4426-903B-864B7204D7CC}.Debug-SDL|x64.Build.0 = Debug|x64
		{43953987-E1BC-4426-903B-864B7204D7CC}.Final|ARM.ActiveCfg = Release|ARM
		{43953987-E1BC-4426-903B-864B7204D7CC}.Final|ARM.Build.0 = Release|ARM
		{43953987-E1BC-4426-903B-864B7204D7CC}.Final|ARM64.ActiveCfg = Release|ARM64
		{43953987-E1BC-4426-903B-864B7204D7CC}.Final|ARM64.Build.0 = Release|ARM64
		{43953987-E1BC-4426-903B-864B7204D7CC}.Final|Win32.ActiveCfg = Release|Win32
		{43953987-E1BC-4426-903B-864B7204D7CC}.Final|Win32.Build.0 = Release|Win32
		{43953987-E1BC-4426-903B-864B7204D7CC}.Final|x64.ActiveCfg = Release|x64
		{43953987-E1BC-4426-903B-864B7204D7CC}.Final|x64.Build.0 = Release|x64
		{43953987-E1BC-4426-903B-864B7204D7CC}.Final-SDL|ARM.ActiveCfg = Release|ARM
		{43953987-E1BC-4426-903B-864B7204D7CC}.Final-SDL|ARM.Build.0 = Release|ARM
		{43953987-E1BC-4426-903B-864B7204D7CC}.Final-SDL|ARM64.ActiveCfg = Release|ARM64
		{43953987-E1BC-4426-903B-864B7204D7CC}.Final-SDL|ARM64.Build.0 = Release|ARM64
		{43953987-E1BC-4426-903B-864B7204D7CC}.Final-SDL|Win32.ActiveCfg = Release|Win32
		{43953987-E1BC-4426-903B-864B7204D7CC}.Final-SDL|Win32.Build.0 = Release|Win32
		{43953987-E1BC-4426-903B-864B7204D7CC}.Final-SDL|x64.ActiveCfg = Release|x64
		{43953987-E1BC-4426-903B-864B7204D7CC}.Final-SDL|x64.Build.0 = Release|x64
		{43953987-E1BC-4426-903B-864B7204D7CC}.Logging|ARM.ActiveCfg = Release|ARM
		{43953987-E1BC-4426-903B-864B7204D7CC}.Logging|ARM.Build.0 = Release|ARM
		{43953987-E1BC-4426-903B-864B7204D7CC}.Logging|ARM64.ActiveCfg = Release|ARM64
		{43953987-E1BC-4426-903B-864B7204D7CC}.Logging|ARM64.Build.0 = Release|ARM64
		{43953987-E1BC-4426-903B-864B7204D7CC}.Logging|Win32.ActiveCfg = Release|Win32
		{43953987-E1BC-4426-903B-864B7204D7CC}.Logging|Win32.Build.0 = Release|Win32
		{43953987-E1BC-4426-903B-864B7204D7CC}.Logging|x64.ActiveCfg = Release|x64
		{43953987-E1BC-4426-903B-864B7204D7CC}.Logging|x64.Build.0 = Release|x64
		{43953987-E1BC-4426-903B-864B7204D7CC}.Logging-SDL|ARM.ActiveCfg = Release|ARM
		{43953987-E1BC-4426-903B-864B7204D7CC}.Logging-SDL|ARM.Build.0 = Release|ARM
		{43953987-E1BC-4426-903B-864B7204D7CC}.Logging-SDL|ARM64.ActiveCfg = Release|ARM64
		{43953987-E1BC-4426-903B-864B7204D7CC}.Logging-SDL|ARM64.Build.0 = Release|ARM64
		{43953987-E1BC-4426-903B-864B7204D7CC}.Logging-SDL|Win32.ActiveCfg = Release|Win32
		{43953987-E1BC-4426-903B-864B7204D7CC}.Logging-SDL|Win32.Build.0 = Release|Win32
		{43953987-E1BC-4426-903B-864B7204D7CC}.Logging-SDL|x64.ActiveCfg = Release|x64
		{43953987-E1BC-4426-903B-864B7204D7CC}.Logging-SDL|x64.Build.0 = Release|x64
		{43953987-E1BC-4426-903B-864B7204D7CC}.Release|ARM.ActiveCfg = Release|ARM
		{43953987-E1BC-4426-903B-864B7204D7CC}.Release|ARM.Build.0 = Release|ARM
		{43953987-E1BC-4426-903B-864B7204D7CC}.Release|ARM64.ActiveCfg = Release|ARM64
		{43953987-E1BC-4426-903B-864B7204D7CC}.Release|ARM64.Build.0 = Release|ARM64
		{43953987-E1BC-4426-903B-864B7204D7CC}.Release|Win32.ActiveCfg = Release|Win32
		{43953987-E1BC-4426-903B-864B7204D7CC}.Release|Win32.Build.0 = Release|Win32
		{43953987-E1BC-4426-903B-864B7204D7CC}.Release|x64.ActiveCfg = Release|x64
		{43953987-E1BC-4426-903B-864B7204D7CC}.Release|x64.Build.0 = Release|x64
	EndGlobalSection
	GlobalSection(SolutionProperties) = preSolution
		HideSolutionNode = FALSE
	EndGlobalSection
	GlobalSection(ExtensibilityGlobals) = postSolution
		SolutionGuid = {8C1F85B2-CE46-454C-80DC-B62A906E12BA}
	EndGlobalSection
EndGlobal
